{
  "version": 4,
  "terraform_version": "1.14.2",
  "serial": 296,
  "lineage": "6c135b1e-ca67-f8d6-17fb-2d716051078b",
  "outputs": {
    "web_public_ip": {
      "value": "18.171.230.19",
      "type": "string"
    }
  },
  "resources": [
    {
      "mode": "managed",
      "type": "aws_eip",
      "name": "nat_eip",
      "provider": "provider[\"registry.terraform.io/hashicorp/aws\"]",
      "instances": [
        {
          "schema_version": 0,
          "attributes": {
            "address": null,
            "allocation_id": "eipalloc-0f3c6a7311a9f4df7",
            "arn": "arn:aws:ec2:eu-west-2:975050024946:elastic-ip/eipalloc-0f3c6a7311a9f4df7",
            "associate_with_private_ip": null,
            "association_id": "eipassoc-01cb9a84687b6e2a6",
            "carrier_ip": "",
            "customer_owned_ip": "",
            "customer_owned_ipv4_pool": "",
            "domain": "vpc",
            "id": "eipalloc-0f3c6a7311a9f4df7",
            "instance": "",
            "ipam_pool_id": null,
            "network_border_group": "eu-west-2",
            "network_interface": "eni-0288c8f45cd020094",
            "private_dns": "ip-10-0-1-252.eu-west-2.compute.internal",
            "private_ip": "10.0.1.252",
            "ptr_record": "",
            "public_dns": "ec2-18-171-40-190.eu-west-2.compute.amazonaws.com",
            "public_ip": "18.171.40.190",
            "public_ipv4_pool": "amazon",
            "region": "eu-west-2",
            "tags": {},
            "tags_all": {},
            "timeouts": null
          },
          "sensitive_attributes": [],
          "identity_schema_version": 0,
          "private": "eyJlMmJmYjczMC1lY2FhLTExZTYtOGY4OC0zNDM2M2JjN2M0YzAiOnsiZGVsZXRlIjoxODAwMDAwMDAwMDAsInJlYWQiOjkwMDAwMDAwMDAwMCwidXBkYXRlIjozMDAwMDAwMDAwMDB9fQ=="
        }
      ]
    },
    {
      "mode": "managed",
      "type": "aws_iam_instance_profile",
      "name": "ec2_profile",
      "provider": "provider[\"registry.terraform.io/hashicorp/aws\"]",
      "instances": [
        {
          "schema_version": 0,
          "attributes": {
            "arn": "arn:aws:iam::975050024946:instance-profile/mern-ec2-instance-profile",
            "create_date": "2026-02-06T11:13:10Z",
            "id": "mern-ec2-instance-profile",
            "name": "mern-ec2-instance-profile",
            "name_prefix": "",
            "path": "/",
            "role": "mern-ec2-role",
            "tags": {},
            "tags_all": {},
            "unique_id": "AIPA6GBMCU7ZAWUZIFYFU"
          },
          "sensitive_attributes": [],
          "identity_schema_version": 0,
          "private": "bnVsbA==",
          "dependencies": [
            "aws_iam_role.ec2_role"
          ]
        }
      ]
    },
    {
      "mode": "managed",
      "type": "aws_iam_role",
      "name": "ec2_role",
      "provider": "provider[\"registry.terraform.io/hashicorp/aws\"]",
      "instances": [
        {
          "schema_version": 0,
          "attributes": {
            "arn": "arn:aws:iam::975050024946:role/mern-ec2-role",
            "assume_role_policy": "{\"Statement\":[{\"Action\":\"sts:AssumeRole\",\"Effect\":\"Allow\",\"Principal\":{\"Service\":\"ec2.amazonaws.com\"}}],\"Version\":\"2012-10-17\"}",
            "create_date": "2026-02-06T11:13:08Z",
            "description": "",
            "force_detach_policies": false,
            "id": "mern-ec2-role",
            "inline_policy": [],
            "managed_policy_arns": [
              "arn:aws:iam::aws:policy/AdministratorAccess",
              "arn:aws:iam::aws:policy/AmazonEC2FullAccess",
              "arn:aws:iam::aws:policy/AmazonSSMManagedInstanceCore",
              "arn:aws:iam::aws:policy/CloudWatchAgentServerPolicy"
            ],
            "max_session_duration": 3600,
            "name": "mern-ec2-role",
            "name_prefix": "",
            "path": "/",
            "permissions_boundary": "",
            "tags": {},
            "tags_all": {},
            "unique_id": "AROA6GBMCU7ZPCTXRXZSJ"
          },
          "sensitive_attributes": [],
          "identity_schema_version": 0,
          "identity": {
            "account_id": "975050024946",
            "name": "mern-ec2-role"
          },
          "private": "bnVsbA=="
        }
      ]
    },
    {
      "mode": "managed",
      "type": "aws_iam_role_policy_attachment",
      "name": "admin_access",
      "provider": "provider[\"registry.terraform.io/hashicorp/aws\"]",
      "instances": [
        {
          "schema_version": 0,
          "attributes": {
            "id": "mern-ec2-role/arn:aws:iam::aws:policy/AdministratorAccess",
            "policy_arn": "arn:aws:iam::aws:policy/AdministratorAccess",
            "role": "mern-ec2-role"
          },
          "sensitive_attributes": [],
          "identity_schema_version": 0,
          "identity": {
            "account_id": "975050024946",
            "policy_arn": "arn:aws:iam::aws:policy/AdministratorAccess",
            "role": "mern-ec2-role"
          },
          "private": "bnVsbA==",
          "dependencies": [
            "aws_iam_role.ec2_role"
          ]
        }
      ]
    },
    {
      "mode": "managed",
      "type": "aws_iam_role_policy_attachment",
      "name": "cloudwatch",
      "provider": "provider[\"registry.terraform.io/hashicorp/aws\"]",
      "instances": [
        {
          "schema_version": 0,
          "attributes": {
            "id": "mern-ec2-role/arn:aws:iam::aws:policy/CloudWatchAgentServerPolicy",
            "policy_arn": "arn:aws:iam::aws:policy/CloudWatchAgentServerPolicy",
            "role": "mern-ec2-role"
          },
          "sensitive_attributes": [],
          "identity_schema_version": 0,
          "identity": {
            "account_id": "975050024946",
            "policy_arn": "arn:aws:iam::aws:policy/CloudWatchAgentServerPolicy",
            "role": "mern-ec2-role"
          },
          "private": "bnVsbA==",
          "dependencies": [
            "aws_iam_role.ec2_role"
          ]
        }
      ]
    },
    {
      "mode": "managed",
      "type": "aws_iam_role_policy_attachment",
      "name": "ec2_full_access",
      "provider": "provider[\"registry.terraform.io/hashicorp/aws\"]",
      "instances": [
        {
          "schema_version": 0,
          "attributes": {
            "id": "mern-ec2-role/arn:aws:iam::aws:policy/AmazonEC2FullAccess",
            "policy_arn": "arn:aws:iam::aws:policy/AmazonEC2FullAccess",
            "role": "mern-ec2-role"
          },
          "sensitive_attributes": [],
          "identity_schema_version": 0,
          "identity": {
            "account_id": "975050024946",
            "policy_arn": "arn:aws:iam::aws:policy/AmazonEC2FullAccess",
            "role": "mern-ec2-role"
          },
          "private": "bnVsbA==",
          "dependencies": [
            "aws_iam_role.ec2_role"
          ]
        }
      ]
    },
    {
      "mode": "managed",
      "type": "aws_iam_role_policy_attachment",
      "name": "ssm",
      "provider": "provider[\"registry.terraform.io/hashicorp/aws\"]",
      "instances": [
        {
          "schema_version": 0,
          "attributes": {
            "id": "mern-ec2-role/arn:aws:iam::aws:policy/AmazonSSMManagedInstanceCore",
            "policy_arn": "arn:aws:iam::aws:policy/AmazonSSMManagedInstanceCore",
            "role": "mern-ec2-role"
          },
          "sensitive_attributes": [],
          "identity_schema_version": 0,
          "identity": {
            "account_id": "975050024946",
            "policy_arn": "arn:aws:iam::aws:policy/AmazonSSMManagedInstanceCore",
            "role": "mern-ec2-role"
          },
          "private": "bnVsbA==",
          "dependencies": [
            "aws_iam_role.ec2_role"
          ]
        }
      ]
    },
    {
      "mode": "managed",
      "type": "aws_instance",
      "name": "adish_db",
      "provider": "provider[\"registry.terraform.io/hashicorp/aws\"]",
      "instances": [
        {
          "schema_version": 2,
          "attributes": {
            "ami": "ami-018ff7ece22bf96db",
            "arn": "arn:aws:ec2:eu-west-2:975050024946:instance/i-0957c362f1f03baa7",
            "associate_public_ip_address": false,
            "availability_zone": "eu-west-2c",
            "capacity_reservation_specification": [
              {
                "capacity_reservation_preference": "open",
                "capacity_reservation_target": []
              }
            ],
            "cpu_options": [
              {
                "amd_sev_snp": "",
                "core_count": 1,
                "threads_per_core": 2
              }
            ],
            "credit_specification": [
              {
                "cpu_credits": "unlimited"
              }
            ],
            "disable_api_stop": false,
            "disable_api_termination": false,
            "ebs_block_device": [],
            "ebs_optimized": false,
            "enable_primary_ipv6": null,
            "enclave_options": [
              {
                "enabled": false
              }
            ],
            "ephemeral_block_device": [],
            "force_destroy": false,
            "get_password_data": false,
            "hibernation": false,
            "host_id": "",
            "host_resource_group_arn": null,
            "iam_instance_profile": "mern-ec2-instance-profile",
            "id": "i-0957c362f1f03baa7",
            "instance_initiated_shutdown_behavior": "stop",
            "instance_lifecycle": "",
            "instance_market_options": [],
            "instance_state": "running",
            "instance_type": "t3.medium",
            "ipv6_address_count": 0,
            "ipv6_addresses": [],
            "key_name": "",
            "launch_template": [],
            "maintenance_options": [
              {
                "auto_recovery": "default"
              }
            ],
            "metadata_options": [
              {
                "http_endpoint": "enabled",
                "http_protocol_ipv6": "disabled",
                "http_put_response_hop_limit": 2,
                "http_tokens": "required",
                "instance_metadata_tags": "disabled"
              }
            ],
            "monitoring": false,
            "network_interface": [],
            "outpost_arn": "",
            "password_data": "",
            "placement_group": "",
            "placement_group_id": "",
            "placement_partition_number": 0,
            "primary_network_interface": [
              {
                "delete_on_termination": true,
                "network_interface_id": "eni-0ac04d77ea19b468a"
              }
            ],
            "primary_network_interface_id": "eni-0ac04d77ea19b468a",
            "private_dns": "ip-10-0-2-66.eu-west-2.compute.internal",
            "private_dns_name_options": [
              {
                "enable_resource_name_dns_a_record": false,
                "enable_resource_name_dns_aaaa_record": false,
                "hostname_type": "ip-name"
              }
            ],
            "private_ip": "10.0.2.66",
            "public_dns": "",
            "public_ip": "",
            "region": "eu-west-2",
            "root_block_device": [
              {
                "delete_on_termination": true,
                "device_name": "/dev/sda1",
                "encrypted": false,
                "iops": 3000,
                "kms_key_id": "",
                "tags": {},
                "tags_all": {},
                "throughput": 125,
                "volume_id": "vol-0ade52a9a2346f870",
                "volume_size": 8,
                "volume_type": "gp3"
              }
            ],
            "secondary_private_ips": [],
            "security_groups": [
              "sg-09f2a67845f04ebda"
            ],
            "source_dest_check": true,
            "spot_instance_request_id": "",
            "subnet_id": "subnet-056f2056e20367f60",
            "tags": {
              "Name": "adish-mern-db-server"
            },
            "tags_all": {
              "Name": "adish-mern-db-server"
            },
            "tenancy": "default",
            "timeouts": null,
            "user_data": null,
            "user_data_base64": null,
            "user_data_replace_on_change": false,
            "volume_tags": null,
            "vpc_security_group_ids": [
              "sg-09f2a67845f04ebda"
            ]
          },
          "sensitive_attributes": [],
          "identity_schema_version": 0,
          "identity": {
            "account_id": "975050024946",
            "id": "i-0957c362f1f03baa7",
            "region": "eu-west-2"
          },
          "private": "eyJlMmJmYjczMC1lY2FhLTExZTYtOGY4OC0zNDM2M2JjN2M0YzAiOnsiY3JlYXRlIjo2MDAwMDAwMDAwMDAsImRlbGV0ZSI6MTIwMDAwMDAwMDAwMCwicmVhZCI6OTAwMDAwMDAwMDAwLCJ1cGRhdGUiOjYwMDAwMDAwMDAwMH0sInNjaGVtYV92ZXJzaW9uIjoiMiJ9",
          "dependencies": [
            "aws_iam_instance_profile.ec2_profile",
            "aws_iam_role.ec2_role",
            "aws_security_group.adish-db_sg",
            "aws_security_group.adish-web_sg",
            "aws_subnet.private_subnet",
            "aws_vpc.adish-mern_vpc"
          ]
        }
      ]
    },
    {
      "mode": "managed",
      "type": "aws_instance",
      "name": "adish_web",
      "provider": "provider[\"registry.terraform.io/hashicorp/aws\"]",
      "instances": [
        {
          "schema_version": 2,
          "attributes": {
            "ami": "ami-018ff7ece22bf96db",
            "arn": "arn:aws:ec2:eu-west-2:975050024946:instance/i-023dc5b12e5c1d931",
            "associate_public_ip_address": true,
            "availability_zone": "eu-west-2c",
            "capacity_reservation_specification": [
              {
                "capacity_reservation_preference": "open",
                "capacity_reservation_target": []
              }
            ],
            "cpu_options": [
              {
                "amd_sev_snp": "",
                "core_count": 1,
                "threads_per_core": 2
              }
            ],
            "credit_specification": [
              {
                "cpu_credits": "unlimited"
              }
            ],
            "disable_api_stop": false,
            "disable_api_termination": false,
            "ebs_block_device": [],
            "ebs_optimized": false,
            "enable_primary_ipv6": null,
            "enclave_options": [
              {
                "enabled": false
              }
            ],
            "ephemeral_block_device": [],
            "force_destroy": false,
            "get_password_data": false,
            "hibernation": false,
            "host_id": "",
            "host_resource_group_arn": null,
            "iam_instance_profile": "mern-ec2-instance-profile",
            "id": "i-023dc5b12e5c1d931",
            "instance_initiated_shutdown_behavior": "stop",
            "instance_lifecycle": "",
            "instance_market_options": [],
            "instance_state": "running",
            "instance_type": "t3.medium",
            "ipv6_address_count": 0,
            "ipv6_addresses": [],
            "key_name": "",
            "launch_template": [],
            "maintenance_options": [
              {
                "auto_recovery": "default"
              }
            ],
            "metadata_options": [
              {
                "http_endpoint": "enabled",
                "http_protocol_ipv6": "disabled",
                "http_put_response_hop_limit": 2,
                "http_tokens": "required",
                "instance_metadata_tags": "disabled"
              }
            ],
            "monitoring": false,
            "network_interface": [],
            "outpost_arn": "",
            "password_data": "",
            "placement_group": "",
            "placement_group_id": "",
            "placement_partition_number": 0,
            "primary_network_interface": [
              {
                "delete_on_termination": true,
                "network_interface_id": "eni-07512b20dbd542f31"
              }
            ],
            "primary_network_interface_id": "eni-07512b20dbd542f31",
            "private_dns": "ip-10-0-1-51.eu-west-2.compute.internal",
            "private_dns_name_options": [
              {
                "enable_resource_name_dns_a_record": false,
                "enable_resource_name_dns_aaaa_record": false,
                "hostname_type": "ip-name"
              }
            ],
            "private_ip": "10.0.1.51",
            "public_dns": "ec2-18-171-230-19.eu-west-2.compute.amazonaws.com",
            "public_ip": "18.171.230.19",
            "region": "eu-west-2",
            "root_block_device": [
              {
                "delete_on_termination": true,
                "device_name": "/dev/sda1",
                "encrypted": false,
                "iops": 3000,
                "kms_key_id": "",
                "tags": {},
                "tags_all": {},
                "throughput": 125,
                "volume_id": "vol-09909a670fb95958c",
                "volume_size": 8,
                "volume_type": "gp3"
              }
            ],
            "secondary_private_ips": [],
            "security_groups": [],
            "source_dest_check": true,
            "spot_instance_request_id": "",
            "subnet_id": "subnet-07b8d04ee6091b103",
            "tags": {
              "Name": "adish-mern-web-server"
            },
            "tags_all": {
              "Name": "adish-mern-web-server"
            },
            "tenancy": "default",
            "timeouts": null,
            "user_data": null,
            "user_data_base64": null,
            "user_data_replace_on_change": false,
            "volume_tags": null,
            "vpc_security_group_ids": [
              "sg-0c3885374322b2e77"
            ]
          },
          "sensitive_attributes": [],
          "identity_schema_version": 0,
          "identity": {
            "account_id": "975050024946",
            "id": "i-023dc5b12e5c1d931",
            "region": "eu-west-2"
          },
          "private": "eyJlMmJmYjczMC1lY2FhLTExZTYtOGY4OC0zNDM2M2JjN2M0YzAiOnsiY3JlYXRlIjo2MDAwMDAwMDAwMDAsImRlbGV0ZSI6MTIwMDAwMDAwMDAwMCwicmVhZCI6OTAwMDAwMDAwMDAwLCJ1cGRhdGUiOjYwMDAwMDAwMDAwMH0sInNjaGVtYV92ZXJzaW9uIjoiMiJ9",
          "dependencies": [
            "aws_iam_instance_profile.ec2_profile",
            "aws_iam_role.ec2_role",
            "aws_security_group.adish-web_sg",
            "aws_subnet.public_subnet",
            "aws_vpc.adish-mern_vpc"
          ]
        }
      ]
    },
    {
      "mode": "managed",
      "type": "aws_internet_gateway",
      "name": "adish-igw",
      "provider": "provider[\"registry.terraform.io/hashicorp/aws\"]",
      "instances": [
        {
          "schema_version": 0,
          "attributes": {
            "arn": "arn:aws:ec2:eu-west-2:975050024946:internet-gateway/igw-0a266ce2f059bfbfb",
            "id": "igw-0a266ce2f059bfbfb",
            "owner_id": "975050024946",
            "region": "eu-west-2",
            "tags": {},
            "tags_all": {},
            "timeouts": null,
            "vpc_id": "vpc-0c59087b503763055"
          },
          "sensitive_attributes": [],
          "identity_schema_version": 0,
          "private": "eyJlMmJmYjczMC1lY2FhLTExZTYtOGY4OC0zNDM2M2JjN2M0YzAiOnsiY3JlYXRlIjoxMjAwMDAwMDAwMDAwLCJkZWxldGUiOjEyMDAwMDAwMDAwMDAsInVwZGF0ZSI6MTIwMDAwMDAwMDAwMH19",
          "dependencies": [
            "aws_vpc.adish-mern_vpc"
          ]
        }
      ]
    },
    {
      "mode": "managed",
      "type": "aws_key_pair",
      "name": "mern_keypair",
      "provider": "provider[\"registry.terraform.io/hashicorp/aws\"]",
      "instances": [
        {
          "schema_version": 1,
          "attributes": {
            "arn": "arn:aws:ec2:eu-west-2:975050024946:key-pair/MERNAppDeployment",
            "fingerprint": "ac:81:d8:80:3c:e4:c1:9f:f7:94:be:8e:79:10:d6:56",
            "id": "MERNAppDeployment",
            "key_name": "MERNAppDeployment",
            "key_name_prefix": "",
            "key_pair_id": "key-0f33fadfc8e78a0d5",
            "key_type": "rsa",
            "public_key": "ssh-rsa AAAAB3NzaC1yc2EAAAADAQABAAABAQC6IYFD8soB9jQMKkKFfgiYb70a9dfzh5BTWGtW2TjJj6UoXCdvik/fuIfBw2BOfm6jAk5l4iSSRUASZhVfFyg87+SBLrXqW312iRe7jq8lLX/2Asx7dH4h6Nsx0ts/zmW7+uGCGXl2lxZQlxNHISpuxW0KL+c6YI/pNLa28Bnfc87Q/OXdEihhLGrdUxEshQ6SzZCnkMFPOKcfYSmiZLXWWBdzdZ/DoC9ZKPMO4V2XE0b4AGfzCgtDaL2OxZwuF/x1s3orhToW6+DnuCMtrus3xJ8gg5/b6wE6PBk117Zia0WoH3JQkpNkEkCJNt/92gykacZT+ghQ/UKlpS0ar6sn",
            "region": "eu-west-2",
            "tags": {},
            "tags_all": {}
          },
          "sensitive_attributes": [],
          "identity_schema_version": 0,
          "private": "eyJzY2hlbWFfdmVyc2lvbiI6IjEifQ==",
          "dependencies": [
            "tls_private_key.mern_key"
          ]
        }
      ]
    },
    {
      "mode": "managed",
      "type": "aws_nat_gateway",
      "name": "nat",
      "provider": "provider[\"registry.terraform.io/hashicorp/aws\"]",
      "instances": [
        {
          "schema_version": 0,
          "attributes": {
            "allocation_id": "eipalloc-0f3c6a7311a9f4df7",
            "association_id": "eipassoc-01cb9a84687b6e2a6",
            "auto_provision_zones": null,
            "auto_scaling_ips": null,
            "availability_mode": "zonal",
            "availability_zone_address": [],
            "connectivity_type": "public",
            "id": "nat-0417d92a4175c9731",
            "network_interface_id": "eni-0288c8f45cd020094",
            "private_ip": "10.0.1.252",
            "public_ip": "18.171.40.190",
            "region": "eu-west-2",
            "regional_nat_gateway_address": [],
            "regional_nat_gateway_auto_mode": null,
            "route_table_id": null,
            "secondary_allocation_ids": [],
            "secondary_private_ip_address_count": 0,
            "secondary_private_ip_addresses": [],
            "subnet_id": "subnet-07b8d04ee6091b103",
            "tags": {},
            "tags_all": {},
            "timeouts": null,
            "vpc_id": "vpc-0c59087b503763055"
          },
          "sensitive_attributes": [],
          "identity_schema_version": 0,
          "private": "eyJlMmJmYjczMC1lY2FhLTExZTYtOGY4OC0zNDM2M2JjN2M0YzAiOnsiY3JlYXRlIjo2MDAwMDAwMDAwMDAsImRlbGV0ZSI6MTgwMDAwMDAwMDAwMCwidXBkYXRlIjo2MDAwMDAwMDAwMDB9fQ==",
          "dependencies": [
            "aws_eip.nat_eip",
            "aws_subnet.public_subnet",
            "aws_vpc.adish-mern_vpc"
          ]
        }
      ]
    },
    {
      "mode": "managed",
      "type": "aws_route_table",
      "name": "adish-private-rt",
      "provider": "provider[\"registry.terraform.io/hashicorp/aws\"]",
      "instances": [
        {
          "schema_version": 0,
          "attributes": {
            "arn": "arn:aws:ec2:eu-west-2:975050024946:route-table/rtb-0d083ad42dfce7708",
            "id": "rtb-0d083ad42dfce7708",
            "owner_id": "975050024946",
            "propagating_vgws": [],
            "region": "eu-west-2",
            "route": [
              {
                "carrier_gateway_id": "",
                "cidr_block": "0.0.0.0/0",
                "core_network_arn": "",
                "destination_prefix_list_id": "",
                "egress_only_gateway_id": "",
                "gateway_id": "",
                "ipv6_cidr_block": "",
                "local_gateway_id": "",
                "nat_gateway_id": "nat-0417d92a4175c9731",
                "network_interface_id": "",
                "transit_gateway_id": "",
                "vpc_endpoint_id": "",
                "vpc_peering_connection_id": ""
              }
            ],
            "tags": {},
            "tags_all": {},
            "timeouts": null,
            "vpc_id": "vpc-0c59087b503763055"
          },
          "sensitive_attributes": [],
          "identity_schema_version": 0,
          "identity": {
            "account_id": "975050024946",
            "id": "rtb-0d083ad42dfce7708",
            "region": "eu-west-2"
          },
          "private": "eyJlMmJmYjczMC1lY2FhLTExZTYtOGY4OC0zNDM2M2JjN2M0YzAiOnsiY3JlYXRlIjozMDAwMDAwMDAwMDAsImRlbGV0ZSI6MzAwMDAwMDAwMDAwLCJ1cGRhdGUiOjEyMDAwMDAwMDAwMH19",
          "dependencies": [
            "aws_eip.nat_eip",
            "aws_nat_gateway.nat",
            "aws_subnet.public_subnet",
            "aws_vpc.adish-mern_vpc"
          ]
        }
      ]
    },
    {
      "mode": "managed",
      "type": "aws_route_table",
      "name": "adish-public-rt",
      "provider": "provider[\"registry.terraform.io/hashicorp/aws\"]",
      "instances": [
        {
          "schema_version": 0,
          "attributes": {
            "arn": "arn:aws:ec2:eu-west-2:975050024946:route-table/rtb-01e298b01479a328c",
            "id": "rtb-01e298b01479a328c",
            "owner_id": "975050024946",
            "propagating_vgws": [],
            "region": "eu-west-2",
            "route": [
              {
                "carrier_gateway_id": "",
                "cidr_block": "0.0.0.0/0",
                "core_network_arn": "",
                "destination_prefix_list_id": "",
                "egress_only_gateway_id": "",
                "gateway_id": "igw-0a266ce2f059bfbfb",
                "ipv6_cidr_block": "",
                "local_gateway_id": "",
                "nat_gateway_id": "",
                "network_interface_id": "",
                "transit_gateway_id": "",
                "vpc_endpoint_id": "",
                "vpc_peering_connection_id": ""
              }
            ],
            "tags": {},
            "tags_all": {},
            "timeouts": null,
            "vpc_id": "vpc-0c59087b503763055"
          },
          "sensitive_attributes": [],
          "identity_schema_version": 0,
          "identity": {
            "account_id": "975050024946",
            "id": "rtb-01e298b01479a328c",
            "region": "eu-west-2"
          },
          "private": "eyJlMmJmYjczMC1lY2FhLTExZTYtOGY4OC0zNDM2M2JjN2M0YzAiOnsiY3JlYXRlIjozMDAwMDAwMDAwMDAsImRlbGV0ZSI6MzAwMDAwMDAwMDAwLCJ1cGRhdGUiOjEyMDAwMDAwMDAwMH19",
          "dependencies": [
            "aws_internet_gateway.adish-igw",
            "aws_vpc.adish-mern_vpc"
          ]
        }
      ]
    },
    {
      "mode": "managed",
      "type": "aws_route_table_association",
      "name": "private_subnet_assoc",
      "provider": "provider[\"registry.terraform.io/hashicorp/aws\"]",
      "instances": [
        {
          "schema_version": 0,
          "attributes": {
            "gateway_id": "",
            "id": "rtbassoc-0d8ad84349ac2f57f",
            "region": "eu-west-2",
            "route_table_id": "rtb-0d083ad42dfce7708",
            "subnet_id": "subnet-056f2056e20367f60",
            "timeouts": null
          },
          "sensitive_attributes": [],
          "identity_schema_version": 0,
          "private": "eyJlMmJmYjczMC1lY2FhLTExZTYtOGY4OC0zNDM2M2JjN2M0YzAiOnsiY3JlYXRlIjozMDAwMDAwMDAwMDAsImRlbGV0ZSI6MzAwMDAwMDAwMDAwLCJ1cGRhdGUiOjEyMDAwMDAwMDAwMH19",
          "dependencies": [
            "aws_eip.nat_eip",
            "aws_nat_gateway.nat",
            "aws_route_table.adish-private-rt",
            "aws_subnet.private_subnet",
            "aws_subnet.public_subnet",
            "aws_vpc.adish-mern_vpc"
          ]
        }
      ]
    },
    {
      "mode": "managed",
      "type": "aws_route_table_association",
      "name": "public_subnet_assoc",
      "provider": "provider[\"registry.terraform.io/hashicorp/aws\"]",
      "instances": [
        {
          "schema_version": 0,
          "attributes": {
            "gateway_id": "",
            "id": "rtbassoc-0b54edd4fad0a6ab5",
            "region": "eu-west-2",
            "route_table_id": "rtb-01e298b01479a328c",
            "subnet_id": "subnet-07b8d04ee6091b103",
            "timeouts": null
          },
          "sensitive_attributes": [],
          "identity_schema_version": 0,
          "private": "eyJlMmJmYjczMC1lY2FhLTExZTYtOGY4OC0zNDM2M2JjN2M0YzAiOnsiY3JlYXRlIjozMDAwMDAwMDAwMDAsImRlbGV0ZSI6MzAwMDAwMDAwMDAwLCJ1cGRhdGUiOjEyMDAwMDAwMDAwMH19",
          "dependencies": [
            "aws_internet_gateway.adish-igw",
            "aws_route_table.adish-public-rt",
            "aws_subnet.public_subnet",
            "aws_vpc.adish-mern_vpc"
          ]
        }
      ]
    },
    {
      "mode": "managed",
      "type": "aws_security_group",
      "name": "adish-db_sg",
      "provider": "provider[\"registry.terraform.io/hashicorp/aws\"]",
      "instances": [
        {
          "schema_version": 1,
          "attributes": {
            "arn": "arn:aws:ec2:eu-west-2:975050024946:security-group/sg-09f2a67845f04ebda",
            "description": "Managed by Terraform",
            "egress": [],
            "id": "sg-09f2a67845f04ebda",
            "ingress": [
              {
                "cidr_blocks": [],
                "description": "",
                "from_port": 27017,
                "ipv6_cidr_blocks": [],
                "prefix_list_ids": [],
                "protocol": "tcp",
                "security_groups": [
                  "sg-0c3885374322b2e77"
                ],
                "self": false,
                "to_port": 27017
              }
            ],
            "name": "terraform-20260206111328191300000003",
            "name_prefix": "terraform-",
            "owner_id": "975050024946",
            "region": "eu-west-2",
            "revoke_rules_on_delete": false,
            "tags": {},
            "tags_all": {},
            "timeouts": null,
            "vpc_id": "vpc-0c59087b503763055"
          },
          "sensitive_attributes": [],
          "identity_schema_version": 0,
          "identity": {
            "account_id": "975050024946",
            "id": "sg-09f2a67845f04ebda",
            "region": "eu-west-2"
          },
          "private": "eyJlMmJmYjczMC1lY2FhLTExZTYtOGY4OC0zNDM2M2JjN2M0YzAiOnsiY3JlYXRlIjo2MDAwMDAwMDAwMDAsImRlbGV0ZSI6OTAwMDAwMDAwMDAwfSwic2NoZW1hX3ZlcnNpb24iOiIxIn0=",
          "dependencies": [
            "aws_security_group.adish-web_sg",
            "aws_vpc.adish-mern_vpc"
          ]
        }
      ]
    },
    {
      "mode": "managed",
      "type": "aws_security_group",
      "name": "adish-web_sg",
      "provider": "provider[\"registry.terraform.io/hashicorp/aws\"]",
      "instances": [
        {
          "schema_version": 1,
          "attributes": {
            "arn": "arn:aws:ec2:eu-west-2:975050024946:security-group/sg-0c3885374322b2e77",
            "description": "Managed by Terraform",
            "egress": [
              {
                "cidr_blocks": [
                  "0.0.0.0/0"
                ],
                "description": "",
                "from_port": 0,
                "ipv6_cidr_blocks": [],
                "prefix_list_ids": [],
                "protocol": "-1",
                "security_groups": [],
                "self": false,
                "to_port": 0
              }
            ],
            "id": "sg-0c3885374322b2e77",
            "ingress": [
              {
                "cidr_blocks": [
                  "0.0.0.0/0"
                ],
                "description": "",
                "from_port": 3000,
                "ipv6_cidr_blocks": [],
                "prefix_list_ids": [],
                "protocol": "tcp",
                "security_groups": [],
                "self": false,
                "to_port": 3000
              },
              {
                "cidr_blocks": [
                  "18.206.107.24/29"
                ],
                "description": "SSH from EC2 Instance Connect",
                "from_port": 22,
                "ipv6_cidr_blocks": [],
                "prefix_list_ids": [],
                "protocol": "tcp",
                "security_groups": [],
                "self": false,
                "to_port": 22
              },
              {
                "cidr_blocks": [
                  "203.0.113.25/32"
                ],
                "description": "SSH from my IP",
                "from_port": 22,
                "ipv6_cidr_blocks": [],
                "prefix_list_ids": [],
                "protocol": "tcp",
                "security_groups": [],
                "self": false,
                "to_port": 22
              }
            ],
            "name": "terraform-20260206111321755000000001",
            "name_prefix": "terraform-",
            "owner_id": "975050024946",
            "region": "eu-west-2",
            "revoke_rules_on_delete": false,
            "tags": {},
            "tags_all": {},
            "timeouts": null,
            "vpc_id": "vpc-0c59087b503763055"
          },
          "sensitive_attributes": [],
          "identity_schema_version": 0,
          "identity": {
            "account_id": "975050024946",
            "id": "sg-0c3885374322b2e77",
            "region": "eu-west-2"
          },
          "private": "eyJlMmJmYjczMC1lY2FhLTExZTYtOGY4OC0zNDM2M2JjN2M0YzAiOnsiY3JlYXRlIjo2MDAwMDAwMDAwMDAsImRlbGV0ZSI6OTAwMDAwMDAwMDAwfSwic2NoZW1hX3ZlcnNpb24iOiIxIn0=",
          "dependencies": [
            "aws_vpc.adish-mern_vpc"
          ]
        }
      ]
    },
    {
      "mode": "managed",
      "type": "aws_subnet",
      "name": "private_subnet",
      "provider": "provider[\"registry.terraform.io/hashicorp/aws\"]",
      "instances": [
        {
          "schema_version": 1,
          "attributes": {
            "arn": "arn:aws:ec2:eu-west-2:975050024946:subnet/subnet-056f2056e20367f60",
            "assign_ipv6_address_on_creation": false,
            "availability_zone": "eu-west-2c",
            "availability_zone_id": "euw2-az1",
            "cidr_block": "10.0.2.0/24",
            "customer_owned_ipv4_pool": "",
            "enable_dns64": false,
            "enable_lni_at_device_index": 0,
            "enable_resource_name_dns_a_record_on_launch": false,
            "enable_resource_name_dns_aaaa_record_on_launch": false,
            "id": "subnet-056f2056e20367f60",
            "ipv6_cidr_block": "",
            "ipv6_cidr_block_association_id": "",
            "ipv6_native": false,
            "map_customer_owned_ip_on_launch": false,
            "map_public_ip_on_launch": false,
            "outpost_arn": "",
            "owner_id": "975050024946",
            "private_dns_hostname_type_on_launch": "ip-name",
            "region": "eu-west-2",
            "tags": {},
            "tags_all": {},
            "timeouts": null,
            "vpc_id": "vpc-0c59087b503763055"
          },
          "sensitive_attributes": [],
          "identity_schema_version": 0,
          "identity": {
            "account_id": "975050024946",
            "id": "subnet-056f2056e20367f60",
            "region": "eu-west-2"
          },
          "private": "eyJlMmJmYjczMC1lY2FhLTExZTYtOGY4OC0zNDM2M2JjN2M0YzAiOnsiY3JlYXRlIjo2MDAwMDAwMDAwMDAsImRlbGV0ZSI6MTIwMDAwMDAwMDAwMH0sInNjaGVtYV92ZXJzaW9uIjoiMSJ9",
          "dependencies": [
            "aws_vpc.adish-mern_vpc"
          ]
        }
      ]
    },
    {
      "mode": "managed",
      "type": "aws_subnet",
      "name": "public_subnet",
      "provider": "provider[\"registry.terraform.io/hashicorp/aws\"]",
      "instances": [
        {
          "schema_version": 1,
          "attributes": {
            "arn": "arn:aws:ec2:eu-west-2:975050024946:subnet/subnet-07b8d04ee6091b103",
            "assign_ipv6_address_on_creation": false,
            "availability_zone": "eu-west-2c",
            "availability_zone_id": "euw2-az1",
            "cidr_block": "10.0.1.0/24",
            "customer_owned_ipv4_pool": "",
            "enable_dns64": false,
            "enable_lni_at_device_index": 0,
            "enable_resource_name_dns_a_record_on_launch": false,
            "enable_resource_name_dns_aaaa_record_on_launch": false,
            "id": "subnet-07b8d04ee6091b103",
            "ipv6_cidr_block": "",
            "ipv6_cidr_block_association_id": "",
            "ipv6_native": false,
            "map_customer_owned_ip_on_launch": false,
            "map_public_ip_on_launch": true,
            "outpost_arn": "",
            "owner_id": "975050024946",
            "private_dns_hostname_type_on_launch": "ip-name",
            "region": "eu-west-2",
            "tags": {},
            "tags_all": {},
            "timeouts": null,
            "vpc_id": "vpc-0c59087b503763055"
          },
          "sensitive_attributes": [],
          "identity_schema_version": 0,
          "identity": {
            "account_id": "975050024946",
            "id": "subnet-07b8d04ee6091b103",
            "region": "eu-west-2"
          },
          "private": "eyJlMmJmYjczMC1lY2FhLTExZTYtOGY4OC0zNDM2M2JjN2M0YzAiOnsiY3JlYXRlIjo2MDAwMDAwMDAwMDAsImRlbGV0ZSI6MTIwMDAwMDAwMDAwMH0sInNjaGVtYV92ZXJzaW9uIjoiMSJ9",
          "dependencies": [
            "aws_vpc.adish-mern_vpc"
          ]
        }
      ]
    },
    {
      "mode": "managed",
      "type": "aws_vpc",
      "name": "adish-mern_vpc",
      "provider": "provider[\"registry.terraform.io/hashicorp/aws\"]",
      "instances": [
        {
          "schema_version": 1,
          "attributes": {
            "arn": "arn:aws:ec2:eu-west-2:975050024946:vpc/vpc-0c59087b503763055",
            "assign_generated_ipv6_cidr_block": false,
            "cidr_block": "10.0.0.0/16",
            "default_network_acl_id": "acl-0c43f1db860bf0a66",
            "default_route_table_id": "rtb-0b9073cf310d4f469",
            "default_security_group_id": "sg-0061e8dd562076a80",
            "dhcp_options_id": "dopt-004ef3a8c8b398f6d",
            "enable_dns_hostnames": true,
            "enable_dns_support": true,
            "enable_network_address_usage_metrics": false,
            "id": "vpc-0c59087b503763055",
            "instance_tenancy": "default",
            "ipv4_ipam_pool_id": null,
            "ipv4_netmask_length": null,
            "ipv6_association_id": "",
            "ipv6_cidr_block": "",
            "ipv6_cidr_block_network_border_group": "",
            "ipv6_ipam_pool_id": "",
            "ipv6_netmask_length": 0,
            "main_route_table_id": "rtb-0b9073cf310d4f469",
            "owner_id": "975050024946",
            "region": "eu-west-2",
            "tags": {
              "Name": "adish-mern-vpc"
            },
            "tags_all": {
              "Name": "adish-mern-vpc"
            }
          },
          "sensitive_attributes": [],
          "identity_schema_version": 0,
          "identity": {
            "account_id": "975050024946",
            "id": "vpc-0c59087b503763055",
            "region": "eu-west-2"
          },
          "private": "eyJzY2hlbWFfdmVyc2lvbiI6IjEifQ=="
        }
      ]
    },
    {
      "mode": "managed",
      "type": "local_file",
      "name": "private_key",
      "provider": "provider[\"registry.terraform.io/hashicorp/local\"]",
      "instances": [
        {
          "schema_version": 0,
          "attributes": {
            "content": "-----BEGIN RSA PRIVATE KEY-----\nMIIEogIBAAKCAQEAuiGBQ/LKAfY0DCpChX4ImG+9GvXX84eQU1hrVtk4yY+lKFwn\nb4pP37iHwcNgTn5uowJOZeIkkkVAEmYVXxcoPO/kgS616lt9dokXu46vJS1/9gLM\ne3R+IejbMdLbP85lu/rhghl5dpcWUJcTRyEqbsVtCi/nOmCP6TS2tvAZ33PO0Pzl\n3RIoYSxq3VMRLIUOks2Qp5DBTzinH2EpomS11lgXc3Wfw6AvWSjzDuFdlxNG+ABn\n8woLQ2i9jsWcLhf8dbN6K4U6Fuvg57gjLa7rN8SfIIOf2+sBOjwZNde2YmtFqB9y\nUJKTZBJAiTbf/doMpGnGU/oIUP1CpaUtGq+rJwIDAQABAoIBAD5tkGqW2xQvXKOb\n5PXbIMzn5VhOjqC6njimFlJpxvcru6w+xGdPz5xsyvO9MOcC1t7Lnjnj0HpSybui\nC5b6MF/H4i9F2HQDPaBtOM2KfMoOabW8mJLrroZ3EFW0sB7Ffi+/ZLV7D9crs6tS\nEIAx6oZ+pyTcjkRxMLN6H7JZ84OTRKMbIHOtoHpU113EQVjWELUcozP/86DC392J\nmnnEoDHXQw1N0Nqhljeyn/SX7eAS3G0LZ5ZYQ+t4wmdaYLdJqU/ede/gkKsAna2k\nEPanq9X13D1Q/uqiBkgXCtdJq8Rt/WzobU8aqdIyRYitvDj/SSYbxaiQZZLHK5Xv\nNs50ZgECgYEA2OViGn77QYN7EvzvIuiaYbHaLw3FT/Pa2ISvkjcm/E0v2p/oSS1K\nl7pHIH4F36u4RGn8tTalgKFBPvwTVKpd4bJzvXJXuO5D209UhvW/OazZItejk/dp\nLBxhQ85ObgHK8LF165YcQpx1GVYYeH3ZX7n/gI2x+pqEwJMYMZG5OCcCgYEA27Av\n94h1Tk9brPtDV7v2lVDhZUAUnCYx1aJIHw96T1Oc/oXoLbEC25vv+hpYQSjx4jDA\nerU4Ywnkh2lOvJCjcfz7oZVQBKbmdkh2cnUqcaqUEKtvpOVeo1OrTiyKijanyYuf\nJZRSCa4Se3lJCwHatNehX97I7me4ekegM8GS1QECgYA57uMKUrqH4Deidb7mIx0B\nVUEC6nm2hlsBFEfVFTgrke5jRe0Ehr1y04WmDyNAgByC4ZBnUsZYGjpUOX5sUekr\nnL+/bWgy9ClZzdG1DrTaEeoZnWGK5z3HU3lDZDqctYvgSHZHy9uWizXX46A7ptnF\n8OdnDfHpDxbAXUnMC7FeZwKBgAcv3GHctPm63uTp02orXAXGf5kwX3w8Q6UZigJ6\nHyY5Ngmdl9rmz5EfqNolwn1fOYqMzb817oJO8Ir9hvXkRXSVMiY3HEcKrr9v33Af\nJSRS0EU7VouudUoikpgcHOwonZSaXLp9/7ERYMlpTlpt1RnVdBIO18P04LQfY75N\ntuABAoGAAX+q8lLY8KOdFFYDcu0IZBj7tub+JUtw+EsEn5lefteQZ78mCZHRV4ZB\n5Wn46Vy5LNoY4W2WyqvsE+mFFe5LPsuw1LqUtKkQ51ou2CepT+/NVjL8rV5n0WfJ\nTU/VL7gCISCTIquuAsz83HFTUByU6cmkiEhB+/h98iQOXe1fASE=\n-----END RSA PRIVATE KEY-----\n",
            "content_base64": null,
            "content_base64sha256": "cBeGrcacEKzoi6EEGfxwj1ndI+lWAvEKm/uP4DtN6QE=",
            "content_base64sha512": "bOCK9jStDj4m9o2MVzeqlDyvHXe8j0T5dQMsDsgfrg/ZiYdi7qOoml7aMpS0XNywvT85h0q3UGUUEvt6x4Jceg==",
            "content_md5": "e81d4441647cdbe121705c15f3a6fc4b",
            "content_sha1": "e3661c860f3962f6c258fbdc482f4292f95f68c8",
            "content_sha256": "701786adc69c10ace88ba10419fc708f59dd23e95602f10a9bfb8fe03b4de901",
            "content_sha512": "6ce08af634ad0e3e26f68d8c5737aa943caf1d77bc8f44f975032c0ec81fae0fd9898762eea3a89a5eda3294b45cdcb0bd3f39874ab750651412fb7ac7825c7a",
            "directory_permission": "0777",
            "file_permission": "700",
            "filename": "./MERNAppDeployment.pem",
            "id": "e3661c860f3962f6c258fbdc482f4292f95f68c8",
            "sensitive_content": null,
            "source": null
          },
          "sensitive_attributes": [
            [
              {
                "type": "get_attr",
                "value": "content"
              }
            ],
            [
              {
                "type": "get_attr",
                "value": "sensitive_content"
              }
            ]
          ],
          "identity_schema_version": 0,
          "dependencies": [
            "tls_private_key.mern_key"
          ]
        }
      ]
    },
    {
      "mode": "managed",
      "type": "tls_private_key",
      "name": "mern_key",
      "provider": "provider[\"registry.terraform.io/hashicorp/tls\"]",
      "instances": [
        {
          "schema_version": 1,
          "attributes": {
            "algorithm": "RSA",
            "ecdsa_curve": "P224",
            "id": "ae8d20340653b4203cea2dd9b912fb919cf96ee4",
            "private_key_openssh": "-----BEGIN OPENSSH PRIVATE KEY-----\nb3BlbnNzaC1rZXktdjEAAAAABG5vbmUAAAAEbm9uZQAAAAAAAAABAAABFwAAAAdz\nc2gtcnNhAAAAAwEAAQAAAQEAuiGBQ/LKAfY0DCpChX4ImG+9GvXX84eQU1hrVtk4\nyY+lKFwnb4pP37iHwcNgTn5uowJOZeIkkkVAEmYVXxcoPO/kgS616lt9dokXu46v\nJS1/9gLMe3R+IejbMdLbP85lu/rhghl5dpcWUJcTRyEqbsVtCi/nOmCP6TS2tvAZ\n33PO0Pzl3RIoYSxq3VMRLIUOks2Qp5DBTzinH2EpomS11lgXc3Wfw6AvWSjzDuFd\nlxNG+ABn8woLQ2i9jsWcLhf8dbN6K4U6Fuvg57gjLa7rN8SfIIOf2+sBOjwZNde2\nYmtFqB9yUJKTZBJAiTbf/doMpGnGU/oIUP1CpaUtGq+rJwAAA7ikUACNpFAAjQAA\nAAdzc2gtcnNhAAABAQC6IYFD8soB9jQMKkKFfgiYb70a9dfzh5BTWGtW2TjJj6Uo\nXCdvik/fuIfBw2BOfm6jAk5l4iSSRUASZhVfFyg87+SBLrXqW312iRe7jq8lLX/2\nAsx7dH4h6Nsx0ts/zmW7+uGCGXl2lxZQlxNHISpuxW0KL+c6YI/pNLa28Bnfc87Q\n/OXdEihhLGrdUxEshQ6SzZCnkMFPOKcfYSmiZLXWWBdzdZ/DoC9ZKPMO4V2XE0b4\nAGfzCgtDaL2OxZwuF/x1s3orhToW6+DnuCMtrus3xJ8gg5/b6wE6PBk117Zia0Wo\nH3JQkpNkEkCJNt/92gykacZT+ghQ/UKlpS0ar6snAAAAAwEAAQAAAQA+bZBqltsU\nL1yjm+T12yDM5+VYTo6gup44phZSacb3K7usPsRnT8+cbMrzvTDnAtbey54549B6\nUsm7oguW+jBfx+IvRdh0Az2gbTjNinzKDmm1vJiS666GdxBVtLAexX4vv2S1ew/X\nK7OrUhCAMeqGfqck3I5EcTCzeh+yWfODk0SjGyBzraB6VNddxEFY1hC1HKMz//Og\nwt/diZp5xKAx10MNTdDaoZY3sp/0l+3gEtxtC2eWWEPreMJnWmC3SalP3nXv4JCr\nAJ2tpBD2p6vV9dw9UP7qogZIFwrXSavEbf1s6G1PGqnSMkWIrbw4/0kmG8WokGWS\nxyuV7zbOdGYBAAAAgAF/qvJS2PCjnRRWA3LtCGQY+7bm/iVLcPhLBJ+ZXn7XkGe/\nJgmR0VeGQeVp+OlcuSzaGOFtlsqr7BPphRXuSz7LsNS6lLSpEOdaLtgnqU/vzVYy\n/K1eZ9FnyU1P1S+4AiEgkyKrrgLM/NxxU1AclOnJpIhIQfv4ffIkDl3tXwEhAAAA\ngQDY5WIafvtBg3sS/O8i6JphsdovDcVP89rYhK+SNyb8TS/an+hJLUqXukcgfgXf\nq7hEafy1NqWAoUE+/BNUql3hsnO9cle47kPbT1SG9b85rNki16OT92ksHGFDzk5u\nAcrwsXXrlhxCnHUZVhh4fdlfuf+AjbH6moTAkxgxkbk4JwAAAIEA27Av94h1Tk9b\nrPtDV7v2lVDhZUAUnCYx1aJIHw96T1Oc/oXoLbEC25vv+hpYQSjx4jDAerU4Ywnk\nh2lOvJCjcfz7oZVQBKbmdkh2cnUqcaqUEKtvpOVeo1OrTiyKijanyYufJZRSCa4S\ne3lJCwHatNehX97I7me4ekegM8GS1QEAAAAAAQID\n-----END OPENSSH PRIVATE KEY-----\n",
            "private_key_pem": "-----BEGIN RSA PRIVATE KEY-----\nMIIEogIBAAKCAQEAuiGBQ/LKAfY0DCpChX4ImG+9GvXX84eQU1hrVtk4yY+lKFwn\nb4pP37iHwcNgTn5uowJOZeIkkkVAEmYVXxcoPO/kgS616lt9dokXu46vJS1/9gLM\ne3R+IejbMdLbP85lu/rhghl5dpcWUJcTRyEqbsVtCi/nOmCP6TS2tvAZ33PO0Pzl\n3RIoYSxq3VMRLIUOks2Qp5DBTzinH2EpomS11lgXc3Wfw6AvWSjzDuFdlxNG+ABn\n8woLQ2i9jsWcLhf8dbN6K4U6Fuvg57gjLa7rN8SfIIOf2+sBOjwZNde2YmtFqB9y\nUJKTZBJAiTbf/doMpGnGU/oIUP1CpaUtGq+rJwIDAQABAoIBAD5tkGqW2xQvXKOb\n5PXbIMzn5VhOjqC6njimFlJpxvcru6w+xGdPz5xsyvO9MOcC1t7Lnjnj0HpSybui\nC5b6MF/H4i9F2HQDPaBtOM2KfMoOabW8mJLrroZ3EFW0sB7Ffi+/ZLV7D9crs6tS\nEIAx6oZ+pyTcjkRxMLN6H7JZ84OTRKMbIHOtoHpU113EQVjWELUcozP/86DC392J\nmnnEoDHXQw1N0Nqhljeyn/SX7eAS3G0LZ5ZYQ+t4wmdaYLdJqU/ede/gkKsAna2k\nEPanq9X13D1Q/uqiBkgXCtdJq8Rt/WzobU8aqdIyRYitvDj/SSYbxaiQZZLHK5Xv\nNs50ZgECgYEA2OViGn77QYN7EvzvIuiaYbHaLw3FT/Pa2ISvkjcm/E0v2p/oSS1K\nl7pHIH4F36u4RGn8tTalgKFBPvwTVKpd4bJzvXJXuO5D209UhvW/OazZItejk/dp\nLBxhQ85ObgHK8LF165YcQpx1GVYYeH3ZX7n/gI2x+pqEwJMYMZG5OCcCgYEA27Av\n94h1Tk9brPtDV7v2lVDhZUAUnCYx1aJIHw96T1Oc/oXoLbEC25vv+hpYQSjx4jDA\nerU4Ywnkh2lOvJCjcfz7oZVQBKbmdkh2cnUqcaqUEKtvpOVeo1OrTiyKijanyYuf\nJZRSCa4Se3lJCwHatNehX97I7me4ekegM8GS1QECgYA57uMKUrqH4Deidb7mIx0B\nVUEC6nm2hlsBFEfVFTgrke5jRe0Ehr1y04WmDyNAgByC4ZBnUsZYGjpUOX5sUekr\nnL+/bWgy9ClZzdG1DrTaEeoZnWGK5z3HU3lDZDqctYvgSHZHy9uWizXX46A7ptnF\n8OdnDfHpDxbAXUnMC7FeZwKBgAcv3GHctPm63uTp02orXAXGf5kwX3w8Q6UZigJ6\nHyY5Ngmdl9rmz5EfqNolwn1fOYqMzb817oJO8Ir9hvXkRXSVMiY3HEcKrr9v33Af\nJSRS0EU7VouudUoikpgcHOwonZSaXLp9/7ERYMlpTlpt1RnVdBIO18P04LQfY75N\ntuABAoGAAX+q8lLY8KOdFFYDcu0IZBj7tub+JUtw+EsEn5lefteQZ78mCZHRV4ZB\n5Wn46Vy5LNoY4W2WyqvsE+mFFe5LPsuw1LqUtKkQ51ou2CepT+/NVjL8rV5n0WfJ\nTU/VL7gCISCTIquuAsz83HFTUByU6cmkiEhB+/h98iQOXe1fASE=\n-----END RSA PRIVATE KEY-----\n",
            "private_key_pem_pkcs8": "-----BEGIN PRIVATE KEY-----\nMIIEvAIBADANBgkqhkiG9w0BAQEFAASCBKYwggSiAgEAAoIBAQC6IYFD8soB9jQM\nKkKFfgiYb70a9dfzh5BTWGtW2TjJj6UoXCdvik/fuIfBw2BOfm6jAk5l4iSSRUAS\nZhVfFyg87+SBLrXqW312iRe7jq8lLX/2Asx7dH4h6Nsx0ts/zmW7+uGCGXl2lxZQ\nlxNHISpuxW0KL+c6YI/pNLa28Bnfc87Q/OXdEihhLGrdUxEshQ6SzZCnkMFPOKcf\nYSmiZLXWWBdzdZ/DoC9ZKPMO4V2XE0b4AGfzCgtDaL2OxZwuF/x1s3orhToW6+Dn\nuCMtrus3xJ8gg5/b6wE6PBk117Zia0WoH3JQkpNkEkCJNt/92gykacZT+ghQ/UKl\npS0ar6snAgMBAAECggEAPm2QapbbFC9co5vk9dsgzOflWE6OoLqeOKYWUmnG9yu7\nrD7EZ0/PnGzK870w5wLW3sueOePQelLJu6ILlvowX8fiL0XYdAM9oG04zYp8yg5p\ntbyYkuuuhncQVbSwHsV+L79ktXsP1yuzq1IQgDHqhn6nJNyORHEws3ofslnzg5NE\noxsgc62gelTXXcRBWNYQtRyjM//zoMLf3YmaecSgMddDDU3Q2qGWN7Kf9Jft4BLc\nbQtnllhD63jCZ1pgt0mpT9517+CQqwCdraQQ9qer1fXcPVD+6qIGSBcK10mrxG39\nbOhtTxqp0jJFiK28OP9JJhvFqJBlkscrle82znRmAQKBgQDY5WIafvtBg3sS/O8i\n6JphsdovDcVP89rYhK+SNyb8TS/an+hJLUqXukcgfgXfq7hEafy1NqWAoUE+/BNU\nql3hsnO9cle47kPbT1SG9b85rNki16OT92ksHGFDzk5uAcrwsXXrlhxCnHUZVhh4\nfdlfuf+AjbH6moTAkxgxkbk4JwKBgQDbsC/3iHVOT1us+0NXu/aVUOFlQBScJjHV\nokgfD3pPU5z+hegtsQLbm+/6GlhBKPHiMMB6tThjCeSHaU68kKNx/PuhlVAEpuZ2\nSHZydSpxqpQQq2+k5V6jU6tOLIqKNqfJi58llFIJrhJ7eUkLAdq016Ff3sjuZ7h6\nR6AzwZLVAQKBgDnu4wpSuofgN6J1vuYjHQFVQQLqebaGWwEUR9UVOCuR7mNF7QSG\nvXLThaYPI0CAHILhkGdSxlgaOlQ5fmxR6Sucv79taDL0KVnN0bUOtNoR6hmdYYrn\nPcdTeUNkOpy1i+BIdkfL25aLNdfjoDum2cXw52cN8ekPFsBdScwLsV5nAoGABy/c\nYdy0+bre5OnTaitcBcZ/mTBffDxDpRmKAnofJjk2CZ2X2ubPkR+o2iXCfV85iozN\nvzXugk7wiv2G9eRFdJUyJjccRwquv2/fcB8lJFLQRTtWi651SiKSmBwc7CidlJpc\nun3/sRFgyWlOWm3VGdV0Eg7Xw/TgtB9jvk224AECgYABf6ryUtjwo50UVgNy7Qhk\nGPu25v4lS3D4SwSfmV5+15BnvyYJkdFXhkHlafjpXLks2hjhbZbKq+wT6YUV7ks+\ny7DUupS0qRDnWi7YJ6lP781WMvytXmfRZ8lNT9UvuAIhIJMiq64CzPzccVNQHJTp\nyaSISEH7+H3yJA5d7V8BIQ==\n-----END PRIVATE KEY-----\n",
            "public_key_fingerprint_md5": "e6:95:a0:4a:fe:a8:a3:8a:d0:71:dd:ca:98:6b:eb:c2",
            "public_key_fingerprint_sha256": "SHA256:wV27Kx4oDR6ruFV9hi8/cQcOysbpF+3KHlA6UMaM/x4",
            "public_key_openssh": "ssh-rsa AAAAB3NzaC1yc2EAAAADAQABAAABAQC6IYFD8soB9jQMKkKFfgiYb70a9dfzh5BTWGtW2TjJj6UoXCdvik/fuIfBw2BOfm6jAk5l4iSSRUASZhVfFyg87+SBLrXqW312iRe7jq8lLX/2Asx7dH4h6Nsx0ts/zmW7+uGCGXl2lxZQlxNHISpuxW0KL+c6YI/pNLa28Bnfc87Q/OXdEihhLGrdUxEshQ6SzZCnkMFPOKcfYSmiZLXWWBdzdZ/DoC9ZKPMO4V2XE0b4AGfzCgtDaL2OxZwuF/x1s3orhToW6+DnuCMtrus3xJ8gg5/b6wE6PBk117Zia0WoH3JQkpNkEkCJNt/92gykacZT+ghQ/UKlpS0ar6sn\n",
            "public_key_pem": "-----BEGIN PUBLIC KEY-----\nMIIBIjANBgkqhkiG9w0BAQEFAAOCAQ8AMIIBCgKCAQEAuiGBQ/LKAfY0DCpChX4I\nmG+9GvXX84eQU1hrVtk4yY+lKFwnb4pP37iHwcNgTn5uowJOZeIkkkVAEmYVXxco\nPO/kgS616lt9dokXu46vJS1/9gLMe3R+IejbMdLbP85lu/rhghl5dpcWUJcTRyEq\nbsVtCi/nOmCP6TS2tvAZ33PO0Pzl3RIoYSxq3VMRLIUOks2Qp5DBTzinH2EpomS1\n1lgXc3Wfw6AvWSjzDuFdlxNG+ABn8woLQ2i9jsWcLhf8dbN6K4U6Fuvg57gjLa7r\nN8SfIIOf2+sBOjwZNde2YmtFqB9yUJKTZBJAiTbf/doMpGnGU/oIUP1CpaUtGq+r\nJwIDAQAB\n-----END PUBLIC KEY-----\n",
            "rsa_bits": 2048
          },
          "sensitive_attributes": [
            [
              {
                "type": "get_attr",
                "value": "private_key_openssh"
              }
            ],
            [
              {
                "type": "get_attr",
                "value": "private_key_pem"
              }
            ],
            [
              {
                "type": "get_attr",
                "value": "private_key_pem_pkcs8"
              }
            ]
          ],
          "identity_schema_version": 0
        }
      ]
    }
  ],
  "check_results": null
}
