{
  "version": 4,
  "terraform_version": "1.14.2",
  "serial": 347,
  "lineage": "6c135b1e-ca67-f8d6-17fb-2d716051078b",
  "outputs": {
    "web_public_ip": {
      "value": "18.171.149.184",
      "type": "string"
    }
  },
  "resources": [
    {
      "mode": "managed",
      "type": "aws_eip",
      "name": "nat_eip",
      "provider": "provider[\"registry.terraform.io/hashicorp/aws\"]",
      "instances": [
        {
          "schema_version": 0,
          "attributes": {
            "address": null,
            "allocation_id": "eipalloc-0a972d22e05aa7e64",
            "arn": "arn:aws:ec2:eu-west-2:975050024946:elastic-ip/eipalloc-0a972d22e05aa7e64",
            "associate_with_private_ip": null,
            "association_id": "",
            "carrier_ip": "",
            "customer_owned_ip": "",
            "customer_owned_ipv4_pool": "",
            "domain": "vpc",
            "id": "eipalloc-0a972d22e05aa7e64",
            "instance": "",
            "ipam_pool_id": null,
            "network_border_group": "eu-west-2",
            "network_interface": "",
            "private_dns": null,
            "private_ip": "",
            "ptr_record": "",
            "public_dns": "ec2-13-43-13-214.eu-west-2.compute.amazonaws.com",
            "public_ip": "13.43.13.214",
            "public_ipv4_pool": "amazon",
            "region": "eu-west-2",
            "tags": null,
            "tags_all": {},
            "timeouts": null
          },
          "sensitive_attributes": [],
          "identity_schema_version": 0,
          "private": "eyJlMmJmYjczMC1lY2FhLTExZTYtOGY4OC0zNDM2M2JjN2M0YzAiOnsiZGVsZXRlIjoxODAwMDAwMDAwMDAsInJlYWQiOjkwMDAwMDAwMDAwMCwidXBkYXRlIjozMDAwMDAwMDAwMDB9fQ=="
        }
      ]
    },
    {
      "mode": "managed",
      "type": "aws_iam_instance_profile",
      "name": "ec2_profile",
      "provider": "provider[\"registry.terraform.io/hashicorp/aws\"]",
      "instances": [
        {
          "schema_version": 0,
          "attributes": {
            "arn": "arn:aws:iam::975050024946:instance-profile/mern-ec2-instance-profile",
            "create_date": "2026-02-06T14:35:27Z",
            "id": "mern-ec2-instance-profile",
            "name": "mern-ec2-instance-profile",
            "name_prefix": "",
            "path": "/",
            "role": "mern-ec2-role",
            "tags": null,
            "tags_all": {},
            "unique_id": "AIPA6GBMCU7ZONLDX4VFQ"
          },
          "sensitive_attributes": [],
          "identity_schema_version": 0,
          "private": "bnVsbA==",
          "dependencies": [
            "aws_iam_role.ec2_role"
          ]
        }
      ]
    },
    {
      "mode": "managed",
      "type": "aws_iam_role",
      "name": "ec2_role",
      "provider": "provider[\"registry.terraform.io/hashicorp/aws\"]",
      "instances": [
        {
          "schema_version": 0,
          "attributes": {
            "arn": "arn:aws:iam::975050024946:role/mern-ec2-role",
            "assume_role_policy": "{\"Statement\":[{\"Action\":\"sts:AssumeRole\",\"Effect\":\"Allow\",\"Principal\":{\"Service\":\"ec2.amazonaws.com\"}}],\"Version\":\"2012-10-17\"}",
            "create_date": "2026-02-06T14:35:24Z",
            "description": "",
            "force_detach_policies": false,
            "id": "mern-ec2-role",
            "inline_policy": [],
            "managed_policy_arns": [],
            "max_session_duration": 3600,
            "name": "mern-ec2-role",
            "name_prefix": "",
            "path": "/",
            "permissions_boundary": "",
            "tags": null,
            "tags_all": {},
            "unique_id": "AROA6GBMCU7ZIJBN5QJTJ"
          },
          "sensitive_attributes": [],
          "identity_schema_version": 0,
          "identity": {
            "account_id": "975050024946",
            "name": "mern-ec2-role"
          },
          "private": "bnVsbA=="
        }
      ]
    },
    {
      "mode": "managed",
      "type": "aws_iam_role_policy_attachment",
      "name": "admin_access",
      "provider": "provider[\"registry.terraform.io/hashicorp/aws\"]",
      "instances": [
        {
          "schema_version": 0,
          "attributes": {
            "id": "mern-ec2-role/arn:aws:iam::aws:policy/AdministratorAccess",
            "policy_arn": "arn:aws:iam::aws:policy/AdministratorAccess",
            "role": "mern-ec2-role"
          },
          "sensitive_attributes": [],
          "identity_schema_version": 0,
          "identity": {
            "account_id": "975050024946",
            "policy_arn": "arn:aws:iam::aws:policy/AdministratorAccess",
            "role": "mern-ec2-role"
          },
          "private": "bnVsbA==",
          "dependencies": [
            "aws_iam_role.ec2_role"
          ]
        }
      ]
    },
    {
      "mode": "managed",
      "type": "aws_iam_role_policy_attachment",
      "name": "cloudwatch",
      "provider": "provider[\"registry.terraform.io/hashicorp/aws\"]",
      "instances": [
        {
          "schema_version": 0,
          "attributes": {
            "id": "mern-ec2-role/arn:aws:iam::aws:policy/CloudWatchAgentServerPolicy",
            "policy_arn": "arn:aws:iam::aws:policy/CloudWatchAgentServerPolicy",
            "role": "mern-ec2-role"
          },
          "sensitive_attributes": [],
          "identity_schema_version": 0,
          "identity": {
            "account_id": "975050024946",
            "policy_arn": "arn:aws:iam::aws:policy/CloudWatchAgentServerPolicy",
            "role": "mern-ec2-role"
          },
          "private": "bnVsbA==",
          "dependencies": [
            "aws_iam_role.ec2_role"
          ]
        }
      ]
    },
    {
      "mode": "managed",
      "type": "aws_iam_role_policy_attachment",
      "name": "ec2_full_access",
      "provider": "provider[\"registry.terraform.io/hashicorp/aws\"]",
      "instances": [
        {
          "schema_version": 0,
          "attributes": {
            "id": "mern-ec2-role/arn:aws:iam::aws:policy/AmazonEC2FullAccess",
            "policy_arn": "arn:aws:iam::aws:policy/AmazonEC2FullAccess",
            "role": "mern-ec2-role"
          },
          "sensitive_attributes": [],
          "identity_schema_version": 0,
          "identity": {
            "account_id": "975050024946",
            "policy_arn": "arn:aws:iam::aws:policy/AmazonEC2FullAccess",
            "role": "mern-ec2-role"
          },
          "private": "bnVsbA==",
          "dependencies": [
            "aws_iam_role.ec2_role"
          ]
        }
      ]
    },
    {
      "mode": "managed",
      "type": "aws_iam_role_policy_attachment",
      "name": "ssm",
      "provider": "provider[\"registry.terraform.io/hashicorp/aws\"]",
      "instances": [
        {
          "schema_version": 0,
          "attributes": {
            "id": "mern-ec2-role/arn:aws:iam::aws:policy/AmazonSSMManagedInstanceCore",
            "policy_arn": "arn:aws:iam::aws:policy/AmazonSSMManagedInstanceCore",
            "role": "mern-ec2-role"
          },
          "sensitive_attributes": [],
          "identity_schema_version": 0,
          "identity": {
            "account_id": "975050024946",
            "policy_arn": "arn:aws:iam::aws:policy/AmazonSSMManagedInstanceCore",
            "role": "mern-ec2-role"
          },
          "private": "bnVsbA==",
          "dependencies": [
            "aws_iam_role.ec2_role"
          ]
        }
      ]
    },
    {
      "mode": "managed",
      "type": "aws_instance",
      "name": "adish_db",
      "provider": "provider[\"registry.terraform.io/hashicorp/aws\"]",
      "instances": [
        {
          "schema_version": 2,
          "attributes": {
            "ami": "ami-018ff7ece22bf96db",
            "arn": "arn:aws:ec2:eu-west-2:975050024946:instance/i-0100fe498f9061f94",
            "associate_public_ip_address": false,
            "availability_zone": "eu-west-2c",
            "capacity_reservation_specification": [
              {
                "capacity_reservation_preference": "open",
                "capacity_reservation_target": []
              }
            ],
            "cpu_options": [
              {
                "amd_sev_snp": "",
                "core_count": 1,
                "threads_per_core": 2
              }
            ],
            "credit_specification": [
              {
                "cpu_credits": "unlimited"
              }
            ],
            "disable_api_stop": false,
            "disable_api_termination": false,
            "ebs_block_device": [],
            "ebs_optimized": false,
            "enable_primary_ipv6": null,
            "enclave_options": [
              {
                "enabled": false
              }
            ],
            "ephemeral_block_device": [],
            "force_destroy": false,
            "get_password_data": false,
            "hibernation": false,
            "host_id": "",
            "host_resource_group_arn": null,
            "iam_instance_profile": "mern-ec2-instance-profile",
            "id": "i-0100fe498f9061f94",
            "instance_initiated_shutdown_behavior": "stop",
            "instance_lifecycle": "",
            "instance_market_options": [],
            "instance_state": "running",
            "instance_type": "t3.medium",
            "ipv6_address_count": 0,
            "ipv6_addresses": [],
            "key_name": "",
            "launch_template": [],
            "maintenance_options": [
              {
                "auto_recovery": "default"
              }
            ],
            "metadata_options": [
              {
                "http_endpoint": "enabled",
                "http_protocol_ipv6": "disabled",
                "http_put_response_hop_limit": 2,
                "http_tokens": "required",
                "instance_metadata_tags": "disabled"
              }
            ],
            "monitoring": false,
            "network_interface": [],
            "outpost_arn": "",
            "password_data": "",
            "placement_group": "",
            "placement_group_id": "",
            "placement_partition_number": 0,
            "primary_network_interface": [
              {
                "delete_on_termination": true,
                "network_interface_id": "eni-0a1c398c7fc5d9c6f"
              }
            ],
            "primary_network_interface_id": "eni-0a1c398c7fc5d9c6f",
            "private_dns": "ip-10-0-2-212.eu-west-2.compute.internal",
            "private_dns_name_options": [
              {
                "enable_resource_name_dns_a_record": false,
                "enable_resource_name_dns_aaaa_record": false,
                "hostname_type": "ip-name"
              }
            ],
            "private_ip": "10.0.2.212",
            "public_dns": "",
            "public_ip": "",
            "region": "eu-west-2",
            "root_block_device": [
              {
                "delete_on_termination": true,
                "device_name": "/dev/sda1",
                "encrypted": false,
                "iops": 3000,
                "kms_key_id": "",
                "tags": {},
                "tags_all": {},
                "throughput": 125,
                "volume_id": "vol-010593e70fa9d3cba",
                "volume_size": 8,
                "volume_type": "gp3"
              }
            ],
            "secondary_private_ips": [],
            "security_groups": [
              "sg-00420c083658045cb"
            ],
            "source_dest_check": true,
            "spot_instance_request_id": "",
            "subnet_id": "subnet-08d10f9a716a78d61",
            "tags": {
              "Name": "adish-mern-db-server"
            },
            "tags_all": {
              "Name": "adish-mern-db-server"
            },
            "tenancy": "default",
            "timeouts": null,
            "user_data": null,
            "user_data_base64": null,
            "user_data_replace_on_change": false,
            "volume_tags": null,
            "vpc_security_group_ids": [
              "sg-00420c083658045cb"
            ]
          },
          "sensitive_attributes": [],
          "identity_schema_version": 0,
          "identity": {
            "account_id": "975050024946",
            "id": "i-0100fe498f9061f94",
            "region": "eu-west-2"
          },
          "private": "eyJlMmJmYjczMC1lY2FhLTExZTYtOGY4OC0zNDM2M2JjN2M0YzAiOnsiY3JlYXRlIjo2MDAwMDAwMDAwMDAsImRlbGV0ZSI6MTIwMDAwMDAwMDAwMCwicmVhZCI6OTAwMDAwMDAwMDAwLCJ1cGRhdGUiOjYwMDAwMDAwMDAwMH0sInNjaGVtYV92ZXJzaW9uIjoiMiJ9",
          "dependencies": [
            "aws_iam_instance_profile.ec2_profile",
            "aws_iam_role.ec2_role",
            "aws_security_group.adish-db_sg",
            "aws_security_group.adish-web_sg",
            "aws_subnet.private_subnet",
            "aws_vpc.adish-mern_vpc"
          ]
        }
      ]
    },
    {
      "mode": "managed",
      "type": "aws_instance",
      "name": "adish_web",
      "provider": "provider[\"registry.terraform.io/hashicorp/aws\"]",
      "instances": [
        {
          "schema_version": 2,
          "attributes": {
            "ami": "ami-018ff7ece22bf96db",
            "arn": "arn:aws:ec2:eu-west-2:975050024946:instance/i-09b1a033266c54c33",
            "associate_public_ip_address": true,
            "availability_zone": "eu-west-2a",
            "capacity_reservation_specification": [
              {
                "capacity_reservation_preference": "open",
                "capacity_reservation_target": []
              }
            ],
            "cpu_options": [
              {
                "amd_sev_snp": "",
                "core_count": 1,
                "threads_per_core": 2
              }
            ],
            "credit_specification": [
              {
                "cpu_credits": "unlimited"
              }
            ],
            "disable_api_stop": false,
            "disable_api_termination": false,
            "ebs_block_device": [],
            "ebs_optimized": false,
            "enable_primary_ipv6": null,
            "enclave_options": [
              {
                "enabled": false
              }
            ],
            "ephemeral_block_device": [],
            "force_destroy": false,
            "get_password_data": false,
            "hibernation": false,
            "host_id": "",
            "host_resource_group_arn": null,
            "iam_instance_profile": "mern-ec2-instance-profile",
            "id": "i-09b1a033266c54c33",
            "instance_initiated_shutdown_behavior": "stop",
            "instance_lifecycle": "",
            "instance_market_options": [],
            "instance_state": "running",
            "instance_type": "t3.medium",
            "ipv6_address_count": 0,
            "ipv6_addresses": [],
            "key_name": "",
            "launch_template": [],
            "maintenance_options": [
              {
                "auto_recovery": "default"
              }
            ],
            "metadata_options": [
              {
                "http_endpoint": "enabled",
                "http_protocol_ipv6": "disabled",
                "http_put_response_hop_limit": 2,
                "http_tokens": "required",
                "instance_metadata_tags": "disabled"
              }
            ],
            "monitoring": false,
            "network_interface": [],
            "outpost_arn": "",
            "password_data": "",
            "placement_group": "",
            "placement_group_id": "",
            "placement_partition_number": 0,
            "primary_network_interface": [
              {
                "delete_on_termination": true,
                "network_interface_id": "eni-045575fa70441019d"
              }
            ],
            "primary_network_interface_id": "eni-045575fa70441019d",
            "private_dns": "ip-10-0-1-72.eu-west-2.compute.internal",
            "private_dns_name_options": [
              {
                "enable_resource_name_dns_a_record": false,
                "enable_resource_name_dns_aaaa_record": false,
                "hostname_type": "ip-name"
              }
            ],
            "private_ip": "10.0.1.72",
            "public_dns": "ec2-18-171-149-184.eu-west-2.compute.amazonaws.com",
            "public_ip": "18.171.149.184",
            "region": "eu-west-2",
            "root_block_device": [
              {
                "delete_on_termination": true,
                "device_name": "/dev/sda1",
                "encrypted": false,
                "iops": 3000,
                "kms_key_id": "",
                "tags": {},
                "tags_all": {},
                "throughput": 125,
                "volume_id": "vol-0c39b581ed5ca9b74",
                "volume_size": 8,
                "volume_type": "gp3"
              }
            ],
            "secondary_private_ips": [],
            "security_groups": [],
            "source_dest_check": true,
            "spot_instance_request_id": "",
            "subnet_id": "subnet-09c7351f4a4377f61",
            "tags": {
              "Name": "adish-mern-web-server"
            },
            "tags_all": {
              "Name": "adish-mern-web-server"
            },
            "tenancy": "default",
            "timeouts": null,
            "user_data": null,
            "user_data_base64": null,
            "user_data_replace_on_change": false,
            "volume_tags": null,
            "vpc_security_group_ids": [
              "sg-03c981330a03d7c61"
            ]
          },
          "sensitive_attributes": [],
          "identity_schema_version": 0,
          "identity": {
            "account_id": "975050024946",
            "id": "i-09b1a033266c54c33",
            "region": "eu-west-2"
          },
          "private": "eyJlMmJmYjczMC1lY2FhLTExZTYtOGY4OC0zNDM2M2JjN2M0YzAiOnsiY3JlYXRlIjo2MDAwMDAwMDAwMDAsImRlbGV0ZSI6MTIwMDAwMDAwMDAwMCwicmVhZCI6OTAwMDAwMDAwMDAwLCJ1cGRhdGUiOjYwMDAwMDAwMDAwMH0sInNjaGVtYV92ZXJzaW9uIjoiMiJ9",
          "dependencies": [
            "aws_iam_instance_profile.ec2_profile",
            "aws_iam_role.ec2_role",
            "aws_security_group.adish-web_sg",
            "aws_subnet.public_subnet",
            "aws_vpc.adish-mern_vpc"
          ]
        }
      ]
    },
    {
      "mode": "managed",
      "type": "aws_internet_gateway",
      "name": "adish-igw",
      "provider": "provider[\"registry.terraform.io/hashicorp/aws\"]",
      "instances": [
        {
          "schema_version": 0,
          "attributes": {
            "arn": "arn:aws:ec2:eu-west-2:975050024946:internet-gateway/igw-08840e1bf6bc96e6e",
            "id": "igw-08840e1bf6bc96e6e",
            "owner_id": "975050024946",
            "region": "eu-west-2",
            "tags": null,
            "tags_all": {},
            "timeouts": null,
            "vpc_id": "vpc-0e8453393bf9d7950"
          },
          "sensitive_attributes": [],
          "identity_schema_version": 0,
          "private": "eyJlMmJmYjczMC1lY2FhLTExZTYtOGY4OC0zNDM2M2JjN2M0YzAiOnsiY3JlYXRlIjoxMjAwMDAwMDAwMDAwLCJkZWxldGUiOjEyMDAwMDAwMDAwMDAsInVwZGF0ZSI6MTIwMDAwMDAwMDAwMH19",
          "dependencies": [
            "aws_vpc.adish-mern_vpc"
          ]
        }
      ]
    },
    {
      "mode": "managed",
      "type": "aws_key_pair",
      "name": "mern_keypair",
      "provider": "provider[\"registry.terraform.io/hashicorp/aws\"]",
      "instances": [
        {
          "schema_version": 1,
          "attributes": {
            "arn": "arn:aws:ec2:eu-west-2:975050024946:key-pair/MERNAppDeployment",
            "fingerprint": "1a:4a:36:59:4a:de:0e:c9:c1:2a:30:52:6a:f2:1b:3b",
            "id": "MERNAppDeployment",
            "key_name": "MERNAppDeployment",
            "key_name_prefix": "",
            "key_pair_id": "key-05b7b80f852370062",
            "key_type": "rsa",
            "public_key": "ssh-rsa AAAAB3NzaC1yc2EAAAADAQABAAABAQCornyM0uT7De5afDjnX6bEySRFdMgxN0Rpk4lba3Y8I27W3WjVRoM94Pla7ALUTf3C0YHPFQGiD10iMtNaXXQyj5DP7RRH7lh75gdig5DT1lUDZFor4gVVCbHHXhTjE+1TKlijHrzjBaPEATCv8t45wxtSrPnvY/EpYh9lsp/S7OjcSi6qXwBVd12UDwK8z42xbOWBFhq2qeIwQpbyUb3Ia2vBUZEXo7uzyyeES00H5fauUjNSOaxKeCkd0SPwn1I78obKZjlnTRp76BYLUsW649GHVsGuBeWqhxSE5F9vzIycb6vV5kRlsmWdATuDcbu/8Eu08fmCxWP5B8BnXJvj",
            "region": "eu-west-2",
            "tags": null,
            "tags_all": {}
          },
          "sensitive_attributes": [],
          "identity_schema_version": 0,
          "private": "eyJzY2hlbWFfdmVyc2lvbiI6IjEifQ==",
          "dependencies": [
            "tls_private_key.mern_key"
          ]
        }
      ]
    },
    {
      "mode": "managed",
      "type": "aws_nat_gateway",
      "name": "nat",
      "provider": "provider[\"registry.terraform.io/hashicorp/aws\"]",
      "instances": [
        {
          "schema_version": 0,
          "attributes": {
            "allocation_id": "eipalloc-0a972d22e05aa7e64",
            "association_id": "eipassoc-0388897b46ae31958",
            "auto_provision_zones": null,
            "auto_scaling_ips": null,
            "availability_mode": "zonal",
            "availability_zone_address": [],
            "connectivity_type": "public",
            "id": "nat-07db8b33e94f0f462",
            "network_interface_id": "eni-0efdde6b46b166558",
            "private_ip": "10.0.1.129",
            "public_ip": "13.43.13.214",
            "region": "eu-west-2",
            "regional_nat_gateway_address": [],
            "regional_nat_gateway_auto_mode": null,
            "route_table_id": null,
            "secondary_allocation_ids": [],
            "secondary_private_ip_address_count": 0,
            "secondary_private_ip_addresses": [],
            "subnet_id": "subnet-09c7351f4a4377f61",
            "tags": null,
            "tags_all": {},
            "timeouts": null,
            "vpc_id": "vpc-0e8453393bf9d7950"
          },
          "sensitive_attributes": [],
          "identity_schema_version": 0,
          "private": "eyJlMmJmYjczMC1lY2FhLTExZTYtOGY4OC0zNDM2M2JjN2M0YzAiOnsiY3JlYXRlIjo2MDAwMDAwMDAwMDAsImRlbGV0ZSI6MTgwMDAwMDAwMDAwMCwidXBkYXRlIjo2MDAwMDAwMDAwMDB9fQ==",
          "dependencies": [
            "aws_eip.nat_eip",
            "aws_subnet.public_subnet",
            "aws_vpc.adish-mern_vpc"
          ]
        }
      ]
    },
    {
      "mode": "managed",
      "type": "aws_route_table",
      "name": "adish-private-rt",
      "provider": "provider[\"registry.terraform.io/hashicorp/aws\"]",
      "instances": [
        {
          "schema_version": 0,
          "attributes": {
            "arn": "arn:aws:ec2:eu-west-2:975050024946:route-table/rtb-0d5c2de7c27061bae",
            "id": "rtb-0d5c2de7c27061bae",
            "owner_id": "975050024946",
            "propagating_vgws": [],
            "region": "eu-west-2",
            "route": [
              {
                "carrier_gateway_id": "",
                "cidr_block": "0.0.0.0/0",
                "core_network_arn": "",
                "destination_prefix_list_id": "",
                "egress_only_gateway_id": "",
                "gateway_id": "",
                "ipv6_cidr_block": "",
                "local_gateway_id": "",
                "nat_gateway_id": "nat-07db8b33e94f0f462",
                "network_interface_id": "",
                "transit_gateway_id": "",
                "vpc_endpoint_id": "",
                "vpc_peering_connection_id": ""
              }
            ],
            "tags": null,
            "tags_all": {},
            "timeouts": null,
            "vpc_id": "vpc-0e8453393bf9d7950"
          },
          "sensitive_attributes": [],
          "identity_schema_version": 0,
          "identity": {
            "account_id": "975050024946",
            "id": "rtb-0d5c2de7c27061bae",
            "region": "eu-west-2"
          },
          "private": "eyJlMmJmYjczMC1lY2FhLTExZTYtOGY4OC0zNDM2M2JjN2M0YzAiOnsiY3JlYXRlIjozMDAwMDAwMDAwMDAsImRlbGV0ZSI6MzAwMDAwMDAwMDAwLCJ1cGRhdGUiOjEyMDAwMDAwMDAwMH19",
          "dependencies": [
            "aws_eip.nat_eip",
            "aws_nat_gateway.nat",
            "aws_subnet.public_subnet",
            "aws_vpc.adish-mern_vpc"
          ]
        }
      ]
    },
    {
      "mode": "managed",
      "type": "aws_route_table",
      "name": "adish-public-rt",
      "provider": "provider[\"registry.terraform.io/hashicorp/aws\"]",
      "instances": [
        {
          "schema_version": 0,
          "attributes": {
            "arn": "arn:aws:ec2:eu-west-2:975050024946:route-table/rtb-0acfed1041c3631e6",
            "id": "rtb-0acfed1041c3631e6",
            "owner_id": "975050024946",
            "propagating_vgws": [],
            "region": "eu-west-2",
            "route": [
              {
                "carrier_gateway_id": "",
                "cidr_block": "0.0.0.0/0",
                "core_network_arn": "",
                "destination_prefix_list_id": "",
                "egress_only_gateway_id": "",
                "gateway_id": "igw-08840e1bf6bc96e6e",
                "ipv6_cidr_block": "",
                "local_gateway_id": "",
                "nat_gateway_id": "",
                "network_interface_id": "",
                "transit_gateway_id": "",
                "vpc_endpoint_id": "",
                "vpc_peering_connection_id": ""
              }
            ],
            "tags": null,
            "tags_all": {},
            "timeouts": null,
            "vpc_id": "vpc-0e8453393bf9d7950"
          },
          "sensitive_attributes": [],
          "identity_schema_version": 0,
          "identity": {
            "account_id": "975050024946",
            "id": "rtb-0acfed1041c3631e6",
            "region": "eu-west-2"
          },
          "private": "eyJlMmJmYjczMC1lY2FhLTExZTYtOGY4OC0zNDM2M2JjN2M0YzAiOnsiY3JlYXRlIjozMDAwMDAwMDAwMDAsImRlbGV0ZSI6MzAwMDAwMDAwMDAwLCJ1cGRhdGUiOjEyMDAwMDAwMDAwMH19",
          "dependencies": [
            "aws_internet_gateway.adish-igw",
            "aws_vpc.adish-mern_vpc"
          ]
        }
      ]
    },
    {
      "mode": "managed",
      "type": "aws_route_table_association",
      "name": "private_subnet_assoc",
      "provider": "provider[\"registry.terraform.io/hashicorp/aws\"]",
      "instances": [
        {
          "schema_version": 0,
          "attributes": {
            "gateway_id": "",
            "id": "rtbassoc-0d8eb58d6512f2a8a",
            "region": "eu-west-2",
            "route_table_id": "rtb-0d5c2de7c27061bae",
            "subnet_id": "subnet-08d10f9a716a78d61",
            "timeouts": null
          },
          "sensitive_attributes": [],
          "identity_schema_version": 0,
          "private": "eyJlMmJmYjczMC1lY2FhLTExZTYtOGY4OC0zNDM2M2JjN2M0YzAiOnsiY3JlYXRlIjozMDAwMDAwMDAwMDAsImRlbGV0ZSI6MzAwMDAwMDAwMDAwLCJ1cGRhdGUiOjEyMDAwMDAwMDAwMH19",
          "dependencies": [
            "aws_eip.nat_eip",
            "aws_nat_gateway.nat",
            "aws_route_table.adish-private-rt",
            "aws_subnet.private_subnet",
            "aws_subnet.public_subnet",
            "aws_vpc.adish-mern_vpc"
          ]
        }
      ]
    },
    {
      "mode": "managed",
      "type": "aws_route_table_association",
      "name": "public_subnet_assoc",
      "provider": "provider[\"registry.terraform.io/hashicorp/aws\"]",
      "instances": [
        {
          "schema_version": 0,
          "attributes": {
            "gateway_id": "",
            "id": "rtbassoc-09d8cfe2d56fd0864",
            "region": "eu-west-2",
            "route_table_id": "rtb-0acfed1041c3631e6",
            "subnet_id": "subnet-09c7351f4a4377f61",
            "timeouts": null
          },
          "sensitive_attributes": [],
          "identity_schema_version": 0,
          "private": "eyJlMmJmYjczMC1lY2FhLTExZTYtOGY4OC0zNDM2M2JjN2M0YzAiOnsiY3JlYXRlIjozMDAwMDAwMDAwMDAsImRlbGV0ZSI6MzAwMDAwMDAwMDAwLCJ1cGRhdGUiOjEyMDAwMDAwMDAwMH19",
          "dependencies": [
            "aws_internet_gateway.adish-igw",
            "aws_route_table.adish-public-rt",
            "aws_subnet.public_subnet",
            "aws_vpc.adish-mern_vpc"
          ]
        }
      ]
    },
    {
      "mode": "managed",
      "type": "aws_security_group",
      "name": "adish-db_sg",
      "provider": "provider[\"registry.terraform.io/hashicorp/aws\"]",
      "instances": [
        {
          "schema_version": 1,
          "attributes": {
            "arn": "arn:aws:ec2:eu-west-2:975050024946:security-group/sg-00420c083658045cb",
            "description": "Managed by Terraform",
            "egress": [],
            "id": "sg-00420c083658045cb",
            "ingress": [
              {
                "cidr_blocks": [],
                "description": "",
                "from_port": 27017,
                "ipv6_cidr_blocks": [],
                "prefix_list_ids": [],
                "protocol": "tcp",
                "security_groups": [
                  "sg-03c981330a03d7c61"
                ],
                "self": false,
                "to_port": 27017
              }
            ],
            "name": "terraform-20260206143545359400000003",
            "name_prefix": "terraform-",
            "owner_id": "975050024946",
            "region": "eu-west-2",
            "revoke_rules_on_delete": false,
            "tags": null,
            "tags_all": {},
            "timeouts": null,
            "vpc_id": "vpc-0e8453393bf9d7950"
          },
          "sensitive_attributes": [],
          "identity_schema_version": 0,
          "identity": {
            "account_id": "975050024946",
            "id": "sg-00420c083658045cb",
            "region": "eu-west-2"
          },
          "private": "eyJlMmJmYjczMC1lY2FhLTExZTYtOGY4OC0zNDM2M2JjN2M0YzAiOnsiY3JlYXRlIjo2MDAwMDAwMDAwMDAsImRlbGV0ZSI6OTAwMDAwMDAwMDAwfSwic2NoZW1hX3ZlcnNpb24iOiIxIn0=",
          "dependencies": [
            "aws_security_group.adish-web_sg",
            "aws_vpc.adish-mern_vpc"
          ]
        }
      ]
    },
    {
      "mode": "managed",
      "type": "aws_security_group",
      "name": "adish-web_sg",
      "provider": "provider[\"registry.terraform.io/hashicorp/aws\"]",
      "instances": [
        {
          "schema_version": 1,
          "attributes": {
            "arn": "arn:aws:ec2:eu-west-2:975050024946:security-group/sg-03c981330a03d7c61",
            "description": "Managed by Terraform",
            "egress": [
              {
                "cidr_blocks": [
                  "0.0.0.0/0"
                ],
                "description": "",
                "from_port": 0,
                "ipv6_cidr_blocks": [],
                "prefix_list_ids": [],
                "protocol": "-1",
                "security_groups": [],
                "self": false,
                "to_port": 0
              }
            ],
            "id": "sg-03c981330a03d7c61",
            "ingress": [
              {
                "cidr_blocks": [
                  "0.0.0.0/0"
                ],
                "description": "",
                "from_port": 3000,
                "ipv6_cidr_blocks": [],
                "prefix_list_ids": [],
                "protocol": "tcp",
                "security_groups": [],
                "self": false,
                "to_port": 3000
              },
              {
                "cidr_blocks": [
                  "18.206.107.24/29"
                ],
                "description": "SSH from EC2 Instance Connect",
                "from_port": 22,
                "ipv6_cidr_blocks": [],
                "prefix_list_ids": [],
                "protocol": "tcp",
                "security_groups": [],
                "self": false,
                "to_port": 22
              },
              {
                "cidr_blocks": [
                  "203.0.113.25/32"
                ],
                "description": "SSH from my IP",
                "from_port": 22,
                "ipv6_cidr_blocks": [],
                "prefix_list_ids": [],
                "protocol": "tcp",
                "security_groups": [],
                "self": false,
                "to_port": 22
              }
            ],
            "name": "terraform-20260206143538869100000001",
            "name_prefix": "terraform-",
            "owner_id": "975050024946",
            "region": "eu-west-2",
            "revoke_rules_on_delete": false,
            "tags": null,
            "tags_all": {},
            "timeouts": null,
            "vpc_id": "vpc-0e8453393bf9d7950"
          },
          "sensitive_attributes": [],
          "identity_schema_version": 0,
          "identity": {
            "account_id": "975050024946",
            "id": "sg-03c981330a03d7c61",
            "region": "eu-west-2"
          },
          "private": "eyJlMmJmYjczMC1lY2FhLTExZTYtOGY4OC0zNDM2M2JjN2M0YzAiOnsiY3JlYXRlIjo2MDAwMDAwMDAwMDAsImRlbGV0ZSI6OTAwMDAwMDAwMDAwfSwic2NoZW1hX3ZlcnNpb24iOiIxIn0=",
          "dependencies": [
            "aws_vpc.adish-mern_vpc"
          ]
        }
      ]
    },
    {
      "mode": "managed",
      "type": "aws_subnet",
      "name": "private_subnet",
      "provider": "provider[\"registry.terraform.io/hashicorp/aws\"]",
      "instances": [
        {
          "schema_version": 1,
          "attributes": {
            "arn": "arn:aws:ec2:eu-west-2:975050024946:subnet/subnet-08d10f9a716a78d61",
            "assign_ipv6_address_on_creation": false,
            "availability_zone": "eu-west-2c",
            "availability_zone_id": "euw2-az1",
            "cidr_block": "10.0.2.0/24",
            "customer_owned_ipv4_pool": "",
            "enable_dns64": false,
            "enable_lni_at_device_index": 0,
            "enable_resource_name_dns_a_record_on_launch": false,
            "enable_resource_name_dns_aaaa_record_on_launch": false,
            "id": "subnet-08d10f9a716a78d61",
            "ipv6_cidr_block": "",
            "ipv6_cidr_block_association_id": "",
            "ipv6_native": false,
            "map_customer_owned_ip_on_launch": false,
            "map_public_ip_on_launch": false,
            "outpost_arn": "",
            "owner_id": "975050024946",
            "private_dns_hostname_type_on_launch": "ip-name",
            "region": "eu-west-2",
            "tags": null,
            "tags_all": {},
            "timeouts": null,
            "vpc_id": "vpc-0e8453393bf9d7950"
          },
          "sensitive_attributes": [],
          "identity_schema_version": 0,
          "identity": {
            "account_id": "975050024946",
            "id": "subnet-08d10f9a716a78d61",
            "region": "eu-west-2"
          },
          "private": "eyJlMmJmYjczMC1lY2FhLTExZTYtOGY4OC0zNDM2M2JjN2M0YzAiOnsiY3JlYXRlIjo2MDAwMDAwMDAwMDAsImRlbGV0ZSI6MTIwMDAwMDAwMDAwMH0sInNjaGVtYV92ZXJzaW9uIjoiMSJ9",
          "dependencies": [
            "aws_vpc.adish-mern_vpc"
          ]
        }
      ]
    },
    {
      "mode": "managed",
      "type": "aws_subnet",
      "name": "public_subnet",
      "provider": "provider[\"registry.terraform.io/hashicorp/aws\"]",
      "instances": [
        {
          "schema_version": 1,
          "attributes": {
            "arn": "arn:aws:ec2:eu-west-2:975050024946:subnet/subnet-09c7351f4a4377f61",
            "assign_ipv6_address_on_creation": false,
            "availability_zone": "eu-west-2a",
            "availability_zone_id": "euw2-az2",
            "cidr_block": "10.0.1.0/24",
            "customer_owned_ipv4_pool": "",
            "enable_dns64": false,
            "enable_lni_at_device_index": 0,
            "enable_resource_name_dns_a_record_on_launch": false,
            "enable_resource_name_dns_aaaa_record_on_launch": false,
            "id": "subnet-09c7351f4a4377f61",
            "ipv6_cidr_block": "",
            "ipv6_cidr_block_association_id": "",
            "ipv6_native": false,
            "map_customer_owned_ip_on_launch": false,
            "map_public_ip_on_launch": true,
            "outpost_arn": "",
            "owner_id": "975050024946",
            "private_dns_hostname_type_on_launch": "ip-name",
            "region": "eu-west-2",
            "tags": null,
            "tags_all": {},
            "timeouts": null,
            "vpc_id": "vpc-0e8453393bf9d7950"
          },
          "sensitive_attributes": [],
          "identity_schema_version": 0,
          "identity": {
            "account_id": "975050024946",
            "id": "subnet-09c7351f4a4377f61",
            "region": "eu-west-2"
          },
          "private": "eyJlMmJmYjczMC1lY2FhLTExZTYtOGY4OC0zNDM2M2JjN2M0YzAiOnsiY3JlYXRlIjo2MDAwMDAwMDAwMDAsImRlbGV0ZSI6MTIwMDAwMDAwMDAwMH0sInNjaGVtYV92ZXJzaW9uIjoiMSJ9",
          "dependencies": [
            "aws_vpc.adish-mern_vpc"
          ]
        }
      ]
    },
    {
      "mode": "managed",
      "type": "aws_vpc",
      "name": "adish-mern_vpc",
      "provider": "provider[\"registry.terraform.io/hashicorp/aws\"]",
      "instances": [
        {
          "schema_version": 1,
          "attributes": {
            "arn": "arn:aws:ec2:eu-west-2:975050024946:vpc/vpc-0e8453393bf9d7950",
            "assign_generated_ipv6_cidr_block": false,
            "cidr_block": "10.0.0.0/16",
            "default_network_acl_id": "acl-0ec1b1308a829783b",
            "default_route_table_id": "rtb-045738e0097e9d901",
            "default_security_group_id": "sg-0710f4729ff4883b6",
            "dhcp_options_id": "dopt-004ef3a8c8b398f6d",
            "enable_dns_hostnames": true,
            "enable_dns_support": true,
            "enable_network_address_usage_metrics": false,
            "id": "vpc-0e8453393bf9d7950",
            "instance_tenancy": "default",
            "ipv4_ipam_pool_id": null,
            "ipv4_netmask_length": null,
            "ipv6_association_id": "",
            "ipv6_cidr_block": "",
            "ipv6_cidr_block_network_border_group": "",
            "ipv6_ipam_pool_id": "",
            "ipv6_netmask_length": 0,
            "main_route_table_id": "rtb-045738e0097e9d901",
            "owner_id": "975050024946",
            "region": "eu-west-2",
            "tags": {
              "Name": "adish-mern-vpc"
            },
            "tags_all": {
              "Name": "adish-mern-vpc"
            }
          },
          "sensitive_attributes": [],
          "identity_schema_version": 0,
          "identity": {
            "account_id": "975050024946",
            "id": "vpc-0e8453393bf9d7950",
            "region": "eu-west-2"
          },
          "private": "eyJzY2hlbWFfdmVyc2lvbiI6IjEifQ=="
        }
      ]
    },
    {
      "mode": "managed",
      "type": "local_file",
      "name": "private_key",
      "provider": "provider[\"registry.terraform.io/hashicorp/local\"]",
      "instances": [
        {
          "schema_version": 0,
          "attributes": {
            "content": "-----BEGIN RSA PRIVATE KEY-----\nMIIEogIBAAKCAQEAqK58jNLk+w3uWnw451+mxMkkRXTIMTdEaZOJW2t2PCNu1t1o\n1UaDPeD5WuwC1E39wtGBzxUBog9dIjLTWl10Mo+Qz+0UR+5Ye+YHYoOQ09ZVA2Ra\nK+IFVQmxx14U4xPtUypYox684wWjxAEwr/LeOcMbUqz572PxKWIfZbKf0uzo3Eou\nql8AVXddlA8CvM+NsWzlgRYatqniMEKW8lG9yGtrwVGRF6O7s8snhEtNB+X2rlIz\nUjmsSngpHdEj8J9SO/KGymY5Z00ae+gWC1LFuuPRh1bBrgXlqocUhORfb8yMnG+r\n1eZEZbJlnQE7g3G7v/BLtPH5gsVj+QfAZ1yb4wIDAQABAoIBAE77aJFN3G7bPox6\n1vArnvxMjGHDRUuaK7vdm7bFMhcFpkwQXxpiCmjKcyeKE+cR36y9ibELjniyBfNR\n5hnNYW+dPnrFcTYfGapl8nZD0WgHV0Yf0oLysXl4cRg/artK5NiInvk+FsacKOrJ\nfeEc8MYOH7iOCvd3DgBJFBd71I8foVcQfglxy9I/CEQ8BQSAzGGMvUXYWb8aQogC\nRpptnUc1FMPDD+Cef2PrtwmnnB3+Oh+PtuGpehF62Nj8dCBzlAdfiLkmWMsho+e4\nI+/dG8WflGfKHMFAs0D58/5oiEU25cR9JyptEluT1pC9CamqXGAQnyCw6MO3bApx\nSZQh/TECgYEA1gDzoTWm6sJc3kcuHTn/wgDXyHrodFHBX/Qcr9VGEmRb0QBhpaUC\njs6k5wYeXQzRWnwR0c1U6r8V07gBtOO43GJ3wZh+SdP0u59FjnqriPm8bkY4lm+r\nGXguLT51biJr/L65WvPUU8azKLJz6T3fPLb2HRIM7jjFJwip+9fcRXECgYEAycio\nGEU0xsA1RJz+HjKWl7N1qONxjn1EoP/lfn5WXauLU8CmnASaMVNcQtvp/cc/AWIm\noetnAjchZLQJ9p2dWxVPmxKN96WlFlV8tCN87oV8YVHsbDHXZm8pcH0Iy98zlGnk\nBMdSf+e+3MXy4gkBia49qId0xaQn8RLxYw8efJMCgYBitnGqzOq/owPfbAnzZUt6\nG5VtXnRXI1cFgb6xxLjbxvsrPvfLxn+Vi/A4uHPNDBqNmGlH02T2G0pgLKJs5BXj\nYnBHFqY6O9DJssAM5ry1JC0s2KtFiSDtUKhMKmFUegBBx2AMeihYtHDzts0Mq4OL\nqAGCi073m6wlQzPVfU6XoQKBgBZBJyjmGRgCgt16Yxx5f9pjVIq36wJIFpWbI3h7\n/pJ+JPOrv7RdXZQrGXXWQ0xV+UDxzkj1aXr5EZnFsYOdholRJGJ5/WZewoJgE0za\nzSCRYFJrcqPMK3GEuRFK+PljOJEZzKgqQ5MPwCEhQ9RiIeVJbkt0BRD3NeCEslK2\njCo5AoGATJ8GLCLi+gEdOqdXhUXrgcvQF5BnzICcyaR6lAswPkX91+z5wVtxip/q\nr/+F5WzYodX2x6pkiY51Y4qYCRtXVQMbDIb8jPwpkS19P1HLKIxObvmuEEZu4rJi\nkyqjqhJebsWPgXQI/nwWnORqTARRqqVG4NGbPsjG0SO9WEfD/TM=\n-----END RSA PRIVATE KEY-----\n",
            "content_base64": null,
            "content_base64sha256": "bLNDCHFFMch6dHVysc+OAfSRvoUWE7Aej8iNrcPXfY8=",
            "content_base64sha512": "ZN/zckBeC+yIJTDXALZEloTmU+n2xtUdpmJ2FkiY1DagkbvxOKuMs5DNO5KQIZbK6RyDWJCzgMjIXcAbgJdXEw==",
            "content_md5": "7abdbda608b9c83fc758492f24832848",
            "content_sha1": "bbf5c3cefa0cc8195afd50e9d33afd94985a6041",
            "content_sha256": "6cb34308714531c87a747572b1cf8e01f491be851613b01e8fc88dadc3d77d8f",
            "content_sha512": "64dff372405e0bec882530d700b6449684e653e9f6c6d51da66276164898d436a091bbf138ab8cb390cd3b92902196cae91c835890b380c8c85dc01b80975713",
            "directory_permission": "0777",
            "file_permission": "700",
            "filename": "./MERNAppDeployment.pem",
            "id": "bbf5c3cefa0cc8195afd50e9d33afd94985a6041",
            "sensitive_content": null,
            "source": null
          },
          "sensitive_attributes": [
            [
              {
                "type": "get_attr",
                "value": "content"
              }
            ],
            [
              {
                "type": "get_attr",
                "value": "sensitive_content"
              }
            ]
          ],
          "identity_schema_version": 0,
          "dependencies": [
            "tls_private_key.mern_key"
          ]
        }
      ]
    },
    {
      "mode": "managed",
      "type": "tls_private_key",
      "name": "mern_key",
      "provider": "provider[\"registry.terraform.io/hashicorp/tls\"]",
      "instances": [
        {
          "schema_version": 1,
          "attributes": {
            "algorithm": "RSA",
            "ecdsa_curve": "P224",
            "id": "4d8b4b71c20a9f1210c30298aebe87ee5f6489f6",
            "private_key_openssh": "-----BEGIN OPENSSH PRIVATE KEY-----\nb3BlbnNzaC1rZXktdjEAAAAABG5vbmUAAAAEbm9uZQAAAAAAAAABAAABFwAAAAdz\nc2gtcnNhAAAAAwEAAQAAAQEAqK58jNLk+w3uWnw451+mxMkkRXTIMTdEaZOJW2t2\nPCNu1t1o1UaDPeD5WuwC1E39wtGBzxUBog9dIjLTWl10Mo+Qz+0UR+5Ye+YHYoOQ\n09ZVA2RaK+IFVQmxx14U4xPtUypYox684wWjxAEwr/LeOcMbUqz572PxKWIfZbKf\n0uzo3Eouql8AVXddlA8CvM+NsWzlgRYatqniMEKW8lG9yGtrwVGRF6O7s8snhEtN\nB+X2rlIzUjmsSngpHdEj8J9SO/KGymY5Z00ae+gWC1LFuuPRh1bBrgXlqocUhORf\nb8yMnG+r1eZEZbJlnQE7g3G7v/BLtPH5gsVj+QfAZ1yb4wAAA7j8rW3s/K1t7AAA\nAAdzc2gtcnNhAAABAQCornyM0uT7De5afDjnX6bEySRFdMgxN0Rpk4lba3Y8I27W\n3WjVRoM94Pla7ALUTf3C0YHPFQGiD10iMtNaXXQyj5DP7RRH7lh75gdig5DT1lUD\nZFor4gVVCbHHXhTjE+1TKlijHrzjBaPEATCv8t45wxtSrPnvY/EpYh9lsp/S7Ojc\nSi6qXwBVd12UDwK8z42xbOWBFhq2qeIwQpbyUb3Ia2vBUZEXo7uzyyeES00H5fau\nUjNSOaxKeCkd0SPwn1I78obKZjlnTRp76BYLUsW649GHVsGuBeWqhxSE5F9vzIyc\nb6vV5kRlsmWdATuDcbu/8Eu08fmCxWP5B8BnXJvjAAAAAwEAAQAAAQBO+2iRTdxu\n2z6MetbwK578TIxhw0VLmiu73Zu2xTIXBaZMEF8aYgpoynMnihPnEd+svYmxC454\nsgXzUeYZzWFvnT56xXE2HxmqZfJ2Q9FoB1dGH9KC8rF5eHEYP2q7SuTYiJ75PhbG\nnCjqyX3hHPDGDh+4jgr3dw4ASRQXe9SPH6FXEH4JccvSPwhEPAUEgMxhjL1F2Fm/\nGkKIAkaabZ1HNRTDww/gnn9j67cJp5wd/jofj7bhqXoRetjY/HQgc5QHX4i5JljL\nIaPnuCPv3RvFn5RnyhzBQLNA+fP+aIhFNuXEfScqbRJbk9aQvQmpqlxgEJ8gsOjD\nt2wKcUmUIf0xAAAAgEyfBiwi4voBHTqnV4VF64HL0BeQZ8yAnMmkepQLMD5F/dfs\n+cFbcYqf6q//heVs2KHV9seqZImOdWOKmAkbV1UDGwyG/Iz8KZEtfT9RyyiMTm75\nrhBGbuKyYpMqo6oSXm7Fj4F0CP58FpzkakwEUaqlRuDRmz7IxtEjvVhHw/0zAAAA\ngQDWAPOhNabqwlzeRy4dOf/CANfIeuh0UcFf9Byv1UYSZFvRAGGlpQKOzqTnBh5d\nDNFafBHRzVTqvxXTuAG047jcYnfBmH5J0/S7n0WOequI+bxuRjiWb6sZeC4tPnVu\nImv8vrla89RTxrMosnPpPd88tvYdEgzuOMUnCKn719xFcQAAAIEAycioGEU0xsA1\nRJz+HjKWl7N1qONxjn1EoP/lfn5WXauLU8CmnASaMVNcQtvp/cc/AWImoetnAjch\nZLQJ9p2dWxVPmxKN96WlFlV8tCN87oV8YVHsbDHXZm8pcH0Iy98zlGnkBMdSf+e+\n3MXy4gkBia49qId0xaQn8RLxYw8efJMAAAAAAQID\n-----END OPENSSH PRIVATE KEY-----\n",
            "private_key_pem": "-----BEGIN RSA PRIVATE KEY-----\nMIIEogIBAAKCAQEAqK58jNLk+w3uWnw451+mxMkkRXTIMTdEaZOJW2t2PCNu1t1o\n1UaDPeD5WuwC1E39wtGBzxUBog9dIjLTWl10Mo+Qz+0UR+5Ye+YHYoOQ09ZVA2Ra\nK+IFVQmxx14U4xPtUypYox684wWjxAEwr/LeOcMbUqz572PxKWIfZbKf0uzo3Eou\nql8AVXddlA8CvM+NsWzlgRYatqniMEKW8lG9yGtrwVGRF6O7s8snhEtNB+X2rlIz\nUjmsSngpHdEj8J9SO/KGymY5Z00ae+gWC1LFuuPRh1bBrgXlqocUhORfb8yMnG+r\n1eZEZbJlnQE7g3G7v/BLtPH5gsVj+QfAZ1yb4wIDAQABAoIBAE77aJFN3G7bPox6\n1vArnvxMjGHDRUuaK7vdm7bFMhcFpkwQXxpiCmjKcyeKE+cR36y9ibELjniyBfNR\n5hnNYW+dPnrFcTYfGapl8nZD0WgHV0Yf0oLysXl4cRg/artK5NiInvk+FsacKOrJ\nfeEc8MYOH7iOCvd3DgBJFBd71I8foVcQfglxy9I/CEQ8BQSAzGGMvUXYWb8aQogC\nRpptnUc1FMPDD+Cef2PrtwmnnB3+Oh+PtuGpehF62Nj8dCBzlAdfiLkmWMsho+e4\nI+/dG8WflGfKHMFAs0D58/5oiEU25cR9JyptEluT1pC9CamqXGAQnyCw6MO3bApx\nSZQh/TECgYEA1gDzoTWm6sJc3kcuHTn/wgDXyHrodFHBX/Qcr9VGEmRb0QBhpaUC\njs6k5wYeXQzRWnwR0c1U6r8V07gBtOO43GJ3wZh+SdP0u59FjnqriPm8bkY4lm+r\nGXguLT51biJr/L65WvPUU8azKLJz6T3fPLb2HRIM7jjFJwip+9fcRXECgYEAycio\nGEU0xsA1RJz+HjKWl7N1qONxjn1EoP/lfn5WXauLU8CmnASaMVNcQtvp/cc/AWIm\noetnAjchZLQJ9p2dWxVPmxKN96WlFlV8tCN87oV8YVHsbDHXZm8pcH0Iy98zlGnk\nBMdSf+e+3MXy4gkBia49qId0xaQn8RLxYw8efJMCgYBitnGqzOq/owPfbAnzZUt6\nG5VtXnRXI1cFgb6xxLjbxvsrPvfLxn+Vi/A4uHPNDBqNmGlH02T2G0pgLKJs5BXj\nYnBHFqY6O9DJssAM5ry1JC0s2KtFiSDtUKhMKmFUegBBx2AMeihYtHDzts0Mq4OL\nqAGCi073m6wlQzPVfU6XoQKBgBZBJyjmGRgCgt16Yxx5f9pjVIq36wJIFpWbI3h7\n/pJ+JPOrv7RdXZQrGXXWQ0xV+UDxzkj1aXr5EZnFsYOdholRJGJ5/WZewoJgE0za\nzSCRYFJrcqPMK3GEuRFK+PljOJEZzKgqQ5MPwCEhQ9RiIeVJbkt0BRD3NeCEslK2\njCo5AoGATJ8GLCLi+gEdOqdXhUXrgcvQF5BnzICcyaR6lAswPkX91+z5wVtxip/q\nr/+F5WzYodX2x6pkiY51Y4qYCRtXVQMbDIb8jPwpkS19P1HLKIxObvmuEEZu4rJi\nkyqjqhJebsWPgXQI/nwWnORqTARRqqVG4NGbPsjG0SO9WEfD/TM=\n-----END RSA PRIVATE KEY-----\n",
            "private_key_pem_pkcs8": "-----BEGIN PRIVATE KEY-----\nMIIEvAIBADANBgkqhkiG9w0BAQEFAASCBKYwggSiAgEAAoIBAQCornyM0uT7De5a\nfDjnX6bEySRFdMgxN0Rpk4lba3Y8I27W3WjVRoM94Pla7ALUTf3C0YHPFQGiD10i\nMtNaXXQyj5DP7RRH7lh75gdig5DT1lUDZFor4gVVCbHHXhTjE+1TKlijHrzjBaPE\nATCv8t45wxtSrPnvY/EpYh9lsp/S7OjcSi6qXwBVd12UDwK8z42xbOWBFhq2qeIw\nQpbyUb3Ia2vBUZEXo7uzyyeES00H5fauUjNSOaxKeCkd0SPwn1I78obKZjlnTRp7\n6BYLUsW649GHVsGuBeWqhxSE5F9vzIycb6vV5kRlsmWdATuDcbu/8Eu08fmCxWP5\nB8BnXJvjAgMBAAECggEATvtokU3cbts+jHrW8Cue/EyMYcNFS5oru92btsUyFwWm\nTBBfGmIKaMpzJ4oT5xHfrL2JsQuOeLIF81HmGc1hb50+esVxNh8ZqmXydkPRaAdX\nRh/SgvKxeXhxGD9qu0rk2Iie+T4Wxpwo6sl94Rzwxg4fuI4K93cOAEkUF3vUjx+h\nVxB+CXHL0j8IRDwFBIDMYYy9RdhZvxpCiAJGmm2dRzUUw8MP4J5/Y+u3CaecHf46\nH4+24al6EXrY2Px0IHOUB1+IuSZYyyGj57gj790bxZ+UZ8ocwUCzQPnz/miIRTbl\nxH0nKm0SW5PWkL0JqapcYBCfILDow7dsCnFJlCH9MQKBgQDWAPOhNabqwlzeRy4d\nOf/CANfIeuh0UcFf9Byv1UYSZFvRAGGlpQKOzqTnBh5dDNFafBHRzVTqvxXTuAG0\n47jcYnfBmH5J0/S7n0WOequI+bxuRjiWb6sZeC4tPnVuImv8vrla89RTxrMosnPp\nPd88tvYdEgzuOMUnCKn719xFcQKBgQDJyKgYRTTGwDVEnP4eMpaXs3Wo43GOfUSg\n/+V+flZdq4tTwKacBJoxU1xC2+n9xz8BYiah62cCNyFktAn2nZ1bFU+bEo33paUW\nVXy0I3zuhXxhUexsMddmbylwfQjL3zOUaeQEx1J/577cxfLiCQGJrj2oh3TFpCfx\nEvFjDx58kwKBgGK2carM6r+jA99sCfNlS3oblW1edFcjVwWBvrHEuNvG+ys+98vG\nf5WL8Di4c80MGo2YaUfTZPYbSmAsomzkFeNicEcWpjo70MmywAzmvLUkLSzYq0WJ\nIO1QqEwqYVR6AEHHYAx6KFi0cPO2zQyrg4uoAYKLTvebrCVDM9V9TpehAoGAFkEn\nKOYZGAKC3XpjHHl/2mNUirfrAkgWlZsjeHv+kn4k86u/tF1dlCsZddZDTFX5QPHO\nSPVpevkRmcWxg52GiVEkYnn9Zl7CgmATTNrNIJFgUmtyo8wrcYS5EUr4+WM4kRnM\nqCpDkw/AISFD1GIh5UluS3QFEPc14ISyUraMKjkCgYBMnwYsIuL6AR06p1eFReuB\ny9AXkGfMgJzJpHqUCzA+Rf3X7PnBW3GKn+qv/4XlbNih1fbHqmSJjnVjipgJG1dV\nAxsMhvyM/CmRLX0/UcsojE5u+a4QRm7ismKTKqOqEl5uxY+BdAj+fBac5GpMBFGq\npUbg0Zs+yMbRI71YR8P9Mw==\n-----END PRIVATE KEY-----\n",
            "public_key_fingerprint_md5": "e8:95:54:20:d0:1e:70:76:9e:46:cb:8b:2a:99:f0:27",
            "public_key_fingerprint_sha256": "SHA256:HECDDuAXlWsriU7vm4mY3sz1EQqQKPtroJkyGcJ5MTo",
            "public_key_openssh": "ssh-rsa AAAAB3NzaC1yc2EAAAADAQABAAABAQCornyM0uT7De5afDjnX6bEySRFdMgxN0Rpk4lba3Y8I27W3WjVRoM94Pla7ALUTf3C0YHPFQGiD10iMtNaXXQyj5DP7RRH7lh75gdig5DT1lUDZFor4gVVCbHHXhTjE+1TKlijHrzjBaPEATCv8t45wxtSrPnvY/EpYh9lsp/S7OjcSi6qXwBVd12UDwK8z42xbOWBFhq2qeIwQpbyUb3Ia2vBUZEXo7uzyyeES00H5fauUjNSOaxKeCkd0SPwn1I78obKZjlnTRp76BYLUsW649GHVsGuBeWqhxSE5F9vzIycb6vV5kRlsmWdATuDcbu/8Eu08fmCxWP5B8BnXJvj\n",
            "public_key_pem": "-----BEGIN PUBLIC KEY-----\nMIIBIjANBgkqhkiG9w0BAQEFAAOCAQ8AMIIBCgKCAQEAqK58jNLk+w3uWnw451+m\nxMkkRXTIMTdEaZOJW2t2PCNu1t1o1UaDPeD5WuwC1E39wtGBzxUBog9dIjLTWl10\nMo+Qz+0UR+5Ye+YHYoOQ09ZVA2RaK+IFVQmxx14U4xPtUypYox684wWjxAEwr/Le\nOcMbUqz572PxKWIfZbKf0uzo3Eouql8AVXddlA8CvM+NsWzlgRYatqniMEKW8lG9\nyGtrwVGRF6O7s8snhEtNB+X2rlIzUjmsSngpHdEj8J9SO/KGymY5Z00ae+gWC1LF\nuuPRh1bBrgXlqocUhORfb8yMnG+r1eZEZbJlnQE7g3G7v/BLtPH5gsVj+QfAZ1yb\n4wIDAQAB\n-----END PUBLIC KEY-----\n",
            "rsa_bits": 2048
          },
          "sensitive_attributes": [
            [
              {
                "type": "get_attr",
                "value": "private_key_openssh"
              }
            ],
            [
              {
                "type": "get_attr",
                "value": "private_key_pem"
              }
            ],
            [
              {
                "type": "get_attr",
                "value": "private_key_pem_pkcs8"
              }
            ]
          ],
          "identity_schema_version": 0
        }
      ]
    }
  ],
  "check_results": null
}
