{
  "version": 4,
  "terraform_version": "1.14.2",
  "serial": 182,
  "lineage": "6c135b1e-ca67-f8d6-17fb-2d716051078b",
  "outputs": {},
  "resources": [
    {
      "mode": "managed",
      "type": "aws_eip",
      "name": "nat_eip",
      "provider": "provider[\"registry.terraform.io/hashicorp/aws\"]",
      "instances": [
        {
          "schema_version": 0,
          "attributes": {
            "address": null,
            "allocation_id": "eipalloc-0cb862cac0e7272d5",
            "arn": "arn:aws:ec2:eu-west-2:975050024946:elastic-ip/eipalloc-0cb862cac0e7272d5",
            "associate_with_private_ip": null,
            "association_id": "eipassoc-0a3a298d1fdb7673c",
            "carrier_ip": "",
            "customer_owned_ip": "",
            "customer_owned_ipv4_pool": "",
            "domain": "vpc",
            "id": "eipalloc-0cb862cac0e7272d5",
            "instance": "",
            "ipam_pool_id": null,
            "network_border_group": "eu-west-2",
            "network_interface": "eni-0b5c06964f3621456",
            "private_dns": "ip-10-0-1-168.eu-west-2.compute.internal",
            "private_ip": "10.0.1.168",
            "ptr_record": "",
            "public_dns": "ec2-13-41-182-42.eu-west-2.compute.amazonaws.com",
            "public_ip": "13.41.182.42",
            "public_ipv4_pool": "amazon",
            "region": "eu-west-2",
            "tags": {},
            "tags_all": {},
            "timeouts": null
          },
          "sensitive_attributes": [],
          "identity_schema_version": 0,
          "private": "eyJlMmJmYjczMC1lY2FhLTExZTYtOGY4OC0zNDM2M2JjN2M0YzAiOnsiZGVsZXRlIjoxODAwMDAwMDAwMDAsInJlYWQiOjkwMDAwMDAwMDAwMCwidXBkYXRlIjozMDAwMDAwMDAwMDB9fQ=="
        }
      ]
    },
    {
      "mode": "managed",
      "type": "aws_iam_instance_profile",
      "name": "ec2_profile",
      "provider": "provider[\"registry.terraform.io/hashicorp/aws\"]",
      "instances": [
        {
          "schema_version": 0,
          "attributes": {
            "arn": "arn:aws:iam::975050024946:instance-profile/mern-ec2-instance-profile",
            "create_date": "2026-02-05T15:04:45Z",
            "id": "mern-ec2-instance-profile",
            "name": "mern-ec2-instance-profile",
            "name_prefix": "",
            "path": "/",
            "role": "mern-ec2-role",
            "tags": null,
            "tags_all": {},
            "unique_id": "AIPA6GBMCU7ZGINNM4N7M"
          },
          "sensitive_attributes": [],
          "identity_schema_version": 0,
          "private": "bnVsbA==",
          "dependencies": [
            "aws_iam_role.ec2_role"
          ]
        }
      ]
    },
    {
      "mode": "managed",
      "type": "aws_iam_role",
      "name": "ec2_role",
      "provider": "provider[\"registry.terraform.io/hashicorp/aws\"]",
      "instances": [
        {
          "schema_version": 0,
          "attributes": {
            "arn": "arn:aws:iam::975050024946:role/mern-ec2-role",
            "assume_role_policy": "{\"Statement\":[{\"Action\":\"sts:AssumeRole\",\"Effect\":\"Allow\",\"Principal\":{\"Service\":\"ec2.amazonaws.com\"}}],\"Version\":\"2012-10-17\"}",
            "create_date": "2026-02-05T15:04:43Z",
            "description": "",
            "force_detach_policies": false,
            "id": "mern-ec2-role",
            "inline_policy": [],
            "managed_policy_arns": [],
            "max_session_duration": 3600,
            "name": "mern-ec2-role",
            "name_prefix": "",
            "path": "/",
            "permissions_boundary": "",
            "tags": null,
            "tags_all": {},
            "unique_id": "AROA6GBMCU7ZOXP7ADCLE"
          },
          "sensitive_attributes": [],
          "identity_schema_version": 0,
          "identity": {
            "account_id": "975050024946",
            "name": "mern-ec2-role"
          },
          "private": "bnVsbA=="
        }
      ]
    },
    {
      "mode": "managed",
      "type": "aws_iam_role_policy_attachment",
      "name": "cloudwatch",
      "provider": "provider[\"registry.terraform.io/hashicorp/aws\"]",
      "instances": [
        {
          "schema_version": 0,
          "attributes": {
            "id": "mern-ec2-role/arn:aws:iam::aws:policy/CloudWatchAgentServerPolicy",
            "policy_arn": "arn:aws:iam::aws:policy/CloudWatchAgentServerPolicy",
            "role": "mern-ec2-role"
          },
          "sensitive_attributes": [],
          "identity_schema_version": 0,
          "identity": {
            "account_id": "975050024946",
            "policy_arn": "arn:aws:iam::aws:policy/CloudWatchAgentServerPolicy",
            "role": "mern-ec2-role"
          },
          "private": "bnVsbA==",
          "dependencies": [
            "aws_iam_role.ec2_role"
          ]
        }
      ]
    },
    {
      "mode": "managed",
      "type": "aws_iam_role_policy_attachment",
      "name": "ec2_full_access",
      "provider": "provider[\"registry.terraform.io/hashicorp/aws\"]",
      "instances": [
        {
          "schema_version": 0,
          "attributes": {
            "id": "mern-ec2-role/arn:aws:iam::aws:policy/AmazonEC2FullAccess",
            "policy_arn": "arn:aws:iam::aws:policy/AmazonEC2FullAccess",
            "role": "mern-ec2-role"
          },
          "sensitive_attributes": [],
          "identity_schema_version": 0,
          "identity": {
            "account_id": "975050024946",
            "policy_arn": "arn:aws:iam::aws:policy/AmazonEC2FullAccess",
            "role": "mern-ec2-role"
          },
          "private": "bnVsbA==",
          "dependencies": [
            "aws_iam_role.ec2_role"
          ]
        }
      ]
    },
    {
      "mode": "managed",
      "type": "aws_iam_role_policy_attachment",
      "name": "ssm",
      "provider": "provider[\"registry.terraform.io/hashicorp/aws\"]",
      "instances": [
        {
          "schema_version": 0,
          "attributes": {
            "id": "mern-ec2-role/arn:aws:iam::aws:policy/AmazonSSMManagedInstanceCore",
            "policy_arn": "arn:aws:iam::aws:policy/AmazonSSMManagedInstanceCore",
            "role": "mern-ec2-role"
          },
          "sensitive_attributes": [],
          "identity_schema_version": 0,
          "identity": {
            "account_id": "975050024946",
            "policy_arn": "arn:aws:iam::aws:policy/AmazonSSMManagedInstanceCore",
            "role": "mern-ec2-role"
          },
          "private": "bnVsbA==",
          "dependencies": [
            "aws_iam_role.ec2_role"
          ]
        }
      ]
    },
    {
      "mode": "managed",
      "type": "aws_instance",
      "name": "adish_db",
      "provider": "provider[\"registry.terraform.io/hashicorp/aws\"]",
      "instances": [
        {
          "schema_version": 2,
          "attributes": {
            "ami": "ami-018ff7ece22bf96db",
            "arn": "arn:aws:ec2:eu-west-2:975050024946:instance/i-09f9e02540646e4a1",
            "associate_public_ip_address": false,
            "availability_zone": "eu-west-2c",
            "capacity_reservation_specification": [
              {
                "capacity_reservation_preference": "open",
                "capacity_reservation_target": []
              }
            ],
            "cpu_options": [
              {
                "amd_sev_snp": "",
                "core_count": 1,
                "threads_per_core": 2
              }
            ],
            "credit_specification": [
              {
                "cpu_credits": "unlimited"
              }
            ],
            "disable_api_stop": false,
            "disable_api_termination": false,
            "ebs_block_device": [],
            "ebs_optimized": false,
            "enable_primary_ipv6": null,
            "enclave_options": [
              {
                "enabled": false
              }
            ],
            "ephemeral_block_device": [],
            "force_destroy": false,
            "get_password_data": false,
            "hibernation": false,
            "host_id": "",
            "host_resource_group_arn": null,
            "iam_instance_profile": "mern-ec2-instance-profile",
            "id": "i-09f9e02540646e4a1",
            "instance_initiated_shutdown_behavior": "stop",
            "instance_lifecycle": "",
            "instance_market_options": [],
            "instance_state": "running",
            "instance_type": "t3.medium",
            "ipv6_address_count": 0,
            "ipv6_addresses": [],
            "key_name": "MERNAppDeployment",
            "launch_template": [],
            "maintenance_options": [
              {
                "auto_recovery": "default"
              }
            ],
            "metadata_options": [
              {
                "http_endpoint": "enabled",
                "http_protocol_ipv6": "disabled",
                "http_put_response_hop_limit": 2,
                "http_tokens": "required",
                "instance_metadata_tags": "disabled"
              }
            ],
            "monitoring": false,
            "network_interface": [],
            "outpost_arn": "",
            "password_data": "",
            "placement_group": "",
            "placement_group_id": "",
            "placement_partition_number": 0,
            "primary_network_interface": [
              {
                "delete_on_termination": true,
                "network_interface_id": "eni-05b3993823ff8d730"
              }
            ],
            "primary_network_interface_id": "eni-05b3993823ff8d730",
            "private_dns": "ip-10-0-2-153.eu-west-2.compute.internal",
            "private_dns_name_options": [
              {
                "enable_resource_name_dns_a_record": false,
                "enable_resource_name_dns_aaaa_record": false,
                "hostname_type": "ip-name"
              }
            ],
            "private_ip": "10.0.2.153",
            "public_dns": "",
            "public_ip": "",
            "region": "eu-west-2",
            "root_block_device": [
              {
                "delete_on_termination": true,
                "device_name": "/dev/sda1",
                "encrypted": false,
                "iops": 3000,
                "kms_key_id": "",
                "tags": {},
                "tags_all": {},
                "throughput": 125,
                "volume_id": "vol-09eb34f54efe094f9",
                "volume_size": 8,
                "volume_type": "gp3"
              }
            ],
            "secondary_private_ips": [],
            "security_groups": [
              "sg-0107c3fdb9e14ca1a"
            ],
            "source_dest_check": true,
            "spot_instance_request_id": "",
            "subnet_id": "subnet-0b9edaf5b19b39de7",
            "tags": {
              "Name": "adish-mern-db-server"
            },
            "tags_all": {
              "Name": "adish-mern-db-server"
            },
            "tenancy": "default",
            "timeouts": null,
            "user_data": null,
            "user_data_base64": null,
            "user_data_replace_on_change": false,
            "volume_tags": null,
            "vpc_security_group_ids": [
              "sg-0107c3fdb9e14ca1a"
            ]
          },
          "sensitive_attributes": [],
          "identity_schema_version": 0,
          "identity": {
            "account_id": "975050024946",
            "id": "i-09f9e02540646e4a1",
            "region": "eu-west-2"
          },
          "private": "eyJlMmJmYjczMC1lY2FhLTExZTYtOGY4OC0zNDM2M2JjN2M0YzAiOnsiY3JlYXRlIjo2MDAwMDAwMDAwMDAsImRlbGV0ZSI6MTIwMDAwMDAwMDAwMCwicmVhZCI6OTAwMDAwMDAwMDAwLCJ1cGRhdGUiOjYwMDAwMDAwMDAwMH0sInNjaGVtYV92ZXJzaW9uIjoiMiJ9",
          "dependencies": [
            "aws_iam_instance_profile.ec2_profile",
            "aws_iam_role.ec2_role",
            "aws_key_pair.mern_keypair",
            "aws_security_group.adish-db_sg",
            "aws_security_group.adish-web_sg",
            "aws_subnet.private_subnet",
            "aws_vpc.adish-mern_vpc",
            "tls_private_key.mern_key"
          ]
        }
      ]
    },
    {
      "mode": "managed",
      "type": "aws_internet_gateway",
      "name": "adish-igw",
      "provider": "provider[\"registry.terraform.io/hashicorp/aws\"]",
      "instances": [
        {
          "schema_version": 0,
          "attributes": {
            "arn": "arn:aws:ec2:eu-west-2:975050024946:internet-gateway/igw-09e8837891ef8177e",
            "id": "igw-09e8837891ef8177e",
            "owner_id": "975050024946",
            "region": "eu-west-2",
            "tags": {},
            "tags_all": {},
            "timeouts": null,
            "vpc_id": "vpc-00a90ad72e2d7d2e4"
          },
          "sensitive_attributes": [],
          "identity_schema_version": 0,
          "private": "eyJlMmJmYjczMC1lY2FhLTExZTYtOGY4OC0zNDM2M2JjN2M0YzAiOnsiY3JlYXRlIjoxMjAwMDAwMDAwMDAwLCJkZWxldGUiOjEyMDAwMDAwMDAwMDAsInVwZGF0ZSI6MTIwMDAwMDAwMDAwMH19",
          "dependencies": [
            "aws_vpc.adish-mern_vpc"
          ]
        }
      ]
    },
    {
      "mode": "managed",
      "type": "aws_key_pair",
      "name": "mern_keypair",
      "provider": "provider[\"registry.terraform.io/hashicorp/aws\"]",
      "instances": [
        {
          "schema_version": 1,
          "attributes": {
            "arn": "arn:aws:ec2:eu-west-2:975050024946:key-pair/MERNAppDeployment",
            "fingerprint": "d2:93:a6:d1:32:3c:af:24:3e:af:36:73:bb:ea:a7:82",
            "id": "MERNAppDeployment",
            "key_name": "MERNAppDeployment",
            "key_name_prefix": "",
            "key_pair_id": "key-0787c618cf1eb149b",
            "key_type": "rsa",
            "public_key": "ssh-rsa AAAAB3NzaC1yc2EAAAADAQABAAABAQDZmf87g4iPt1b4f/OWsjtNh6yj2eSmOTA1U3Cy7Xwm0ihprjXUSUsJbCadnjv2WWTTT4eMpfty9PyG+Qusj4CY5ltDIWRTmj2A3QCkoUGkzz3eNk4LQZw5bppPQsaBzi8kyKG42CZ7cNlY5jNIdd0P4Rsug4lHUuxgxUki3K/rFK3cSe3kK/E9kGISPJCyx41Y+8YJktojnqObWVK0yIcbrts6neELpBj38n8CtL9Q+tBFBRwdZCVvRq3lEY3/oVcRoCytOEw3s4TD8/EdoWAF4zC6KudxQIm4ACk6k3VlHTIAMHauTtkUIusWxh91ZpiQWUJg2S2L5MGXmlQDZF+j",
            "region": "eu-west-2",
            "tags": {},
            "tags_all": {}
          },
          "sensitive_attributes": [],
          "identity_schema_version": 0,
          "private": "eyJzY2hlbWFfdmVyc2lvbiI6IjEifQ==",
          "dependencies": [
            "tls_private_key.mern_key"
          ]
        }
      ]
    },
    {
      "mode": "managed",
      "type": "aws_nat_gateway",
      "name": "nat",
      "provider": "provider[\"registry.terraform.io/hashicorp/aws\"]",
      "instances": [
        {
          "schema_version": 0,
          "attributes": {
            "allocation_id": "eipalloc-0cb862cac0e7272d5",
            "association_id": "eipassoc-0a3a298d1fdb7673c",
            "auto_provision_zones": null,
            "auto_scaling_ips": null,
            "availability_mode": "zonal",
            "availability_zone_address": [],
            "connectivity_type": "public",
            "id": "nat-0ed2188f3c2fd298b",
            "network_interface_id": "eni-0b5c06964f3621456",
            "private_ip": "10.0.1.168",
            "public_ip": "13.41.182.42",
            "region": "eu-west-2",
            "regional_nat_gateway_address": [],
            "regional_nat_gateway_auto_mode": null,
            "route_table_id": null,
            "secondary_allocation_ids": [],
            "secondary_private_ip_address_count": 0,
            "secondary_private_ip_addresses": [],
            "subnet_id": "subnet-097ed85ab7426371f",
            "tags": {},
            "tags_all": {},
            "timeouts": null,
            "vpc_id": "vpc-00a90ad72e2d7d2e4"
          },
          "sensitive_attributes": [],
          "identity_schema_version": 0,
          "private": "eyJlMmJmYjczMC1lY2FhLTExZTYtOGY4OC0zNDM2M2JjN2M0YzAiOnsiY3JlYXRlIjo2MDAwMDAwMDAwMDAsImRlbGV0ZSI6MTgwMDAwMDAwMDAwMCwidXBkYXRlIjo2MDAwMDAwMDAwMDB9fQ==",
          "dependencies": [
            "aws_eip.nat_eip",
            "aws_subnet.public_subnet",
            "aws_vpc.adish-mern_vpc"
          ]
        }
      ]
    },
    {
      "mode": "managed",
      "type": "aws_route_table",
      "name": "adish-private-rt",
      "provider": "provider[\"registry.terraform.io/hashicorp/aws\"]",
      "instances": [
        {
          "schema_version": 0,
          "attributes": {
            "arn": "arn:aws:ec2:eu-west-2:975050024946:route-table/rtb-09badace7f03de2f1",
            "id": "rtb-09badace7f03de2f1",
            "owner_id": "975050024946",
            "propagating_vgws": [],
            "region": "eu-west-2",
            "route": [
              {
                "carrier_gateway_id": "",
                "cidr_block": "0.0.0.0/0",
                "core_network_arn": "",
                "destination_prefix_list_id": "",
                "egress_only_gateway_id": "",
                "gateway_id": "",
                "ipv6_cidr_block": "",
                "local_gateway_id": "",
                "nat_gateway_id": "nat-0ed2188f3c2fd298b",
                "network_interface_id": "",
                "transit_gateway_id": "",
                "vpc_endpoint_id": "",
                "vpc_peering_connection_id": ""
              }
            ],
            "tags": {},
            "tags_all": {},
            "timeouts": null,
            "vpc_id": "vpc-00a90ad72e2d7d2e4"
          },
          "sensitive_attributes": [],
          "identity_schema_version": 0,
          "identity": {
            "account_id": "975050024946",
            "id": "rtb-09badace7f03de2f1",
            "region": "eu-west-2"
          },
          "private": "eyJlMmJmYjczMC1lY2FhLTExZTYtOGY4OC0zNDM2M2JjN2M0YzAiOnsiY3JlYXRlIjozMDAwMDAwMDAwMDAsImRlbGV0ZSI6MzAwMDAwMDAwMDAwLCJ1cGRhdGUiOjEyMDAwMDAwMDAwMH19",
          "dependencies": [
            "aws_eip.nat_eip",
            "aws_nat_gateway.nat",
            "aws_subnet.public_subnet",
            "aws_vpc.adish-mern_vpc"
          ]
        }
      ]
    },
    {
      "mode": "managed",
      "type": "aws_route_table",
      "name": "adish-public-rt",
      "provider": "provider[\"registry.terraform.io/hashicorp/aws\"]",
      "instances": [
        {
          "schema_version": 0,
          "attributes": {
            "arn": "arn:aws:ec2:eu-west-2:975050024946:route-table/rtb-0d1b1953e3ebdac4c",
            "id": "rtb-0d1b1953e3ebdac4c",
            "owner_id": "975050024946",
            "propagating_vgws": [],
            "region": "eu-west-2",
            "route": [
              {
                "carrier_gateway_id": "",
                "cidr_block": "0.0.0.0/0",
                "core_network_arn": "",
                "destination_prefix_list_id": "",
                "egress_only_gateway_id": "",
                "gateway_id": "igw-09e8837891ef8177e",
                "ipv6_cidr_block": "",
                "local_gateway_id": "",
                "nat_gateway_id": "",
                "network_interface_id": "",
                "transit_gateway_id": "",
                "vpc_endpoint_id": "",
                "vpc_peering_connection_id": ""
              }
            ],
            "tags": {},
            "tags_all": {},
            "timeouts": null,
            "vpc_id": "vpc-00a90ad72e2d7d2e4"
          },
          "sensitive_attributes": [],
          "identity_schema_version": 0,
          "identity": {
            "account_id": "975050024946",
            "id": "rtb-0d1b1953e3ebdac4c",
            "region": "eu-west-2"
          },
          "private": "eyJlMmJmYjczMC1lY2FhLTExZTYtOGY4OC0zNDM2M2JjN2M0YzAiOnsiY3JlYXRlIjozMDAwMDAwMDAwMDAsImRlbGV0ZSI6MzAwMDAwMDAwMDAwLCJ1cGRhdGUiOjEyMDAwMDAwMDAwMH19",
          "dependencies": [
            "aws_internet_gateway.adish-igw",
            "aws_vpc.adish-mern_vpc"
          ]
        }
      ]
    },
    {
      "mode": "managed",
      "type": "aws_security_group",
      "name": "adish-db_sg",
      "provider": "provider[\"registry.terraform.io/hashicorp/aws\"]",
      "instances": [
        {
          "schema_version": 1,
          "attributes": {
            "arn": "arn:aws:ec2:eu-west-2:975050024946:security-group/sg-0107c3fdb9e14ca1a",
            "description": "Managed by Terraform",
            "egress": [],
            "id": "sg-0107c3fdb9e14ca1a",
            "ingress": [
              {
                "cidr_blocks": [],
                "description": "",
                "from_port": 27017,
                "ipv6_cidr_blocks": [],
                "prefix_list_ids": [],
                "protocol": "tcp",
                "security_groups": [
                  "sg-0c6afc1e2ebedad3c"
                ],
                "self": false,
                "to_port": 27017
              }
            ],
            "name": "terraform-20260205150105647300000003",
            "name_prefix": "terraform-",
            "owner_id": "975050024946",
            "region": "eu-west-2",
            "revoke_rules_on_delete": false,
            "tags": {},
            "tags_all": {},
            "timeouts": null,
            "vpc_id": "vpc-00a90ad72e2d7d2e4"
          },
          "sensitive_attributes": [],
          "identity_schema_version": 0,
          "identity": {
            "account_id": "975050024946",
            "id": "sg-0107c3fdb9e14ca1a",
            "region": "eu-west-2"
          },
          "private": "eyJlMmJmYjczMC1lY2FhLTExZTYtOGY4OC0zNDM2M2JjN2M0YzAiOnsiY3JlYXRlIjo2MDAwMDAwMDAwMDAsImRlbGV0ZSI6OTAwMDAwMDAwMDAwfSwic2NoZW1hX3ZlcnNpb24iOiIxIn0=",
          "dependencies": [
            "aws_security_group.adish-web_sg",
            "aws_vpc.adish-mern_vpc"
          ]
        }
      ]
    },
    {
      "mode": "managed",
      "type": "aws_security_group",
      "name": "adish-web_sg",
      "provider": "provider[\"registry.terraform.io/hashicorp/aws\"]",
      "instances": [
        {
          "schema_version": 1,
          "attributes": {
            "arn": "arn:aws:ec2:eu-west-2:975050024946:security-group/sg-0c6afc1e2ebedad3c",
            "description": "Managed by Terraform",
            "egress": [
              {
                "cidr_blocks": [
                  "0.0.0.0/0"
                ],
                "description": "",
                "from_port": 0,
                "ipv6_cidr_blocks": [],
                "prefix_list_ids": [],
                "protocol": "-1",
                "security_groups": [],
                "self": false,
                "to_port": 0
              }
            ],
            "id": "sg-0c6afc1e2ebedad3c",
            "ingress": [
              {
                "cidr_blocks": [
                  "0.0.0.0/0"
                ],
                "description": "",
                "from_port": 3000,
                "ipv6_cidr_blocks": [],
                "prefix_list_ids": [],
                "protocol": "tcp",
                "security_groups": [],
                "self": false,
                "to_port": 3000
              },
              {
                "cidr_blocks": [
                  "203.0.113.25/32"
                ],
                "description": "",
                "from_port": 22,
                "ipv6_cidr_blocks": [],
                "prefix_list_ids": [],
                "protocol": "tcp",
                "security_groups": [],
                "self": false,
                "to_port": 22
              }
            ],
            "name": "terraform-20260205150058449800000001",
            "name_prefix": "terraform-",
            "owner_id": "975050024946",
            "region": "eu-west-2",
            "revoke_rules_on_delete": false,
            "tags": {},
            "tags_all": {},
            "timeouts": null,
            "vpc_id": "vpc-00a90ad72e2d7d2e4"
          },
          "sensitive_attributes": [],
          "identity_schema_version": 0,
          "identity": {
            "account_id": "975050024946",
            "id": "sg-0c6afc1e2ebedad3c",
            "region": "eu-west-2"
          },
          "private": "eyJlMmJmYjczMC1lY2FhLTExZTYtOGY4OC0zNDM2M2JjN2M0YzAiOnsiY3JlYXRlIjo2MDAwMDAwMDAwMDAsImRlbGV0ZSI6OTAwMDAwMDAwMDAwfSwic2NoZW1hX3ZlcnNpb24iOiIxIn0=",
          "dependencies": [
            "aws_vpc.adish-mern_vpc"
          ]
        }
      ]
    },
    {
      "mode": "managed",
      "type": "aws_subnet",
      "name": "private_subnet",
      "provider": "provider[\"registry.terraform.io/hashicorp/aws\"]",
      "instances": [
        {
          "schema_version": 1,
          "attributes": {
            "arn": "arn:aws:ec2:eu-west-2:975050024946:subnet/subnet-0b9edaf5b19b39de7",
            "assign_ipv6_address_on_creation": false,
            "availability_zone": "eu-west-2c",
            "availability_zone_id": "euw2-az1",
            "cidr_block": "10.0.2.0/24",
            "customer_owned_ipv4_pool": "",
            "enable_dns64": false,
            "enable_lni_at_device_index": 0,
            "enable_resource_name_dns_a_record_on_launch": false,
            "enable_resource_name_dns_aaaa_record_on_launch": false,
            "id": "subnet-0b9edaf5b19b39de7",
            "ipv6_cidr_block": "",
            "ipv6_cidr_block_association_id": "",
            "ipv6_native": false,
            "map_customer_owned_ip_on_launch": false,
            "map_public_ip_on_launch": false,
            "outpost_arn": "",
            "owner_id": "975050024946",
            "private_dns_hostname_type_on_launch": "ip-name",
            "region": "eu-west-2",
            "tags": {},
            "tags_all": {},
            "timeouts": null,
            "vpc_id": "vpc-00a90ad72e2d7d2e4"
          },
          "sensitive_attributes": [],
          "identity_schema_version": 0,
          "identity": {
            "account_id": "975050024946",
            "id": "subnet-0b9edaf5b19b39de7",
            "region": "eu-west-2"
          },
          "private": "eyJlMmJmYjczMC1lY2FhLTExZTYtOGY4OC0zNDM2M2JjN2M0YzAiOnsiY3JlYXRlIjo2MDAwMDAwMDAwMDAsImRlbGV0ZSI6MTIwMDAwMDAwMDAwMH0sInNjaGVtYV92ZXJzaW9uIjoiMSJ9",
          "dependencies": [
            "aws_vpc.adish-mern_vpc"
          ]
        }
      ]
    },
    {
      "mode": "managed",
      "type": "aws_subnet",
      "name": "public_subnet",
      "provider": "provider[\"registry.terraform.io/hashicorp/aws\"]",
      "instances": [
        {
          "schema_version": 1,
          "attributes": {
            "arn": "arn:aws:ec2:eu-west-2:975050024946:subnet/subnet-097ed85ab7426371f",
            "assign_ipv6_address_on_creation": false,
            "availability_zone": "eu-west-2b",
            "availability_zone_id": "euw2-az3",
            "cidr_block": "10.0.1.0/24",
            "customer_owned_ipv4_pool": "",
            "enable_dns64": false,
            "enable_lni_at_device_index": 0,
            "enable_resource_name_dns_a_record_on_launch": false,
            "enable_resource_name_dns_aaaa_record_on_launch": false,
            "id": "subnet-097ed85ab7426371f",
            "ipv6_cidr_block": "",
            "ipv6_cidr_block_association_id": "",
            "ipv6_native": false,
            "map_customer_owned_ip_on_launch": false,
            "map_public_ip_on_launch": true,
            "outpost_arn": "",
            "owner_id": "975050024946",
            "private_dns_hostname_type_on_launch": "ip-name",
            "region": "eu-west-2",
            "tags": {},
            "tags_all": {},
            "timeouts": null,
            "vpc_id": "vpc-00a90ad72e2d7d2e4"
          },
          "sensitive_attributes": [],
          "identity_schema_version": 0,
          "identity": {
            "account_id": "975050024946",
            "id": "subnet-097ed85ab7426371f",
            "region": "eu-west-2"
          },
          "private": "eyJlMmJmYjczMC1lY2FhLTExZTYtOGY4OC0zNDM2M2JjN2M0YzAiOnsiY3JlYXRlIjo2MDAwMDAwMDAwMDAsImRlbGV0ZSI6MTIwMDAwMDAwMDAwMH0sInNjaGVtYV92ZXJzaW9uIjoiMSJ9",
          "dependencies": [
            "aws_vpc.adish-mern_vpc"
          ]
        }
      ]
    },
    {
      "mode": "managed",
      "type": "aws_vpc",
      "name": "adish-mern_vpc",
      "provider": "provider[\"registry.terraform.io/hashicorp/aws\"]",
      "instances": [
        {
          "schema_version": 1,
          "attributes": {
            "arn": "arn:aws:ec2:eu-west-2:975050024946:vpc/vpc-00a90ad72e2d7d2e4",
            "assign_generated_ipv6_cidr_block": false,
            "cidr_block": "10.0.0.0/16",
            "default_network_acl_id": "acl-05d364fec93a15813",
            "default_route_table_id": "rtb-06a559ab1866218b1",
            "default_security_group_id": "sg-03668402ae4ee8964",
            "dhcp_options_id": "dopt-004ef3a8c8b398f6d",
            "enable_dns_hostnames": true,
            "enable_dns_support": true,
            "enable_network_address_usage_metrics": false,
            "id": "vpc-00a90ad72e2d7d2e4",
            "instance_tenancy": "default",
            "ipv4_ipam_pool_id": null,
            "ipv4_netmask_length": null,
            "ipv6_association_id": "",
            "ipv6_cidr_block": "",
            "ipv6_cidr_block_network_border_group": "",
            "ipv6_ipam_pool_id": "",
            "ipv6_netmask_length": 0,
            "main_route_table_id": "rtb-06a559ab1866218b1",
            "owner_id": "975050024946",
            "region": "eu-west-2",
            "tags": {
              "Name": "adish-mern-vpc"
            },
            "tags_all": {
              "Name": "adish-mern-vpc"
            }
          },
          "sensitive_attributes": [],
          "identity_schema_version": 0,
          "identity": {
            "account_id": "975050024946",
            "id": "vpc-00a90ad72e2d7d2e4",
            "region": "eu-west-2"
          },
          "private": "eyJzY2hlbWFfdmVyc2lvbiI6IjEifQ=="
        }
      ]
    },
    {
      "mode": "managed",
      "type": "local_file",
      "name": "private_key",
      "provider": "provider[\"registry.terraform.io/hashicorp/local\"]",
      "instances": [
        {
          "schema_version": 0,
          "attributes": {
            "content": "-----BEGIN RSA PRIVATE KEY-----\nMIIEowIBAAKCAQEA2Zn/O4OIj7dW+H/zlrI7TYeso9nkpjkwNVNwsu18JtIoaa41\n1ElLCWwmnZ479llk00+HjKX7cvT8hvkLrI+AmOZbQyFkU5o9gN0ApKFBpM893jZO\nC0GcOW6aT0LGgc4vJMihuNgme3DZWOYzSHXdD+EbLoOJR1LsYMVJItyv6xSt3Ent\n5CvxPZBiEjyQsseNWPvGCZLaI56jm1lStMiHG67bOp3hC6QY9/J/ArS/UPrQRQUc\nHWQlb0at5RGN/6FXEaAsrThMN7OEw/PxHaFgBeMwuirncUCJuAApOpN1ZR0yADB2\nrk7ZFCLrFsYfdWaYkFlCYNkti+TBl5pUA2RfowIDAQABAoIBAAWRS/dXsLf4pBgx\n8edtAlkZURX/fmWwYzw3Y9P4K+vfBwYD3UBkFbA/3PxobuFT5+FY5hTNBGeBvtpX\nPJtlhTqkSOPT/WSpjCGkG0mbD0+/tmCypAGOuV1mJ+WXmvZO8mQvC/rrm48fU+L9\n6i7+8QaLJxkOvYWefgol0hllwHczy/4Gv5YyOO10gHTW2gL5CLphxg5YJjw809By\nIaQBQ5gWS4o2dBWtT4IJFlqFitBborfYyMH8tuMijB81OXkCNDGJs1j6WO1lyfN7\nxRS2OwURZA2wsAVYmN4L3yAES36Aut/kKaVWIU+fuGcx4cemV45MKMGlKjYUb3eK\n/z+b25ECgYEA4cX2OZjxSIzXdTPj+RZ40s7+sTY42c+vCKn9xpVXLKJEHJf6R73G\naehUsHb3g6GLeAnH6xIkHDK1pKfP0ELoKiyxos+o9tL/jsZOSXilej0Uk5eAuuUt\nzlNHEAdJtaOpmSyT/MHf0rbviiQF8CQze861AefptDnsdMMFEOZTyNMCgYEA9rv2\nE10yZVyc2QU6xKy2YrDktveavwC/VB0bAZShbc9CWCr/qd/Oy7w+qQYK8PGZXimo\nBK19h6TS5hyo9/HZvUGrNCPijW+wA72El5327Qqe9m8qdbiiaVztB9Aq2370nuoz\nVS5yO9xx/oPrrIAtdSffEmv4elN5ZlrV0m2Hy/ECgYB6S+1wjbRFhGVBi3Y1+0I/\njvjPrXtmIOXDX7Gj3El4V/1lL73XFqlfvQYDAK5akyslPscYQp9k1uMl6fDb8yIn\nlkYy1yHDcdAU2r6VddDNQkDfIfYNRw9k8B9SQ2BeD+VSn58aDzravVVMEu9UgYeR\nzQqnmaQyiB3ZsboQyXMhGQKBgQCg2AljuDaZM1WgeDNGcRz4mz6OND2x1CfmCo9H\naYAO2LT0SxudvyPNVus2PpU1WxpS8y7v1bVmjsFZd0eDUytRoBSeieIvt6Zz2cEt\nIbIN9wWHuxJf6bwemZB/rmmx60JGsoBCQGQBuASsGY2yR2Da5eIa3T3/aJlUa1TG\nt9Z10QKBgDcoCbZwLDm4MrpsADxI/0hsQULVI6Aiv8lyGUQAjmI1icdpTXiMynFK\nWhZyScfLS4J8CB6ADy6V1k+l1goD9phrYepQm1W68excrxNc5DSTzNV5oZMgP7iH\nvZfv14n56LhjS1dHiciuJi/rPJQPOBNRLKqJ3ZpncX+hGYCZJlw5\n-----END RSA PRIVATE KEY-----\n",
            "content_base64": null,
            "content_base64sha256": "/xz5ifkE9QKsNlmQ5JUfrkDyXIWTap2IY+ibc0N/ZbM=",
            "content_base64sha512": "xPcSr9NrDwLGt7TDtpRG/tmoQQGgZiKmXuAk00uGiFtm9ZwyO/IhTeVDUw5cizgSMqP3hUD+mp2ac2NphjkECg==",
            "content_md5": "9cfe4133d723ea5e0845750d22247675",
            "content_sha1": "2fd628314a533c098f135a898b274cb790e15ce5",
            "content_sha256": "ff1cf989f904f502ac365990e4951fae40f25c85936a9d8863e89b73437f65b3",
            "content_sha512": "c4f712afd36b0f02c6b7b4c3b69446fed9a84101a06622a65ee024d34b86885b66f59c323bf2214de543530e5c8b381232a3f78540fe9a9d9a7363698639040a",
            "directory_permission": "0777",
            "file_permission": "0600",
            "filename": "./MERNAppDeployment.pem",
            "id": "2fd628314a533c098f135a898b274cb790e15ce5",
            "sensitive_content": null,
            "source": null
          },
          "sensitive_attributes": [
            [
              {
                "type": "get_attr",
                "value": "content"
              }
            ],
            [
              {
                "type": "get_attr",
                "value": "sensitive_content"
              }
            ]
          ],
          "identity_schema_version": 0,
          "dependencies": [
            "tls_private_key.mern_key"
          ]
        }
      ]
    },
    {
      "mode": "managed",
      "type": "tls_private_key",
      "name": "mern_key",
      "provider": "provider[\"registry.terraform.io/hashicorp/tls\"]",
      "instances": [
        {
          "schema_version": 1,
          "attributes": {
            "algorithm": "RSA",
            "ecdsa_curve": "P224",
            "id": "da3b4744550a22ebdf9c445fcd423bfd20b2586f",
            "private_key_openssh": "-----BEGIN OPENSSH PRIVATE KEY-----\nb3BlbnNzaC1rZXktdjEAAAAABG5vbmUAAAAEbm9uZQAAAAAAAAABAAABFwAAAAdz\nc2gtcnNhAAAAAwEAAQAAAQEA2Zn/O4OIj7dW+H/zlrI7TYeso9nkpjkwNVNwsu18\nJtIoaa411ElLCWwmnZ479llk00+HjKX7cvT8hvkLrI+AmOZbQyFkU5o9gN0ApKFB\npM893jZOC0GcOW6aT0LGgc4vJMihuNgme3DZWOYzSHXdD+EbLoOJR1LsYMVJItyv\n6xSt3Ent5CvxPZBiEjyQsseNWPvGCZLaI56jm1lStMiHG67bOp3hC6QY9/J/ArS/\nUPrQRQUcHWQlb0at5RGN/6FXEaAsrThMN7OEw/PxHaFgBeMwuirncUCJuAApOpN1\nZR0yADB2rk7ZFCLrFsYfdWaYkFlCYNkti+TBl5pUA2RfowAAA7jGwpeqxsKXqgAA\nAAdzc2gtcnNhAAABAQDZmf87g4iPt1b4f/OWsjtNh6yj2eSmOTA1U3Cy7Xwm0ihp\nrjXUSUsJbCadnjv2WWTTT4eMpfty9PyG+Qusj4CY5ltDIWRTmj2A3QCkoUGkzz3e\nNk4LQZw5bppPQsaBzi8kyKG42CZ7cNlY5jNIdd0P4Rsug4lHUuxgxUki3K/rFK3c\nSe3kK/E9kGISPJCyx41Y+8YJktojnqObWVK0yIcbrts6neELpBj38n8CtL9Q+tBF\nBRwdZCVvRq3lEY3/oVcRoCytOEw3s4TD8/EdoWAF4zC6KudxQIm4ACk6k3VlHTIA\nMHauTtkUIusWxh91ZpiQWUJg2S2L5MGXmlQDZF+jAAAAAwEAAQAAAQAFkUv3V7C3\n+KQYMfHnbQJZGVEV/35lsGM8N2PT+Cvr3wcGA91AZBWwP9z8aG7hU+fhWOYUzQRn\ngb7aVzybZYU6pEjj0/1kqYwhpBtJmw9Pv7ZgsqQBjrldZifll5r2TvJkLwv665uP\nH1Pi/eou/vEGiycZDr2Fnn4KJdIZZcB3M8v+Br+WMjjtdIB01toC+Qi6YcYOWCY8\nPNPQciGkAUOYFkuKNnQVrU+CCRZahYrQW6K32MjB/LbjIowfNTl5AjQxibNY+ljt\nZcnze8UUtjsFEWQNsLAFWJjeC98gBEt+gLrf5CmlViFPn7hnMeHHpleOTCjBpSo2\nFG93iv8/m9uRAAAAgDcoCbZwLDm4MrpsADxI/0hsQULVI6Aiv8lyGUQAjmI1icdp\nTXiMynFKWhZyScfLS4J8CB6ADy6V1k+l1goD9phrYepQm1W68excrxNc5DSTzNV5\noZMgP7iHvZfv14n56LhjS1dHiciuJi/rPJQPOBNRLKqJ3ZpncX+hGYCZJlw5AAAA\ngQDhxfY5mPFIjNd1M+P5FnjSzv6xNjjZz68Iqf3GlVcsokQcl/pHvcZp6FSwdveD\noYt4CcfrEiQcMrWkp8/QQugqLLGiz6j20v+Oxk5JeKV6PRSTl4C65S3OU0cQB0m1\no6mZLJP8wd/Stu+KJAXwJDN7zrUB5+m0Oex0wwUQ5lPI0wAAAIEA9rv2E10yZVyc\n2QU6xKy2YrDktveavwC/VB0bAZShbc9CWCr/qd/Oy7w+qQYK8PGZXimoBK19h6TS\n5hyo9/HZvUGrNCPijW+wA72El5327Qqe9m8qdbiiaVztB9Aq2370nuozVS5yO9xx\n/oPrrIAtdSffEmv4elN5ZlrV0m2Hy/EAAAAAAQID\n-----END OPENSSH PRIVATE KEY-----\n",
            "private_key_pem": "-----BEGIN RSA PRIVATE KEY-----\nMIIEowIBAAKCAQEA2Zn/O4OIj7dW+H/zlrI7TYeso9nkpjkwNVNwsu18JtIoaa41\n1ElLCWwmnZ479llk00+HjKX7cvT8hvkLrI+AmOZbQyFkU5o9gN0ApKFBpM893jZO\nC0GcOW6aT0LGgc4vJMihuNgme3DZWOYzSHXdD+EbLoOJR1LsYMVJItyv6xSt3Ent\n5CvxPZBiEjyQsseNWPvGCZLaI56jm1lStMiHG67bOp3hC6QY9/J/ArS/UPrQRQUc\nHWQlb0at5RGN/6FXEaAsrThMN7OEw/PxHaFgBeMwuirncUCJuAApOpN1ZR0yADB2\nrk7ZFCLrFsYfdWaYkFlCYNkti+TBl5pUA2RfowIDAQABAoIBAAWRS/dXsLf4pBgx\n8edtAlkZURX/fmWwYzw3Y9P4K+vfBwYD3UBkFbA/3PxobuFT5+FY5hTNBGeBvtpX\nPJtlhTqkSOPT/WSpjCGkG0mbD0+/tmCypAGOuV1mJ+WXmvZO8mQvC/rrm48fU+L9\n6i7+8QaLJxkOvYWefgol0hllwHczy/4Gv5YyOO10gHTW2gL5CLphxg5YJjw809By\nIaQBQ5gWS4o2dBWtT4IJFlqFitBborfYyMH8tuMijB81OXkCNDGJs1j6WO1lyfN7\nxRS2OwURZA2wsAVYmN4L3yAES36Aut/kKaVWIU+fuGcx4cemV45MKMGlKjYUb3eK\n/z+b25ECgYEA4cX2OZjxSIzXdTPj+RZ40s7+sTY42c+vCKn9xpVXLKJEHJf6R73G\naehUsHb3g6GLeAnH6xIkHDK1pKfP0ELoKiyxos+o9tL/jsZOSXilej0Uk5eAuuUt\nzlNHEAdJtaOpmSyT/MHf0rbviiQF8CQze861AefptDnsdMMFEOZTyNMCgYEA9rv2\nE10yZVyc2QU6xKy2YrDktveavwC/VB0bAZShbc9CWCr/qd/Oy7w+qQYK8PGZXimo\nBK19h6TS5hyo9/HZvUGrNCPijW+wA72El5327Qqe9m8qdbiiaVztB9Aq2370nuoz\nVS5yO9xx/oPrrIAtdSffEmv4elN5ZlrV0m2Hy/ECgYB6S+1wjbRFhGVBi3Y1+0I/\njvjPrXtmIOXDX7Gj3El4V/1lL73XFqlfvQYDAK5akyslPscYQp9k1uMl6fDb8yIn\nlkYy1yHDcdAU2r6VddDNQkDfIfYNRw9k8B9SQ2BeD+VSn58aDzravVVMEu9UgYeR\nzQqnmaQyiB3ZsboQyXMhGQKBgQCg2AljuDaZM1WgeDNGcRz4mz6OND2x1CfmCo9H\naYAO2LT0SxudvyPNVus2PpU1WxpS8y7v1bVmjsFZd0eDUytRoBSeieIvt6Zz2cEt\nIbIN9wWHuxJf6bwemZB/rmmx60JGsoBCQGQBuASsGY2yR2Da5eIa3T3/aJlUa1TG\nt9Z10QKBgDcoCbZwLDm4MrpsADxI/0hsQULVI6Aiv8lyGUQAjmI1icdpTXiMynFK\nWhZyScfLS4J8CB6ADy6V1k+l1goD9phrYepQm1W68excrxNc5DSTzNV5oZMgP7iH\nvZfv14n56LhjS1dHiciuJi/rPJQPOBNRLKqJ3ZpncX+hGYCZJlw5\n-----END RSA PRIVATE KEY-----\n",
            "private_key_pem_pkcs8": "-----BEGIN PRIVATE KEY-----\nMIIEvQIBADANBgkqhkiG9w0BAQEFAASCBKcwggSjAgEAAoIBAQDZmf87g4iPt1b4\nf/OWsjtNh6yj2eSmOTA1U3Cy7Xwm0ihprjXUSUsJbCadnjv2WWTTT4eMpfty9PyG\n+Qusj4CY5ltDIWRTmj2A3QCkoUGkzz3eNk4LQZw5bppPQsaBzi8kyKG42CZ7cNlY\n5jNIdd0P4Rsug4lHUuxgxUki3K/rFK3cSe3kK/E9kGISPJCyx41Y+8YJktojnqOb\nWVK0yIcbrts6neELpBj38n8CtL9Q+tBFBRwdZCVvRq3lEY3/oVcRoCytOEw3s4TD\n8/EdoWAF4zC6KudxQIm4ACk6k3VlHTIAMHauTtkUIusWxh91ZpiQWUJg2S2L5MGX\nmlQDZF+jAgMBAAECggEABZFL91ewt/ikGDHx520CWRlRFf9+ZbBjPDdj0/gr698H\nBgPdQGQVsD/c/Ghu4VPn4VjmFM0EZ4G+2lc8m2WFOqRI49P9ZKmMIaQbSZsPT7+2\nYLKkAY65XWYn5Zea9k7yZC8L+uubjx9T4v3qLv7xBosnGQ69hZ5+CiXSGWXAdzPL\n/ga/ljI47XSAdNbaAvkIumHGDlgmPDzT0HIhpAFDmBZLijZ0Fa1PggkWWoWK0Fui\nt9jIwfy24yKMHzU5eQI0MYmzWPpY7WXJ83vFFLY7BRFkDbCwBViY3gvfIARLfoC6\n3+QppVYhT5+4ZzHhx6ZXjkwowaUqNhRvd4r/P5vbkQKBgQDhxfY5mPFIjNd1M+P5\nFnjSzv6xNjjZz68Iqf3GlVcsokQcl/pHvcZp6FSwdveDoYt4CcfrEiQcMrWkp8/Q\nQugqLLGiz6j20v+Oxk5JeKV6PRSTl4C65S3OU0cQB0m1o6mZLJP8wd/Stu+KJAXw\nJDN7zrUB5+m0Oex0wwUQ5lPI0wKBgQD2u/YTXTJlXJzZBTrErLZisOS295q/AL9U\nHRsBlKFtz0JYKv+p387LvD6pBgrw8ZleKagErX2HpNLmHKj38dm9Qas0I+KNb7AD\nvYSXnfbtCp72byp1uKJpXO0H0CrbfvSe6jNVLnI73HH+g+usgC11J98Sa/h6U3lm\nWtXSbYfL8QKBgHpL7XCNtEWEZUGLdjX7Qj+O+M+te2Yg5cNfsaPcSXhX/WUvvdcW\nqV+9BgMArlqTKyU+xxhCn2TW4yXp8NvzIieWRjLXIcNx0BTavpV10M1CQN8h9g1H\nD2TwH1JDYF4P5VKfnxoPOtq9VUwS71SBh5HNCqeZpDKIHdmxuhDJcyEZAoGBAKDY\nCWO4NpkzVaB4M0ZxHPibPo40PbHUJ+YKj0dpgA7YtPRLG52/I81W6zY+lTVbGlLz\nLu/VtWaOwVl3R4NTK1GgFJ6J4i+3pnPZwS0hsg33BYe7El/pvB6ZkH+uabHrQkay\ngEJAZAG4BKwZjbJHYNrl4hrdPf9omVRrVMa31nXRAoGANygJtnAsObgyumwAPEj/\nSGxBQtUjoCK/yXIZRACOYjWJx2lNeIzKcUpaFnJJx8tLgnwIHoAPLpXWT6XWCgP2\nmGth6lCbVbrx7FyvE1zkNJPM1XmhkyA/uIe9l+/XifnouGNLV0eJyK4mL+s8lA84\nE1Esqondmmdxf6EZgJkmXDk=\n-----END PRIVATE KEY-----\n",
            "public_key_fingerprint_md5": "1e:a6:7d:69:77:18:27:71:07:db:72:e3:fa:da:33:96",
            "public_key_fingerprint_sha256": "SHA256:M452poZkJDS6mgC8O6wJWyySQHk3RjPgAxDvcNMK53M",
            "public_key_openssh": "ssh-rsa AAAAB3NzaC1yc2EAAAADAQABAAABAQDZmf87g4iPt1b4f/OWsjtNh6yj2eSmOTA1U3Cy7Xwm0ihprjXUSUsJbCadnjv2WWTTT4eMpfty9PyG+Qusj4CY5ltDIWRTmj2A3QCkoUGkzz3eNk4LQZw5bppPQsaBzi8kyKG42CZ7cNlY5jNIdd0P4Rsug4lHUuxgxUki3K/rFK3cSe3kK/E9kGISPJCyx41Y+8YJktojnqObWVK0yIcbrts6neELpBj38n8CtL9Q+tBFBRwdZCVvRq3lEY3/oVcRoCytOEw3s4TD8/EdoWAF4zC6KudxQIm4ACk6k3VlHTIAMHauTtkUIusWxh91ZpiQWUJg2S2L5MGXmlQDZF+j\n",
            "public_key_pem": "-----BEGIN PUBLIC KEY-----\nMIIBIjANBgkqhkiG9w0BAQEFAAOCAQ8AMIIBCgKCAQEA2Zn/O4OIj7dW+H/zlrI7\nTYeso9nkpjkwNVNwsu18JtIoaa411ElLCWwmnZ479llk00+HjKX7cvT8hvkLrI+A\nmOZbQyFkU5o9gN0ApKFBpM893jZOC0GcOW6aT0LGgc4vJMihuNgme3DZWOYzSHXd\nD+EbLoOJR1LsYMVJItyv6xSt3Ent5CvxPZBiEjyQsseNWPvGCZLaI56jm1lStMiH\nG67bOp3hC6QY9/J/ArS/UPrQRQUcHWQlb0at5RGN/6FXEaAsrThMN7OEw/PxHaFg\nBeMwuirncUCJuAApOpN1ZR0yADB2rk7ZFCLrFsYfdWaYkFlCYNkti+TBl5pUA2Rf\nowIDAQAB\n-----END PUBLIC KEY-----\n",
            "rsa_bits": 2048
          },
          "sensitive_attributes": [
            [
              {
                "type": "get_attr",
                "value": "private_key_openssh"
              }
            ],
            [
              {
                "type": "get_attr",
                "value": "private_key_pem"
              }
            ],
            [
              {
                "type": "get_attr",
                "value": "private_key_pem_pkcs8"
              }
            ]
          ],
          "identity_schema_version": 0
        }
      ]
    }
  ],
  "check_results": null
}
