{
  "version": 4,
  "terraform_version": "1.14.2",
  "serial": 296,
  "lineage": "cd9716df-499a-bf0c-51e6-c6654a3c9ee2",
  "outputs": {
    "web_public_ip": {
      "value": "18.171.170.197",
      "type": "string"
    }
  },
  "resources": [
    {
      "mode": "managed",
      "type": "aws_eip",
      "name": "nat_eip",
      "provider": "provider[\"registry.terraform.io/hashicorp/aws\"]",
      "instances": [
        {
          "schema_version": 0,
          "attributes": {
            "address": null,
            "allocation_id": "eipalloc-0826e89fbdeab3c8f",
            "arn": "arn:aws:ec2:eu-west-2:975050024946:elastic-ip/eipalloc-0826e89fbdeab3c8f",
            "associate_with_private_ip": null,
            "association_id": "",
            "carrier_ip": "",
            "customer_owned_ip": "",
            "customer_owned_ipv4_pool": "",
            "domain": "vpc",
            "id": "eipalloc-0826e89fbdeab3c8f",
            "instance": "",
            "ipam_pool_id": null,
            "network_border_group": "eu-west-2",
            "network_interface": "",
            "private_dns": null,
            "private_ip": "",
            "ptr_record": "",
            "public_dns": "ec2-13-135-144-205.eu-west-2.compute.amazonaws.com",
            "public_ip": "13.135.144.205",
            "public_ipv4_pool": "amazon",
            "region": "eu-west-2",
            "tags": null,
            "tags_all": {},
            "timeouts": null
          },
          "sensitive_attributes": [],
          "identity_schema_version": 0,
          "private": "eyJlMmJmYjczMC1lY2FhLTExZTYtOGY4OC0zNDM2M2JjN2M0YzAiOnsiZGVsZXRlIjoxODAwMDAwMDAwMDAsInJlYWQiOjkwMDAwMDAwMDAwMCwidXBkYXRlIjozMDAwMDAwMDAwMDB9fQ=="
        }
      ]
    },
    {
      "mode": "managed",
      "type": "aws_iam_instance_profile",
      "name": "ec2_profile",
      "provider": "provider[\"registry.terraform.io/hashicorp/aws\"]",
      "instances": [
        {
          "schema_version": 0,
          "attributes": {
            "arn": "arn:aws:iam::975050024946:instance-profile/mern-ec2-instance-profile",
            "create_date": "2026-02-17T08:13:36Z",
            "id": "mern-ec2-instance-profile",
            "name": "mern-ec2-instance-profile",
            "name_prefix": "",
            "path": "/",
            "role": "mern-ec2-role",
            "tags": null,
            "tags_all": {},
            "unique_id": "AIPA6GBMCU7ZCSGRC4O4S"
          },
          "sensitive_attributes": [],
          "identity_schema_version": 0,
          "private": "bnVsbA==",
          "dependencies": [
            "aws_iam_role.ec2_role"
          ]
        }
      ]
    },
    {
      "mode": "managed",
      "type": "aws_iam_role",
      "name": "ec2_role",
      "provider": "provider[\"registry.terraform.io/hashicorp/aws\"]",
      "instances": [
        {
          "schema_version": 0,
          "attributes": {
            "arn": "arn:aws:iam::975050024946:role/mern-ec2-role",
            "assume_role_policy": "{\"Statement\":[{\"Action\":\"sts:AssumeRole\",\"Effect\":\"Allow\",\"Principal\":{\"Service\":\"ec2.amazonaws.com\"}}],\"Version\":\"2012-10-17\"}",
            "create_date": "2026-02-17T08:13:34Z",
            "description": "",
            "force_detach_policies": false,
            "id": "mern-ec2-role",
            "inline_policy": [],
            "managed_policy_arns": [],
            "max_session_duration": 3600,
            "name": "mern-ec2-role",
            "name_prefix": "",
            "path": "/",
            "permissions_boundary": "",
            "tags": null,
            "tags_all": {},
            "unique_id": "AROA6GBMCU7ZHP2CCMGEA"
          },
          "sensitive_attributes": [],
          "identity_schema_version": 0,
          "identity": {
            "account_id": "975050024946",
            "name": "mern-ec2-role"
          },
          "private": "bnVsbA=="
        }
      ]
    },
    {
      "mode": "managed",
      "type": "aws_iam_role_policy_attachment",
      "name": "admin_access",
      "provider": "provider[\"registry.terraform.io/hashicorp/aws\"]",
      "instances": [
        {
          "schema_version": 0,
          "attributes": {
            "id": "mern-ec2-role/arn:aws:iam::aws:policy/AdministratorAccess",
            "policy_arn": "arn:aws:iam::aws:policy/AdministratorAccess",
            "role": "mern-ec2-role"
          },
          "sensitive_attributes": [],
          "identity_schema_version": 0,
          "identity": {
            "account_id": "975050024946",
            "policy_arn": "arn:aws:iam::aws:policy/AdministratorAccess",
            "role": "mern-ec2-role"
          },
          "private": "bnVsbA==",
          "dependencies": [
            "aws_iam_role.ec2_role"
          ]
        }
      ]
    },
    {
      "mode": "managed",
      "type": "aws_iam_role_policy_attachment",
      "name": "cloudwatch",
      "provider": "provider[\"registry.terraform.io/hashicorp/aws\"]",
      "instances": [
        {
          "schema_version": 0,
          "attributes": {
            "id": "mern-ec2-role/arn:aws:iam::aws:policy/CloudWatchAgentServerPolicy",
            "policy_arn": "arn:aws:iam::aws:policy/CloudWatchAgentServerPolicy",
            "role": "mern-ec2-role"
          },
          "sensitive_attributes": [],
          "identity_schema_version": 0,
          "identity": {
            "account_id": "975050024946",
            "policy_arn": "arn:aws:iam::aws:policy/CloudWatchAgentServerPolicy",
            "role": "mern-ec2-role"
          },
          "private": "bnVsbA==",
          "dependencies": [
            "aws_iam_role.ec2_role"
          ]
        }
      ]
    },
    {
      "mode": "managed",
      "type": "aws_iam_role_policy_attachment",
      "name": "ec2_full_access",
      "provider": "provider[\"registry.terraform.io/hashicorp/aws\"]",
      "instances": [
        {
          "schema_version": 0,
          "attributes": {
            "id": "mern-ec2-role/arn:aws:iam::aws:policy/AmazonEC2FullAccess",
            "policy_arn": "arn:aws:iam::aws:policy/AmazonEC2FullAccess",
            "role": "mern-ec2-role"
          },
          "sensitive_attributes": [],
          "identity_schema_version": 0,
          "identity": {
            "account_id": "975050024946",
            "policy_arn": "arn:aws:iam::aws:policy/AmazonEC2FullAccess",
            "role": "mern-ec2-role"
          },
          "private": "bnVsbA==",
          "dependencies": [
            "aws_iam_role.ec2_role"
          ]
        }
      ]
    },
    {
      "mode": "managed",
      "type": "aws_iam_role_policy_attachment",
      "name": "ssm",
      "provider": "provider[\"registry.terraform.io/hashicorp/aws\"]",
      "instances": [
        {
          "schema_version": 0,
          "attributes": {
            "id": "mern-ec2-role/arn:aws:iam::aws:policy/AmazonSSMManagedInstanceCore",
            "policy_arn": "arn:aws:iam::aws:policy/AmazonSSMManagedInstanceCore",
            "role": "mern-ec2-role"
          },
          "sensitive_attributes": [],
          "identity_schema_version": 0,
          "identity": {
            "account_id": "975050024946",
            "policy_arn": "arn:aws:iam::aws:policy/AmazonSSMManagedInstanceCore",
            "role": "mern-ec2-role"
          },
          "private": "bnVsbA==",
          "dependencies": [
            "aws_iam_role.ec2_role"
          ]
        }
      ]
    },
    {
      "mode": "managed",
      "type": "aws_instance",
      "name": "adish_db",
      "provider": "provider[\"registry.terraform.io/hashicorp/aws\"]",
      "instances": [
        {
          "schema_version": 2,
          "attributes": {
            "ami": "ami-018ff7ece22bf96db",
            "arn": "arn:aws:ec2:eu-west-2:975050024946:instance/i-0697feea9e990386c",
            "associate_public_ip_address": false,
            "availability_zone": "eu-west-2a",
            "capacity_reservation_specification": [
              {
                "capacity_reservation_preference": "open",
                "capacity_reservation_target": []
              }
            ],
            "cpu_options": [
              {
                "amd_sev_snp": "",
                "core_count": 1,
                "threads_per_core": 2
              }
            ],
            "credit_specification": [
              {
                "cpu_credits": "unlimited"
              }
            ],
            "disable_api_stop": false,
            "disable_api_termination": false,
            "ebs_block_device": [],
            "ebs_optimized": false,
            "enable_primary_ipv6": null,
            "enclave_options": [
              {
                "enabled": false
              }
            ],
            "ephemeral_block_device": [],
            "force_destroy": false,
            "get_password_data": false,
            "hibernation": false,
            "host_id": "",
            "host_resource_group_arn": null,
            "iam_instance_profile": "mern-ec2-instance-profile",
            "id": "i-0697feea9e990386c",
            "instance_initiated_shutdown_behavior": "stop",
            "instance_lifecycle": "",
            "instance_market_options": [],
            "instance_state": "running",
            "instance_type": "t3.medium",
            "ipv6_address_count": 0,
            "ipv6_addresses": [],
            "key_name": "MERNAppAdishKeyPair",
            "launch_template": [],
            "maintenance_options": [
              {
                "auto_recovery": "default"
              }
            ],
            "metadata_options": [
              {
                "http_endpoint": "enabled",
                "http_protocol_ipv6": "disabled",
                "http_put_response_hop_limit": 2,
                "http_tokens": "required",
                "instance_metadata_tags": "disabled"
              }
            ],
            "monitoring": false,
            "network_interface": [],
            "outpost_arn": "",
            "password_data": "",
            "placement_group": "",
            "placement_group_id": "",
            "placement_partition_number": 0,
            "primary_network_interface": [
              {
                "delete_on_termination": true,
                "network_interface_id": "eni-07861db6a4d7ce4e9"
              }
            ],
            "primary_network_interface_id": "eni-07861db6a4d7ce4e9",
            "private_dns": "ip-10-0-2-154.eu-west-2.compute.internal",
            "private_dns_name_options": [
              {
                "enable_resource_name_dns_a_record": false,
                "enable_resource_name_dns_aaaa_record": false,
                "hostname_type": "ip-name"
              }
            ],
            "private_ip": "10.0.2.154",
            "public_dns": "",
            "public_ip": "",
            "region": "eu-west-2",
            "root_block_device": [
              {
                "delete_on_termination": true,
                "device_name": "/dev/sda1",
                "encrypted": false,
                "iops": 3000,
                "kms_key_id": "",
                "tags": {},
                "tags_all": {},
                "throughput": 125,
                "volume_id": "vol-02521d34dbddad5e2",
                "volume_size": 8,
                "volume_type": "gp3"
              }
            ],
            "secondary_private_ips": [],
            "security_groups": [],
            "source_dest_check": true,
            "spot_instance_request_id": "",
            "subnet_id": "subnet-053506358009b8e56",
            "tags": {
              "Name": "adish-mern-db-server"
            },
            "tags_all": {
              "Name": "adish-mern-db-server"
            },
            "tenancy": "default",
            "timeouts": null,
            "user_data": null,
            "user_data_base64": null,
            "user_data_replace_on_change": false,
            "volume_tags": null,
            "vpc_security_group_ids": [
              "sg-0363e50a6444230d8"
            ]
          },
          "sensitive_attributes": [],
          "identity_schema_version": 0,
          "identity": {
            "account_id": "975050024946",
            "id": "i-0697feea9e990386c",
            "region": "eu-west-2"
          },
          "private": "eyJlMmJmYjczMC1lY2FhLTExZTYtOGY4OC0zNDM2M2JjN2M0YzAiOnsiY3JlYXRlIjo2MDAwMDAwMDAwMDAsImRlbGV0ZSI6MTIwMDAwMDAwMDAwMCwicmVhZCI6OTAwMDAwMDAwMDAwLCJ1cGRhdGUiOjYwMDAwMDAwMDAwMH0sInNjaGVtYV92ZXJzaW9uIjoiMiJ9",
          "dependencies": [
            "aws_iam_instance_profile.ec2_profile",
            "aws_iam_role.ec2_role",
            "aws_key_pair.mern_keypair",
            "aws_security_group.adish-db_sg",
            "aws_security_group.adish-web_sg",
            "aws_subnet.private_subnet",
            "aws_vpc.adish-mern_vpc",
            "tls_private_key.mern_key"
          ]
        }
      ]
    },
    {
      "mode": "managed",
      "type": "aws_instance",
      "name": "adish_web",
      "provider": "provider[\"registry.terraform.io/hashicorp/aws\"]",
      "instances": [
        {
          "schema_version": 2,
          "attributes": {
            "ami": "ami-018ff7ece22bf96db",
            "arn": "arn:aws:ec2:eu-west-2:975050024946:instance/i-0169a7ba162a4e3c3",
            "associate_public_ip_address": true,
            "availability_zone": "eu-west-2a",
            "capacity_reservation_specification": [
              {
                "capacity_reservation_preference": "open",
                "capacity_reservation_target": []
              }
            ],
            "cpu_options": [
              {
                "amd_sev_snp": "",
                "core_count": 1,
                "threads_per_core": 2
              }
            ],
            "credit_specification": [
              {
                "cpu_credits": "unlimited"
              }
            ],
            "disable_api_stop": false,
            "disable_api_termination": false,
            "ebs_block_device": [],
            "ebs_optimized": false,
            "enable_primary_ipv6": null,
            "enclave_options": [
              {
                "enabled": false
              }
            ],
            "ephemeral_block_device": [],
            "force_destroy": false,
            "get_password_data": false,
            "hibernation": false,
            "host_id": "",
            "host_resource_group_arn": null,
            "iam_instance_profile": "mern-ec2-instance-profile",
            "id": "i-0169a7ba162a4e3c3",
            "instance_initiated_shutdown_behavior": "stop",
            "instance_lifecycle": "",
            "instance_market_options": [],
            "instance_state": "running",
            "instance_type": "t3.medium",
            "ipv6_address_count": 0,
            "ipv6_addresses": [],
            "key_name": "MERNAppAdishKeyPair",
            "launch_template": [],
            "maintenance_options": [
              {
                "auto_recovery": "default"
              }
            ],
            "metadata_options": [
              {
                "http_endpoint": "enabled",
                "http_protocol_ipv6": "disabled",
                "http_put_response_hop_limit": 2,
                "http_tokens": "required",
                "instance_metadata_tags": "disabled"
              }
            ],
            "monitoring": false,
            "network_interface": [],
            "outpost_arn": "",
            "password_data": "",
            "placement_group": "",
            "placement_group_id": "",
            "placement_partition_number": 0,
            "primary_network_interface": [
              {
                "delete_on_termination": true,
                "network_interface_id": "eni-0086a622f8360fec6"
              }
            ],
            "primary_network_interface_id": "eni-0086a622f8360fec6",
            "private_dns": "ip-10-0-1-246.eu-west-2.compute.internal",
            "private_dns_name_options": [
              {
                "enable_resource_name_dns_a_record": false,
                "enable_resource_name_dns_aaaa_record": false,
                "hostname_type": "ip-name"
              }
            ],
            "private_ip": "10.0.1.246",
            "public_dns": "ec2-18-171-170-197.eu-west-2.compute.amazonaws.com",
            "public_ip": "18.171.170.197",
            "region": "eu-west-2",
            "root_block_device": [
              {
                "delete_on_termination": true,
                "device_name": "/dev/sda1",
                "encrypted": false,
                "iops": 3000,
                "kms_key_id": "",
                "tags": {},
                "tags_all": {},
                "throughput": 125,
                "volume_id": "vol-0f9dc7b00a7511881",
                "volume_size": 8,
                "volume_type": "gp3"
              }
            ],
            "secondary_private_ips": [],
            "security_groups": [],
            "source_dest_check": true,
            "spot_instance_request_id": "",
            "subnet_id": "subnet-0816d25bd8d405e6a",
            "tags": {
              "Name": "adish-mern-web-server"
            },
            "tags_all": {
              "Name": "adish-mern-web-server"
            },
            "tenancy": "default",
            "timeouts": null,
            "user_data": null,
            "user_data_base64": null,
            "user_data_replace_on_change": false,
            "volume_tags": null,
            "vpc_security_group_ids": [
              "sg-0a4fc676d105bf240"
            ]
          },
          "sensitive_attributes": [],
          "identity_schema_version": 0,
          "identity": {
            "account_id": "975050024946",
            "id": "i-0169a7ba162a4e3c3",
            "region": "eu-west-2"
          },
          "private": "eyJlMmJmYjczMC1lY2FhLTExZTYtOGY4OC0zNDM2M2JjN2M0YzAiOnsiY3JlYXRlIjo2MDAwMDAwMDAwMDAsImRlbGV0ZSI6MTIwMDAwMDAwMDAwMCwicmVhZCI6OTAwMDAwMDAwMDAwLCJ1cGRhdGUiOjYwMDAwMDAwMDAwMH0sInNjaGVtYV92ZXJzaW9uIjoiMiJ9",
          "dependencies": [
            "aws_iam_instance_profile.ec2_profile",
            "aws_iam_role.ec2_role",
            "aws_key_pair.mern_keypair",
            "aws_security_group.adish-web_sg",
            "aws_subnet.public_subnet",
            "aws_vpc.adish-mern_vpc",
            "tls_private_key.mern_key"
          ]
        }
      ]
    },
    {
      "mode": "managed",
      "type": "aws_internet_gateway",
      "name": "adish-igw",
      "provider": "provider[\"registry.terraform.io/hashicorp/aws\"]",
      "instances": [
        {
          "schema_version": 0,
          "attributes": {
            "arn": "arn:aws:ec2:eu-west-2:975050024946:internet-gateway/igw-0a32652a252654027",
            "id": "igw-0a32652a252654027",
            "owner_id": "975050024946",
            "region": "eu-west-2",
            "tags": null,
            "tags_all": {},
            "timeouts": null,
            "vpc_id": "vpc-040272b8c3e33e1e1"
          },
          "sensitive_attributes": [],
          "identity_schema_version": 0,
          "private": "eyJlMmJmYjczMC1lY2FhLTExZTYtOGY4OC0zNDM2M2JjN2M0YzAiOnsiY3JlYXRlIjoxMjAwMDAwMDAwMDAwLCJkZWxldGUiOjEyMDAwMDAwMDAwMDAsInVwZGF0ZSI6MTIwMDAwMDAwMDAwMH19",
          "dependencies": [
            "aws_vpc.adish-mern_vpc"
          ]
        }
      ]
    },
    {
      "mode": "managed",
      "type": "aws_key_pair",
      "name": "mern_keypair",
      "provider": "provider[\"registry.terraform.io/hashicorp/aws\"]",
      "instances": [
        {
          "schema_version": 1,
          "attributes": {
            "arn": "arn:aws:ec2:eu-west-2:975050024946:key-pair/MERNAppAdishKeyPair",
            "fingerprint": "00:e2:c4:dd:6b:82:45:80:f4:97:f3:5d:bb:4f:3d:92",
            "id": "MERNAppAdishKeyPair",
            "key_name": "MERNAppAdishKeyPair",
            "key_name_prefix": "",
            "key_pair_id": "key-07bb8e9d494b69084",
            "key_type": "rsa",
            "public_key": "ssh-rsa AAAAB3NzaC1yc2EAAAADAQABAAABAQDZDkXv6j/VbvUBi8nG0S9X0lqOhzg4WJtjhSkTYby0F4tuVsxojUV/8q9rX19Wmh327T92xZFOgOMl9cGH196yH1J1Ry+RuvWKCRnuaoeKqLxMV5VhKjtbd6sMVl6BlxLvIjS4ietqRr8V0qMg467oJsq2aPmz1E45P7loTn78WbgHdxyQps66mmIJ17wPUyTByl9hTx9Av66B+F0WJxrgFd44cExYaCbPeJLRQFPC3KCAon55UX2qIMxmaFgxew+lN0YfdvzOF5Gi4465K5AEhyxfZZsoRvJQgp2J2YppgEfTB4kgrUKvpRcDgLhT7LrKCv7nDPakTaPzxV5RiECB",
            "region": "eu-west-2",
            "tags": null,
            "tags_all": {}
          },
          "sensitive_attributes": [],
          "identity_schema_version": 0,
          "private": "eyJzY2hlbWFfdmVyc2lvbiI6IjEifQ==",
          "dependencies": [
            "tls_private_key.mern_key"
          ]
        }
      ]
    },
    {
      "mode": "managed",
      "type": "aws_nat_gateway",
      "name": "nat",
      "provider": "provider[\"registry.terraform.io/hashicorp/aws\"]",
      "instances": [
        {
          "schema_version": 0,
          "attributes": {
            "allocation_id": "eipalloc-0826e89fbdeab3c8f",
            "association_id": "eipassoc-005ab68521f93b034",
            "auto_provision_zones": null,
            "auto_scaling_ips": null,
            "availability_mode": "zonal",
            "availability_zone_address": [],
            "connectivity_type": "public",
            "id": "nat-0de1aaae3c679fbbd",
            "network_interface_id": "eni-07738bde1adef5954",
            "private_ip": "10.0.1.179",
            "public_ip": "13.135.144.205",
            "region": "eu-west-2",
            "regional_nat_gateway_address": [],
            "regional_nat_gateway_auto_mode": null,
            "route_table_id": null,
            "secondary_allocation_ids": [],
            "secondary_private_ip_address_count": 0,
            "secondary_private_ip_addresses": [],
            "subnet_id": "subnet-0816d25bd8d405e6a",
            "tags": null,
            "tags_all": {},
            "timeouts": null,
            "vpc_id": "vpc-040272b8c3e33e1e1"
          },
          "sensitive_attributes": [],
          "identity_schema_version": 0,
          "private": "eyJlMmJmYjczMC1lY2FhLTExZTYtOGY4OC0zNDM2M2JjN2M0YzAiOnsiY3JlYXRlIjo2MDAwMDAwMDAwMDAsImRlbGV0ZSI6MTgwMDAwMDAwMDAwMCwidXBkYXRlIjo2MDAwMDAwMDAwMDB9fQ==",
          "dependencies": [
            "aws_eip.nat_eip",
            "aws_internet_gateway.adish-igw",
            "aws_subnet.public_subnet",
            "aws_vpc.adish-mern_vpc"
          ]
        }
      ]
    },
    {
      "mode": "managed",
      "type": "aws_route_table",
      "name": "adish-private-rt",
      "provider": "provider[\"registry.terraform.io/hashicorp/aws\"]",
      "instances": [
        {
          "schema_version": 0,
          "attributes": {
            "arn": "arn:aws:ec2:eu-west-2:975050024946:route-table/rtb-042989bc8335f65b8",
            "id": "rtb-042989bc8335f65b8",
            "owner_id": "975050024946",
            "propagating_vgws": [],
            "region": "eu-west-2",
            "route": [
              {
                "carrier_gateway_id": "",
                "cidr_block": "0.0.0.0/0",
                "core_network_arn": "",
                "destination_prefix_list_id": "",
                "egress_only_gateway_id": "",
                "gateway_id": "",
                "ipv6_cidr_block": "",
                "local_gateway_id": "",
                "nat_gateway_id": "nat-0de1aaae3c679fbbd",
                "network_interface_id": "",
                "transit_gateway_id": "",
                "vpc_endpoint_id": "",
                "vpc_peering_connection_id": ""
              }
            ],
            "tags": null,
            "tags_all": {},
            "timeouts": null,
            "vpc_id": "vpc-040272b8c3e33e1e1"
          },
          "sensitive_attributes": [],
          "identity_schema_version": 0,
          "identity": {
            "account_id": "975050024946",
            "id": "rtb-042989bc8335f65b8",
            "region": "eu-west-2"
          },
          "private": "eyJlMmJmYjczMC1lY2FhLTExZTYtOGY4OC0zNDM2M2JjN2M0YzAiOnsiY3JlYXRlIjozMDAwMDAwMDAwMDAsImRlbGV0ZSI6MzAwMDAwMDAwMDAwLCJ1cGRhdGUiOjEyMDAwMDAwMDAwMH19",
          "dependencies": [
            "aws_eip.nat_eip",
            "aws_internet_gateway.adish-igw",
            "aws_nat_gateway.nat",
            "aws_subnet.public_subnet",
            "aws_vpc.adish-mern_vpc"
          ]
        }
      ]
    },
    {
      "mode": "managed",
      "type": "aws_route_table",
      "name": "adish-public-rt",
      "provider": "provider[\"registry.terraform.io/hashicorp/aws\"]",
      "instances": [
        {
          "schema_version": 0,
          "attributes": {
            "arn": "arn:aws:ec2:eu-west-2:975050024946:route-table/rtb-0a380e6e175b868b9",
            "id": "rtb-0a380e6e175b868b9",
            "owner_id": "975050024946",
            "propagating_vgws": [],
            "region": "eu-west-2",
            "route": [
              {
                "carrier_gateway_id": "",
                "cidr_block": "0.0.0.0/0",
                "core_network_arn": "",
                "destination_prefix_list_id": "",
                "egress_only_gateway_id": "",
                "gateway_id": "igw-0a32652a252654027",
                "ipv6_cidr_block": "",
                "local_gateway_id": "",
                "nat_gateway_id": "",
                "network_interface_id": "",
                "transit_gateway_id": "",
                "vpc_endpoint_id": "",
                "vpc_peering_connection_id": ""
              }
            ],
            "tags": null,
            "tags_all": {},
            "timeouts": null,
            "vpc_id": "vpc-040272b8c3e33e1e1"
          },
          "sensitive_attributes": [],
          "identity_schema_version": 0,
          "identity": {
            "account_id": "975050024946",
            "id": "rtb-0a380e6e175b868b9",
            "region": "eu-west-2"
          },
          "private": "eyJlMmJmYjczMC1lY2FhLTExZTYtOGY4OC0zNDM2M2JjN2M0YzAiOnsiY3JlYXRlIjozMDAwMDAwMDAwMDAsImRlbGV0ZSI6MzAwMDAwMDAwMDAwLCJ1cGRhdGUiOjEyMDAwMDAwMDAwMH19",
          "dependencies": [
            "aws_internet_gateway.adish-igw",
            "aws_vpc.adish-mern_vpc"
          ]
        }
      ]
    },
    {
      "mode": "managed",
      "type": "aws_route_table_association",
      "name": "private_subnet_assoc",
      "provider": "provider[\"registry.terraform.io/hashicorp/aws\"]",
      "instances": [
        {
          "schema_version": 0,
          "attributes": {
            "gateway_id": "",
            "id": "rtbassoc-0e0a060b66fe5da3f",
            "region": "eu-west-2",
            "route_table_id": "rtb-042989bc8335f65b8",
            "subnet_id": "subnet-053506358009b8e56",
            "timeouts": null
          },
          "sensitive_attributes": [],
          "identity_schema_version": 0,
          "private": "eyJlMmJmYjczMC1lY2FhLTExZTYtOGY4OC0zNDM2M2JjN2M0YzAiOnsiY3JlYXRlIjozMDAwMDAwMDAwMDAsImRlbGV0ZSI6MzAwMDAwMDAwMDAwLCJ1cGRhdGUiOjEyMDAwMDAwMDAwMH19",
          "dependencies": [
            "aws_eip.nat_eip",
            "aws_internet_gateway.adish-igw",
            "aws_nat_gateway.nat",
            "aws_route_table.adish-private-rt",
            "aws_subnet.private_subnet",
            "aws_subnet.public_subnet",
            "aws_vpc.adish-mern_vpc"
          ]
        }
      ]
    },
    {
      "mode": "managed",
      "type": "aws_route_table_association",
      "name": "public_subnet_assoc",
      "provider": "provider[\"registry.terraform.io/hashicorp/aws\"]",
      "instances": [
        {
          "schema_version": 0,
          "attributes": {
            "gateway_id": "",
            "id": "rtbassoc-06d80603c87ec79e6",
            "region": "eu-west-2",
            "route_table_id": "rtb-0a380e6e175b868b9",
            "subnet_id": "subnet-0816d25bd8d405e6a",
            "timeouts": null
          },
          "sensitive_attributes": [],
          "identity_schema_version": 0,
          "private": "eyJlMmJmYjczMC1lY2FhLTExZTYtOGY4OC0zNDM2M2JjN2M0YzAiOnsiY3JlYXRlIjozMDAwMDAwMDAwMDAsImRlbGV0ZSI6MzAwMDAwMDAwMDAwLCJ1cGRhdGUiOjEyMDAwMDAwMDAwMH19",
          "dependencies": [
            "aws_internet_gateway.adish-igw",
            "aws_route_table.adish-public-rt",
            "aws_subnet.public_subnet",
            "aws_vpc.adish-mern_vpc"
          ]
        }
      ]
    },
    {
      "mode": "managed",
      "type": "aws_security_group",
      "name": "adish-db_sg",
      "provider": "provider[\"registry.terraform.io/hashicorp/aws\"]",
      "instances": [
        {
          "schema_version": 1,
          "attributes": {
            "arn": "arn:aws:ec2:eu-west-2:975050024946:security-group/sg-0363e50a6444230d8",
            "description": "Managed by Terraform",
            "egress": [
              {
                "cidr_blocks": [
                  "0.0.0.0/0"
                ],
                "description": "",
                "from_port": 0,
                "ipv6_cidr_blocks": [],
                "prefix_list_ids": [],
                "protocol": "-1",
                "security_groups": [],
                "self": false,
                "to_port": 0
              }
            ],
            "id": "sg-0363e50a6444230d8",
            "ingress": [
              {
                "cidr_blocks": [],
                "description": "",
                "from_port": 22,
                "ipv6_cidr_blocks": [],
                "prefix_list_ids": [],
                "protocol": "tcp",
                "security_groups": [
                  "sg-0a4fc676d105bf240"
                ],
                "self": false,
                "to_port": 22
              },
              {
                "cidr_blocks": [],
                "description": "",
                "from_port": 27017,
                "ipv6_cidr_blocks": [],
                "prefix_list_ids": [],
                "protocol": "tcp",
                "security_groups": [
                  "sg-0a4fc676d105bf240"
                ],
                "self": false,
                "to_port": 27017
              }
            ],
            "name": "terraform-20260217081354299200000003",
            "name_prefix": "terraform-",
            "owner_id": "975050024946",
            "region": "eu-west-2",
            "revoke_rules_on_delete": false,
            "tags": null,
            "tags_all": {},
            "timeouts": null,
            "vpc_id": "vpc-040272b8c3e33e1e1"
          },
          "sensitive_attributes": [],
          "identity_schema_version": 0,
          "identity": {
            "account_id": "975050024946",
            "id": "sg-0363e50a6444230d8",
            "region": "eu-west-2"
          },
          "private": "eyJlMmJmYjczMC1lY2FhLTExZTYtOGY4OC0zNDM2M2JjN2M0YzAiOnsiY3JlYXRlIjo2MDAwMDAwMDAwMDAsImRlbGV0ZSI6OTAwMDAwMDAwMDAwfSwic2NoZW1hX3ZlcnNpb24iOiIxIn0=",
          "dependencies": [
            "aws_security_group.adish-web_sg",
            "aws_vpc.adish-mern_vpc"
          ]
        }
      ]
    },
    {
      "mode": "managed",
      "type": "aws_security_group",
      "name": "adish-web_sg",
      "provider": "provider[\"registry.terraform.io/hashicorp/aws\"]",
      "instances": [
        {
          "schema_version": 1,
          "attributes": {
            "arn": "arn:aws:ec2:eu-west-2:975050024946:security-group/sg-0a4fc676d105bf240",
            "description": "Managed by Terraform",
            "egress": [
              {
                "cidr_blocks": [
                  "0.0.0.0/0"
                ],
                "description": "",
                "from_port": 0,
                "ipv6_cidr_blocks": [],
                "prefix_list_ids": [],
                "protocol": "-1",
                "security_groups": [],
                "self": false,
                "to_port": 0
              }
            ],
            "id": "sg-0a4fc676d105bf240",
            "ingress": [
              {
                "cidr_blocks": [
                  "0.0.0.0/0"
                ],
                "description": "",
                "from_port": 3000,
                "ipv6_cidr_blocks": [],
                "prefix_list_ids": [],
                "protocol": "tcp",
                "security_groups": [],
                "self": false,
                "to_port": 3000
              },
              {
                "cidr_blocks": [
                  "0.0.0.0/0"
                ],
                "description": "Temporary SSH",
                "from_port": 22,
                "ipv6_cidr_blocks": [],
                "prefix_list_ids": [],
                "protocol": "tcp",
                "security_groups": [],
                "self": false,
                "to_port": 22
              },
              {
                "cidr_blocks": [
                  "18.206.107.24/29"
                ],
                "description": "SSH from EC2 Instance Connect",
                "from_port": 22,
                "ipv6_cidr_blocks": [],
                "prefix_list_ids": [],
                "protocol": "tcp",
                "security_groups": [],
                "self": false,
                "to_port": 22
              },
              {
                "cidr_blocks": [
                  "203.0.113.25/32"
                ],
                "description": "SSH from my IP",
                "from_port": 22,
                "ipv6_cidr_blocks": [],
                "prefix_list_ids": [],
                "protocol": "tcp",
                "security_groups": [],
                "self": false,
                "to_port": 22
              }
            ],
            "name": "terraform-20260217081348586600000001",
            "name_prefix": "terraform-",
            "owner_id": "975050024946",
            "region": "eu-west-2",
            "revoke_rules_on_delete": false,
            "tags": null,
            "tags_all": {},
            "timeouts": null,
            "vpc_id": "vpc-040272b8c3e33e1e1"
          },
          "sensitive_attributes": [],
          "identity_schema_version": 0,
          "identity": {
            "account_id": "975050024946",
            "id": "sg-0a4fc676d105bf240",
            "region": "eu-west-2"
          },
          "private": "eyJlMmJmYjczMC1lY2FhLTExZTYtOGY4OC0zNDM2M2JjN2M0YzAiOnsiY3JlYXRlIjo2MDAwMDAwMDAwMDAsImRlbGV0ZSI6OTAwMDAwMDAwMDAwfSwic2NoZW1hX3ZlcnNpb24iOiIxIn0=",
          "dependencies": [
            "aws_vpc.adish-mern_vpc"
          ]
        }
      ]
    },
    {
      "mode": "managed",
      "type": "aws_subnet",
      "name": "private_subnet",
      "provider": "provider[\"registry.terraform.io/hashicorp/aws\"]",
      "instances": [
        {
          "schema_version": 1,
          "attributes": {
            "arn": "arn:aws:ec2:eu-west-2:975050024946:subnet/subnet-053506358009b8e56",
            "assign_ipv6_address_on_creation": false,
            "availability_zone": "eu-west-2a",
            "availability_zone_id": "euw2-az2",
            "cidr_block": "10.0.2.0/24",
            "customer_owned_ipv4_pool": "",
            "enable_dns64": false,
            "enable_lni_at_device_index": 0,
            "enable_resource_name_dns_a_record_on_launch": false,
            "enable_resource_name_dns_aaaa_record_on_launch": false,
            "id": "subnet-053506358009b8e56",
            "ipv6_cidr_block": "",
            "ipv6_cidr_block_association_id": "",
            "ipv6_native": false,
            "map_customer_owned_ip_on_launch": false,
            "map_public_ip_on_launch": false,
            "outpost_arn": "",
            "owner_id": "975050024946",
            "private_dns_hostname_type_on_launch": "ip-name",
            "region": "eu-west-2",
            "tags": null,
            "tags_all": {},
            "timeouts": null,
            "vpc_id": "vpc-040272b8c3e33e1e1"
          },
          "sensitive_attributes": [],
          "identity_schema_version": 0,
          "identity": {
            "account_id": "975050024946",
            "id": "subnet-053506358009b8e56",
            "region": "eu-west-2"
          },
          "private": "eyJlMmJmYjczMC1lY2FhLTExZTYtOGY4OC0zNDM2M2JjN2M0YzAiOnsiY3JlYXRlIjo2MDAwMDAwMDAwMDAsImRlbGV0ZSI6MTIwMDAwMDAwMDAwMH0sInNjaGVtYV92ZXJzaW9uIjoiMSJ9",
          "dependencies": [
            "aws_vpc.adish-mern_vpc"
          ]
        }
      ]
    },
    {
      "mode": "managed",
      "type": "aws_subnet",
      "name": "public_subnet",
      "provider": "provider[\"registry.terraform.io/hashicorp/aws\"]",
      "instances": [
        {
          "schema_version": 1,
          "attributes": {
            "arn": "arn:aws:ec2:eu-west-2:975050024946:subnet/subnet-0816d25bd8d405e6a",
            "assign_ipv6_address_on_creation": false,
            "availability_zone": "eu-west-2a",
            "availability_zone_id": "euw2-az2",
            "cidr_block": "10.0.1.0/24",
            "customer_owned_ipv4_pool": "",
            "enable_dns64": false,
            "enable_lni_at_device_index": 0,
            "enable_resource_name_dns_a_record_on_launch": false,
            "enable_resource_name_dns_aaaa_record_on_launch": false,
            "id": "subnet-0816d25bd8d405e6a",
            "ipv6_cidr_block": "",
            "ipv6_cidr_block_association_id": "",
            "ipv6_native": false,
            "map_customer_owned_ip_on_launch": false,
            "map_public_ip_on_launch": true,
            "outpost_arn": "",
            "owner_id": "975050024946",
            "private_dns_hostname_type_on_launch": "ip-name",
            "region": "eu-west-2",
            "tags": null,
            "tags_all": {},
            "timeouts": null,
            "vpc_id": "vpc-040272b8c3e33e1e1"
          },
          "sensitive_attributes": [],
          "identity_schema_version": 0,
          "identity": {
            "account_id": "975050024946",
            "id": "subnet-0816d25bd8d405e6a",
            "region": "eu-west-2"
          },
          "private": "eyJlMmJmYjczMC1lY2FhLTExZTYtOGY4OC0zNDM2M2JjN2M0YzAiOnsiY3JlYXRlIjo2MDAwMDAwMDAwMDAsImRlbGV0ZSI6MTIwMDAwMDAwMDAwMH0sInNjaGVtYV92ZXJzaW9uIjoiMSJ9",
          "dependencies": [
            "aws_vpc.adish-mern_vpc"
          ]
        }
      ]
    },
    {
      "mode": "managed",
      "type": "aws_vpc",
      "name": "adish-mern_vpc",
      "provider": "provider[\"registry.terraform.io/hashicorp/aws\"]",
      "instances": [
        {
          "schema_version": 1,
          "attributes": {
            "arn": "arn:aws:ec2:eu-west-2:975050024946:vpc/vpc-040272b8c3e33e1e1",
            "assign_generated_ipv6_cidr_block": false,
            "cidr_block": "10.0.0.0/16",
            "default_network_acl_id": "acl-0bcec750a820d1b8e",
            "default_route_table_id": "rtb-07ef22b258a18226d",
            "default_security_group_id": "sg-0da61099c0f2917e5",
            "dhcp_options_id": "dopt-004ef3a8c8b398f6d",
            "enable_dns_hostnames": true,
            "enable_dns_support": true,
            "enable_network_address_usage_metrics": false,
            "id": "vpc-040272b8c3e33e1e1",
            "instance_tenancy": "default",
            "ipv4_ipam_pool_id": null,
            "ipv4_netmask_length": null,
            "ipv6_association_id": "",
            "ipv6_cidr_block": "",
            "ipv6_cidr_block_network_border_group": "",
            "ipv6_ipam_pool_id": "",
            "ipv6_netmask_length": 0,
            "main_route_table_id": "rtb-07ef22b258a18226d",
            "owner_id": "975050024946",
            "region": "eu-west-2",
            "tags": {
              "Name": "adish-mern-vpc"
            },
            "tags_all": {
              "Name": "adish-mern-vpc"
            }
          },
          "sensitive_attributes": [],
          "identity_schema_version": 0,
          "identity": {
            "account_id": "975050024946",
            "id": "vpc-040272b8c3e33e1e1",
            "region": "eu-west-2"
          },
          "private": "eyJzY2hlbWFfdmVyc2lvbiI6IjEifQ=="
        }
      ]
    },
    {
      "mode": "managed",
      "type": "local_file",
      "name": "private_key",
      "provider": "provider[\"registry.terraform.io/hashicorp/local\"]",
      "instances": [
        {
          "schema_version": 0,
          "attributes": {
            "content": "-----BEGIN RSA PRIVATE KEY-----\nMIIEpAIBAAKCAQEA2Q5F7+o/1W71AYvJxtEvV9Jajoc4OFibY4UpE2G8tBeLblbM\naI1Ff/Kva19fVpod9u0/dsWRToDjJfXBh9fesh9SdUcvkbr1igkZ7mqHiqi8TFeV\nYSo7W3erDFZegZcS7yI0uInraka/FdKjIOOu6CbKtmj5s9ROOT+5aE5+/Fm4B3cc\nkKbOuppiCde8D1MkwcpfYU8fQL+ugfhdFica4BXeOHBMWGgmz3iS0UBTwtyggKJ+\neVF9qiDMZmhYMXsPpTdGH3b8zheRouOOuSuQBIcsX2WbKEbyUIKdidmKaYBH0weJ\nIK1Cr6UXA4C4U+y6ygr+5wz2pE2j88VeUYhAgQIDAQABAoIBAC5k1p4JO8urA8No\n1aAhZjUnSSPd0y54Af6rn7P82BDGV48mDlrql0hZ3xTcNcyU9IKrAz2nzP8ynVqn\nxM38XiVEfKOEq65Cf+kZOOm063O/zT+kGNHD7RwH4A+rBlg8qldiwFIRaLg2lvFb\nLHMDN4d3gyyqE3VUk8O40zBwVsQpJFhgBsvLDTAqXPzKDTxvdI9Ju+iPYpAtCqiJ\nVll74eYM0YNzSd+IiV7fOQE6UphouedS53RotR1rOJ8rmxLe8jmCejx3ZiCKhLGE\ne/AaPRN9In3LVfZ6rJB4u3xZllrnzSk982eX12JwohSDyip0k2hijDBX1LxI4bPR\nv7fR8uECgYEA8VmxMNX+RB/2/61PtNbywsmTf8fVJ/Vo0W6NOsH9Egcn10AzGmxa\nM2punoSwA3OMYIbMcjsMLBzf6S/3Aely36fRZtEWq/kYyn8bBPxMgFJpiCa5MU8F\nqL5IBu7YhXVigmqH/lWp9M2bRzBKtkyr+4aVKgWuUaeAwugvKWnEEd8CgYEA5jsS\nG3ep/EphpTD7DWNrn0BSvVimD91BnMqJaxX8y9iDvwiGoy1c4idUqnVwhJmrcBNV\naYhkboi3DgGWI5O6UJWnmEVtkp/EDh7KfDQPNqCH96Y398cdRBqvVN4qDX9Vnn/V\nbJL1SZn12IDKuDpyWUUbGkYHj7aFRty9LZEJuZ8CgYEArQeZoiJ5JUwpX8pX75V+\n+6lapuyUZA5sNGHmvK5hCfC5Xne3a4Us8dmnLtx/+Cl6BaX+oxK0OlgFK3/ovaUp\nZzFATk8uyuJOJLcVnvBmxETRRfxFHxXBP+YTa20HLD8o/cj0cKHntAtH/LShi6rS\nTgSBolvqSr4k8RdW4IDkQc8CgYEAkdhhxByuBjBoYukAYJ7Wkm+A+ompyOr0oYp8\nOuYW2lsyOlYAVGZsLKeVrtXujVF7lOfqd4v7czoQHENNBQSURnBHVuLEYtnqrLc8\ntimUaZqQB4W4drIgDACLiUujgCFl754zaTA/SnzJjHkp8kK0JXDtlls+dv+8tgMn\npDH44ykCgYBprqyzk/FS3hXQGylFv1Y3au3ZLmuFo3FSppUviK8x1B7uu4pbnQAG\n96iAPrZNGZrJY3YcHKy7ug+BuEXGFOXPp/fg1/5VDtSn9VXEOFgpWA0WIYqzjSf4\n0ajb+WdE5IRac0f5PDAW0SRHKpRYcbgprLrgGeHPuO2ZsPlp61pOTw==\n-----END RSA PRIVATE KEY-----\n",
            "content_base64": null,
            "content_base64sha256": "6aC4eGnOw2v1XLDLk6LLO52DLSX4EI0Rh6IyhTfUDBk=",
            "content_base64sha512": "+tu1OtQW7+C0l2fproI7c+bRzRL0suFfwfooE2tgxlzJuM8aBNmv4zGpDFfCGAfuDQi00IcUMxf1tKCY3q6d2A==",
            "content_md5": "786ef481bb8902caa975ea37dd025f6e",
            "content_sha1": "2b2adc783ff5b3c9bc6fe1b63a38773855ceb57b",
            "content_sha256": "e9a0b87869cec36bf55cb0cb93a2cb3b9d832d25f8108d1187a2328537d40c19",
            "content_sha512": "fadbb53ad416efe0b49767e9ae823b73e6d1cd12f4b2e15fc1fa28136b60c65cc9b8cf1a04d9afe331a90c57c21807ee0d08b4d087143317f5b4a098deae9dd8",
            "directory_permission": "0777",
            "file_permission": "0400",
            "filename": "./MERNAppAdishKeyPair.pem",
            "id": "2b2adc783ff5b3c9bc6fe1b63a38773855ceb57b",
            "sensitive_content": null,
            "source": null
          },
          "sensitive_attributes": [
            [
              {
                "type": "get_attr",
                "value": "content"
              }
            ],
            [
              {
                "type": "get_attr",
                "value": "sensitive_content"
              }
            ]
          ],
          "identity_schema_version": 0,
          "dependencies": [
            "tls_private_key.mern_key"
          ]
        }
      ]
    },
    {
      "mode": "managed",
      "type": "tls_private_key",
      "name": "mern_key",
      "provider": "provider[\"registry.terraform.io/hashicorp/tls\"]",
      "instances": [
        {
          "schema_version": 1,
          "attributes": {
            "algorithm": "RSA",
            "ecdsa_curve": "P224",
            "id": "dcd0efc63aab4ea7eb288561ca31d922c9c3fb5e",
            "private_key_openssh": "-----BEGIN OPENSSH PRIVATE KEY-----\nb3BlbnNzaC1rZXktdjEAAAAABG5vbmUAAAAEbm9uZQAAAAAAAAABAAABFwAAAAdz\nc2gtcnNhAAAAAwEAAQAAAQEA2Q5F7+o/1W71AYvJxtEvV9Jajoc4OFibY4UpE2G8\ntBeLblbMaI1Ff/Kva19fVpod9u0/dsWRToDjJfXBh9fesh9SdUcvkbr1igkZ7mqH\niqi8TFeVYSo7W3erDFZegZcS7yI0uInraka/FdKjIOOu6CbKtmj5s9ROOT+5aE5+\n/Fm4B3cckKbOuppiCde8D1MkwcpfYU8fQL+ugfhdFica4BXeOHBMWGgmz3iS0UBT\nwtyggKJ+eVF9qiDMZmhYMXsPpTdGH3b8zheRouOOuSuQBIcsX2WbKEbyUIKdidmK\naYBH0weJIK1Cr6UXA4C4U+y6ygr+5wz2pE2j88VeUYhAgQAAA7gGRymTBkcpkwAA\nAAdzc2gtcnNhAAABAQDZDkXv6j/VbvUBi8nG0S9X0lqOhzg4WJtjhSkTYby0F4tu\nVsxojUV/8q9rX19Wmh327T92xZFOgOMl9cGH196yH1J1Ry+RuvWKCRnuaoeKqLxM\nV5VhKjtbd6sMVl6BlxLvIjS4ietqRr8V0qMg467oJsq2aPmz1E45P7loTn78WbgH\ndxyQps66mmIJ17wPUyTByl9hTx9Av66B+F0WJxrgFd44cExYaCbPeJLRQFPC3KCA\non55UX2qIMxmaFgxew+lN0YfdvzOF5Gi4465K5AEhyxfZZsoRvJQgp2J2YppgEfT\nB4kgrUKvpRcDgLhT7LrKCv7nDPakTaPzxV5RiECBAAAAAwEAAQAAAQAuZNaeCTvL\nqwPDaNWgIWY1J0kj3dMueAH+q5+z/NgQxlePJg5a6pdIWd8U3DXMlPSCqwM9p8z/\nMp1ap8TN/F4lRHyjhKuuQn/pGTjptOtzv80/pBjRw+0cB+APqwZYPKpXYsBSEWi4\nNpbxWyxzAzeHd4MsqhN1VJPDuNMwcFbEKSRYYAbLyw0wKlz8yg08b3SPSbvoj2KQ\nLQqoiVZZe+HmDNGDc0nfiIle3zkBOlKYaLnnUud0aLUdazifK5sS3vI5gno8d2Yg\nioSxhHvwGj0TfSJ9y1X2eqyQeLt8WZZa580pPfNnl9dicKIUg8oqdJNoYowwV9S8\nSOGz0b+30fLhAAAAgGmurLOT8VLeFdAbKUW/Vjdq7dkua4WjcVKmlS+IrzHUHu67\niludAAb3qIA+tk0ZmsljdhwcrLu6D4G4RcYU5c+n9+DX/lUO1Kf1VcQ4WClYDRYh\nirONJ/jRqNv5Z0TkhFpzR/k8MBbRJEcqlFhxuCmsuuAZ4c+47Zmw+WnrWk5PAAAA\ngQDxWbEw1f5EH/b/rU+01vLCyZN/x9Un9WjRbo06wf0SByfXQDMabFozam6ehLAD\nc4xghsxyOwwsHN/pL/cB6XLfp9Fm0Rar+RjKfxsE/EyAUmmIJrkxTwWovkgG7tiF\ndWKCaof+Van0zZtHMEq2TKv7hpUqBa5Rp4DC6C8pacQR3wAAAIEA5jsSG3ep/Eph\npTD7DWNrn0BSvVimD91BnMqJaxX8y9iDvwiGoy1c4idUqnVwhJmrcBNVaYhkboi3\nDgGWI5O6UJWnmEVtkp/EDh7KfDQPNqCH96Y398cdRBqvVN4qDX9Vnn/VbJL1SZn1\n2IDKuDpyWUUbGkYHj7aFRty9LZEJuZ8AAAAAAQID\n-----END OPENSSH PRIVATE KEY-----\n",
            "private_key_pem": "-----BEGIN RSA PRIVATE KEY-----\nMIIEpAIBAAKCAQEA2Q5F7+o/1W71AYvJxtEvV9Jajoc4OFibY4UpE2G8tBeLblbM\naI1Ff/Kva19fVpod9u0/dsWRToDjJfXBh9fesh9SdUcvkbr1igkZ7mqHiqi8TFeV\nYSo7W3erDFZegZcS7yI0uInraka/FdKjIOOu6CbKtmj5s9ROOT+5aE5+/Fm4B3cc\nkKbOuppiCde8D1MkwcpfYU8fQL+ugfhdFica4BXeOHBMWGgmz3iS0UBTwtyggKJ+\neVF9qiDMZmhYMXsPpTdGH3b8zheRouOOuSuQBIcsX2WbKEbyUIKdidmKaYBH0weJ\nIK1Cr6UXA4C4U+y6ygr+5wz2pE2j88VeUYhAgQIDAQABAoIBAC5k1p4JO8urA8No\n1aAhZjUnSSPd0y54Af6rn7P82BDGV48mDlrql0hZ3xTcNcyU9IKrAz2nzP8ynVqn\nxM38XiVEfKOEq65Cf+kZOOm063O/zT+kGNHD7RwH4A+rBlg8qldiwFIRaLg2lvFb\nLHMDN4d3gyyqE3VUk8O40zBwVsQpJFhgBsvLDTAqXPzKDTxvdI9Ju+iPYpAtCqiJ\nVll74eYM0YNzSd+IiV7fOQE6UphouedS53RotR1rOJ8rmxLe8jmCejx3ZiCKhLGE\ne/AaPRN9In3LVfZ6rJB4u3xZllrnzSk982eX12JwohSDyip0k2hijDBX1LxI4bPR\nv7fR8uECgYEA8VmxMNX+RB/2/61PtNbywsmTf8fVJ/Vo0W6NOsH9Egcn10AzGmxa\nM2punoSwA3OMYIbMcjsMLBzf6S/3Aely36fRZtEWq/kYyn8bBPxMgFJpiCa5MU8F\nqL5IBu7YhXVigmqH/lWp9M2bRzBKtkyr+4aVKgWuUaeAwugvKWnEEd8CgYEA5jsS\nG3ep/EphpTD7DWNrn0BSvVimD91BnMqJaxX8y9iDvwiGoy1c4idUqnVwhJmrcBNV\naYhkboi3DgGWI5O6UJWnmEVtkp/EDh7KfDQPNqCH96Y398cdRBqvVN4qDX9Vnn/V\nbJL1SZn12IDKuDpyWUUbGkYHj7aFRty9LZEJuZ8CgYEArQeZoiJ5JUwpX8pX75V+\n+6lapuyUZA5sNGHmvK5hCfC5Xne3a4Us8dmnLtx/+Cl6BaX+oxK0OlgFK3/ovaUp\nZzFATk8uyuJOJLcVnvBmxETRRfxFHxXBP+YTa20HLD8o/cj0cKHntAtH/LShi6rS\nTgSBolvqSr4k8RdW4IDkQc8CgYEAkdhhxByuBjBoYukAYJ7Wkm+A+ompyOr0oYp8\nOuYW2lsyOlYAVGZsLKeVrtXujVF7lOfqd4v7czoQHENNBQSURnBHVuLEYtnqrLc8\ntimUaZqQB4W4drIgDACLiUujgCFl754zaTA/SnzJjHkp8kK0JXDtlls+dv+8tgMn\npDH44ykCgYBprqyzk/FS3hXQGylFv1Y3au3ZLmuFo3FSppUviK8x1B7uu4pbnQAG\n96iAPrZNGZrJY3YcHKy7ug+BuEXGFOXPp/fg1/5VDtSn9VXEOFgpWA0WIYqzjSf4\n0ajb+WdE5IRac0f5PDAW0SRHKpRYcbgprLrgGeHPuO2ZsPlp61pOTw==\n-----END RSA PRIVATE KEY-----\n",
            "private_key_pem_pkcs8": "-----BEGIN PRIVATE KEY-----\nMIIEvgIBADANBgkqhkiG9w0BAQEFAASCBKgwggSkAgEAAoIBAQDZDkXv6j/VbvUB\ni8nG0S9X0lqOhzg4WJtjhSkTYby0F4tuVsxojUV/8q9rX19Wmh327T92xZFOgOMl\n9cGH196yH1J1Ry+RuvWKCRnuaoeKqLxMV5VhKjtbd6sMVl6BlxLvIjS4ietqRr8V\n0qMg467oJsq2aPmz1E45P7loTn78WbgHdxyQps66mmIJ17wPUyTByl9hTx9Av66B\n+F0WJxrgFd44cExYaCbPeJLRQFPC3KCAon55UX2qIMxmaFgxew+lN0YfdvzOF5Gi\n4465K5AEhyxfZZsoRvJQgp2J2YppgEfTB4kgrUKvpRcDgLhT7LrKCv7nDPakTaPz\nxV5RiECBAgMBAAECggEALmTWngk7y6sDw2jVoCFmNSdJI93TLngB/qufs/zYEMZX\njyYOWuqXSFnfFNw1zJT0gqsDPafM/zKdWqfEzfxeJUR8o4SrrkJ/6Rk46bTrc7/N\nP6QY0cPtHAfgD6sGWDyqV2LAUhFouDaW8VsscwM3h3eDLKoTdVSTw7jTMHBWxCkk\nWGAGy8sNMCpc/MoNPG90j0m76I9ikC0KqIlWWXvh5gzRg3NJ34iJXt85ATpSmGi5\n51LndGi1HWs4nyubEt7yOYJ6PHdmIIqEsYR78Bo9E30ifctV9nqskHi7fFmWWufN\nKT3zZ5fXYnCiFIPKKnSTaGKMMFfUvEjhs9G/t9Hy4QKBgQDxWbEw1f5EH/b/rU+0\n1vLCyZN/x9Un9WjRbo06wf0SByfXQDMabFozam6ehLADc4xghsxyOwwsHN/pL/cB\n6XLfp9Fm0Rar+RjKfxsE/EyAUmmIJrkxTwWovkgG7tiFdWKCaof+Van0zZtHMEq2\nTKv7hpUqBa5Rp4DC6C8pacQR3wKBgQDmOxIbd6n8SmGlMPsNY2ufQFK9WKYP3UGc\nyolrFfzL2IO/CIajLVziJ1SqdXCEmatwE1VpiGRuiLcOAZYjk7pQlaeYRW2Sn8QO\nHsp8NA82oIf3pjf3xx1EGq9U3ioNf1Wef9VskvVJmfXYgMq4OnJZRRsaRgePtoVG\n3L0tkQm5nwKBgQCtB5miInklTClfylfvlX77qVqm7JRkDmw0Yea8rmEJ8Lled7dr\nhSzx2acu3H/4KXoFpf6jErQ6WAUrf+i9pSlnMUBOTy7K4k4ktxWe8GbERNFF/EUf\nFcE/5hNrbQcsPyj9yPRwoee0C0f8tKGLqtJOBIGiW+pKviTxF1bggORBzwKBgQCR\n2GHEHK4GMGhi6QBgntaSb4D6ianI6vShinw65hbaWzI6VgBUZmwsp5Wu1e6NUXuU\n5+p3i/tzOhAcQ00FBJRGcEdW4sRi2eqstzy2KZRpmpAHhbh2siAMAIuJS6OAIWXv\nnjNpMD9KfMmMeSnyQrQlcO2WWz52/7y2AyekMfjjKQKBgGmurLOT8VLeFdAbKUW/\nVjdq7dkua4WjcVKmlS+IrzHUHu67iludAAb3qIA+tk0ZmsljdhwcrLu6D4G4RcYU\n5c+n9+DX/lUO1Kf1VcQ4WClYDRYhirONJ/jRqNv5Z0TkhFpzR/k8MBbRJEcqlFhx\nuCmsuuAZ4c+47Zmw+WnrWk5P\n-----END PRIVATE KEY-----\n",
            "public_key_fingerprint_md5": "d5:d3:ef:91:e7:68:75:52:30:a5:84:03:34:88:9c:ca",
            "public_key_fingerprint_sha256": "SHA256:960/I30QpjKRVvwiEQ7i2M9Sdh1FP9VMZVMgMCTF29Y",
            "public_key_openssh": "ssh-rsa AAAAB3NzaC1yc2EAAAADAQABAAABAQDZDkXv6j/VbvUBi8nG0S9X0lqOhzg4WJtjhSkTYby0F4tuVsxojUV/8q9rX19Wmh327T92xZFOgOMl9cGH196yH1J1Ry+RuvWKCRnuaoeKqLxMV5VhKjtbd6sMVl6BlxLvIjS4ietqRr8V0qMg467oJsq2aPmz1E45P7loTn78WbgHdxyQps66mmIJ17wPUyTByl9hTx9Av66B+F0WJxrgFd44cExYaCbPeJLRQFPC3KCAon55UX2qIMxmaFgxew+lN0YfdvzOF5Gi4465K5AEhyxfZZsoRvJQgp2J2YppgEfTB4kgrUKvpRcDgLhT7LrKCv7nDPakTaPzxV5RiECB\n",
            "public_key_pem": "-----BEGIN PUBLIC KEY-----\nMIIBIjANBgkqhkiG9w0BAQEFAAOCAQ8AMIIBCgKCAQEA2Q5F7+o/1W71AYvJxtEv\nV9Jajoc4OFibY4UpE2G8tBeLblbMaI1Ff/Kva19fVpod9u0/dsWRToDjJfXBh9fe\nsh9SdUcvkbr1igkZ7mqHiqi8TFeVYSo7W3erDFZegZcS7yI0uInraka/FdKjIOOu\n6CbKtmj5s9ROOT+5aE5+/Fm4B3cckKbOuppiCde8D1MkwcpfYU8fQL+ugfhdFica\n4BXeOHBMWGgmz3iS0UBTwtyggKJ+eVF9qiDMZmhYMXsPpTdGH3b8zheRouOOuSuQ\nBIcsX2WbKEbyUIKdidmKaYBH0weJIK1Cr6UXA4C4U+y6ygr+5wz2pE2j88VeUYhA\ngQIDAQAB\n-----END PUBLIC KEY-----\n",
            "rsa_bits": 2048
          },
          "sensitive_attributes": [
            [
              {
                "type": "get_attr",
                "value": "private_key_openssh"
              }
            ],
            [
              {
                "type": "get_attr",
                "value": "private_key_pem"
              }
            ],
            [
              {
                "type": "get_attr",
                "value": "private_key_pem_pkcs8"
              }
            ]
          ],
          "identity_schema_version": 0
        }
      ]
    }
  ],
  "check_results": null
}
